<?xml version="1.0" encoding="utf-8"?>
<Project ToolsVersion="4.0" xmlns="http://schemas.microsoft.com/developer/msbuild/2003">
  <ItemGroup>
    <Filter Include="소스 파일">
      <UniqueIdentifier>{4FC737F1-C7A5-4376-A066-2A32D752A2FF}</UniqueIdentifier>
      <Extensions>cpp;c;cc;cxx;c++;cppm;ixx;def;odl;idl;hpj;bat;asm;asmx</Extensions>
    </Filter>
    <Filter Include="헤더 파일">
      <UniqueIdentifier>{93995380-89BD-4b04-88EB-625FBE52EBFB}</UniqueIdentifier>
      <Extensions>h;hh;hpp;hxx;h++;hm;inl;inc;ipp;xsd</Extensions>
    </Filter>
    <Filter Include="리소스 파일">
      <UniqueIdentifier>{67DA6AB6-F800-4c08-8B7A-83BB121AAD01}</UniqueIdentifier>
      <Extensions>rc;ico;cur;bmp;dlg;rc2;rct;bin;rgs;gif;jpg;jpeg;jpe;resx;tiff;tif;png;wav;mfcribbon-ms</Extensions>
    </Filter>
    <Filter Include="Manager">
      <UniqueIdentifier>{2b8836b4-7766-4d63-9e92-d143095b4397}</UniqueIdentifier>
    </Filter>
    <Filter Include="Math">
      <UniqueIdentifier>{34509274-334e-4f55-8038-4cf05db4bce0}</UniqueIdentifier>
    </Filter>
  </ItemGroup>
  <ItemGroup>
    <ClCompile Include="TCore.cpp">
      <Filter>소스 파일</Filter>
    </ClCompile>
    <ClCompile Include="TWindow.cpp">
      <Filter>소스 파일</Filter>
    </ClCompile>
    <ClCompile Include="TDevice.cpp">
      <Filter>소스 파일</Filter>
    </ClCompile>
    <ClCompile Include="TCollision.cpp">
      <Filter>소스 파일</Filter>
    </ClCompile>
    <ClCompile Include="TInput.cpp">
      <Filter>소스 파일</Filter>
    </ClCompile>
    <ClCompile Include="TTimer.cpp">
      <Filter>소스 파일</Filter>
    </ClCompile>
    <ClCompile Include="TDxObject.cpp">
      <Filter>소스 파일</Filter>
    </ClCompile>
    <ClCompile Include="TObject2D.cpp">
      <Filter>소스 파일</Filter>
    </ClCompile>
    <ClCompile Include="TObject3D.cpp">
      <Filter>소스 파일</Filter>
    </ClCompile>
    <ClCompile Include="TWriteFont.cpp">
      <Filter>소스 파일</Filter>
    </ClCompile>
    <ClCompile Include="TWorld.cpp">
      <Filter>소스 파일</Filter>
    </ClCompile>
    <ClCompile Include="TBaseMgr.cpp">
      <Filter>Manager</Filter>
    </ClCompile>
    <ClCompile Include="TObjectMgr.cpp">
      <Filter>Manager</Filter>
    </ClCompile>
    <ClCompile Include="TShaderMgr.cpp">
      <Filter>Manager</Filter>
    </ClCompile>
    <ClCompile Include="TSoundMgr.cpp">
      <Filter>Manager</Filter>
    </ClCompile>
    <ClCompile Include="TTexturerMgr.cpp">
      <Filter>Manager</Filter>
    </ClCompile>
    <ClCompile Include="TVector2.cpp">
      <Filter>Math</Filter>
    </ClCompile>
    <ClCompile Include="TVector3.cpp">
      <Filter>Math</Filter>
    </ClCompile>
    <ClCompile Include="TDxState.cpp">
      <Filter>소스 파일</Filter>
    </ClCompile>
    <ClCompile Include="TMatrix.cpp">
      <Filter>Math</Filter>
    </ClCompile>
    <ClCompile Include="TMath.cpp">
      <Filter>Math</Filter>
    </ClCompile>
  </ItemGroup>
  <ItemGroup>
    <ClInclude Include="TCore.h">
      <Filter>헤더 파일</Filter>
    </ClInclude>
    <ClInclude Include="TStd.h">
      <Filter>헤더 파일</Filter>
    </ClInclude>
    <ClInclude Include="TWindow.h">
      <Filter>헤더 파일</Filter>
    </ClInclude>
    <ClInclude Include="TDevice.h">
      <Filter>헤더 파일</Filter>
    </ClInclude>
    <ClInclude Include="TCollision.h">
      <Filter>헤더 파일</Filter>
    </ClInclude>
    <ClInclude Include="TInput.h">
      <Filter>헤더 파일</Filter>
    </ClInclude>
    <ClInclude Include="TTimer.h">
      <Filter>헤더 파일</Filter>
    </ClInclude>
    <ClInclude Include="TDxObject.h">
      <Filter>헤더 파일</Filter>
    </ClInclude>
    <ClInclude Include="TObject2D.h">
      <Filter>헤더 파일</Filter>
    </ClInclude>
    <ClInclude Include="TObject3D.h">
      <Filter>헤더 파일</Filter>
    </ClInclude>
    <ClInclude Include="TWriteFont.h">
      <Filter>헤더 파일</Filter>
    </ClInclude>
    <ClInclude Include="TWorld.h">
      <Filter>헤더 파일</Filter>
    </ClInclude>
    <ClInclude Include="TBaseMgr.h">
      <Filter>Manager</Filter>
    </ClInclude>
    <ClInclude Include="TObjectMgr.h">
      <Filter>Manager</Filter>
    </ClInclude>
    <ClInclude Include="TShaderMgr.h">
      <Filter>Manager</Filter>
    </ClInclude>
    <ClInclude Include="TSoundMgr.h">
      <Filter>Manager</Filter>
    </ClInclude>
    <ClInclude Include="TTextureMgr.h">
      <Filter>Manager</Filter>
    </ClInclude>
    <ClInclude Include="TVector2.h">
      <Filter>Math</Filter>
    </ClInclude>
    <ClInclude Include="TVector3.h">
      <Filter>Math</Filter>
    </ClInclude>
    <ClInclude Include="TDxState.h">
      <Filter>헤더 파일</Filter>
    </ClInclude>
    <ClInclude Include="TMatrix.h">
      <Filter>Math</Filter>
    </ClInclude>
    <ClInclude Include="TMath.h">
      <Filter>Math</Filter>
    </ClInclude>
  </ItemGroup>
  <ItemGroup>
    <None Include="ClassDiagram.cd" />
  </ItemGroup>
</Project>