<?xml version="1.0" encoding="utf-8"?>
<Project ToolsVersion="4.0" xmlns="http://schemas.microsoft.com/developer/msbuild/2003">
  <ItemGroup>
    <Filter Include="소스 파일">
      <UniqueIdentifier>{4FC737F1-C7A5-4376-A066-2A32D752A2FF}</UniqueIdentifier>
      <Extensions>cpp;c;cc;cxx;c++;cppm;ixx;def;odl;idl;hpj;bat;asm;asmx</Extensions>
    </Filter>
    <Filter Include="헤더 파일">
      <UniqueIdentifier>{93995380-89BD-4b04-88EB-625FBE52EBFB}</UniqueIdentifier>
      <Extensions>h;hh;hpp;hxx;h++;hm;inl;inc;ipp;xsd</Extensions>
    </Filter>
    <Filter Include="리소스 파일">
      <UniqueIdentifier>{67DA6AB6-F800-4c08-8B7A-83BB121AAD01}</UniqueIdentifier>
      <Extensions>rc;ico;cur;bmp;dlg;rc2;rct;bin;rgs;gif;jpg;jpeg;jpe;resx;tiff;tif;png;wav;mfcribbon-ms</Extensions>
    </Filter>
    <Filter Include="2D">
      <UniqueIdentifier>{d22b9e9c-1efc-476f-b764-e6047969cfb0}</UniqueIdentifier>
    </Filter>
    <Filter Include="space">
      <UniqueIdentifier>{d8ff58bb-f78e-43d2-86c7-4ca2990a40ad}</UniqueIdentifier>
    </Filter>
    <Filter Include="Collision">
      <UniqueIdentifier>{b44c0060-1ff6-403a-921e-f795e4099ade}</UniqueIdentifier>
    </Filter>
    <Filter Include="math">
      <UniqueIdentifier>{78622255-b5c5-4517-8a86-e9d40470b73a}</UniqueIdentifier>
    </Filter>
  </ItemGroup>
  <ItemGroup>
    <ClCompile Include="Sample.cpp">
      <Filter>소스 파일</Filter>
    </ClCompile>
    <ClCompile Include="TGameCore.cpp">
      <Filter>소스 파일</Filter>
    </ClCompile>
    <ClCompile Include="TGamePlayer2d.cpp">
      <Filter>2D</Filter>
    </ClCompile>
    <ClCompile Include="TMapObject2D.cpp">
      <Filter>2D</Filter>
    </ClCompile>
    <ClCompile Include="TNonCharacter2d.cpp">
      <Filter>2D</Filter>
    </ClCompile>
    <ClCompile Include="TObject2d.cpp">
      <Filter>2D</Filter>
    </ClCompile>
    <ClCompile Include="TSpacePartition.cpp">
      <Filter>space</Filter>
    </ClCompile>
    <ClCompile Include="TQuadtree.cpp">
      <Filter>space</Filter>
    </ClCompile>
    <ClCompile Include="TOctree.cpp">
      <Filter>space</Filter>
    </ClCompile>
    <ClCompile Include="TNode.cpp">
      <Filter>space</Filter>
    </ClCompile>
    <ClCompile Include="TCollision.cpp">
      <Filter>Collision</Filter>
    </ClCompile>
    <ClCompile Include="TVector.cpp">
      <Filter>math</Filter>
    </ClCompile>
  </ItemGroup>
  <ItemGroup>
    <ClInclude Include="TGameCore.h">
      <Filter>헤더 파일</Filter>
    </ClInclude>
    <ClInclude Include="TObject2d.h">
      <Filter>2D</Filter>
    </ClInclude>
    <ClInclude Include="TMapObject2D.h">
      <Filter>2D</Filter>
    </ClInclude>
    <ClInclude Include="TGamePlayer2d.h">
      <Filter>2D</Filter>
    </ClInclude>
    <ClInclude Include="TNonCharacter2d.h">
      <Filter>2D</Filter>
    </ClInclude>
    <ClInclude Include="TQuadtree.h">
      <Filter>space</Filter>
    </ClInclude>
    <ClInclude Include="TSpacePartition.h">
      <Filter>space</Filter>
    </ClInclude>
    <ClInclude Include="TOctree.h">
      <Filter>space</Filter>
    </ClInclude>
    <ClInclude Include="TNode.h">
      <Filter>space</Filter>
    </ClInclude>
    <ClInclude Include="TCollision.h">
      <Filter>Collision</Filter>
    </ClInclude>
    <ClInclude Include="TVector.h">
      <Filter>math</Filter>
    </ClInclude>
  </ItemGroup>
</Project>