
Microsoft Visual Studio Solution File, Format Version 12.00
# Visual Studio Version 16
VisualStudioVersion = 16.0.31229.75
MinimumVisualStudioVersion = 10.0.40219.1
Project("{2150E333-8FDC-42A3-9474-1A3956D46DE8}") = "C", "C", "{90C1536C-F3A0-440B-8D05-1C2D1429C6DD}"
EndProject
Project("{8BC9CEB8-8B4A-11D0-8D11-00A0C91BC942}") = "Project1", "Project1\Project1.vcxproj", "{558A5DB2-5817-49FE-835C-D8F4892A779F}"
EndProject
Project("{8BC9CEB8-8B4A-11D0-8D11-00A0C91BC942}") = "LinkedList1", "LinkedList1\LinkedList1.vcxproj", "{D70C5AE7-58D2-422E-8D51-F9CE23EE88E3}"
EndProject
Project("{2150E333-8FDC-42A3-9474-1A3956D46DE8}") = "c++", "c++", "{44B8947E-74CF-479B-8583-DDB1524627C2}"
EndProject
Project("{8BC9CEB8-8B4A-11D0-8D11-00A0C91BC942}") = "TStudentSample", "TStudentSample\TStudentSample.vcxproj", "{8C85D75A-4E99-4A97-92AD-585A1B9C00EE}"
EndProject
Project("{8BC9CEB8-8B4A-11D0-8D11-00A0C91BC942}") = "ConstSample", "ConstSample\ConstSample.vcxproj", "{19D2DB63-0FF5-4849-8DD0-7C80257EEA1E}"
EndProject
Project("{8BC9CEB8-8B4A-11D0-8D11-00A0C91BC942}") = "OperatorSample", "OperatorSample\OperatorSample.vcxproj", "{161FEF58-2D61-45C8-899A-61D5F292D501}"
EndProject
Project("{8BC9CEB8-8B4A-11D0-8D11-00A0C91BC942}") = "TLinkedList", "TLinkedList\TLinkedList.vcxproj", "{A72C9BC3-437D-4A67-93A3-EF0CCA69F5BD}"
EndProject
Project("{8BC9CEB8-8B4A-11D0-8D11-00A0C91BC942}") = "TLinkedListTemplate", "TLinkedListTemplate\TLinkedListTemplate.vcxproj", "{C282A4B4-CECE-4839-9F6E-D848CB31C952}"
EndProject
Project("{2150E333-8FDC-42A3-9474-1A3956D46DE8}") = "DataStructure", "DataStructure", "{486E4B2F-2744-4590-9906-3E0440688FE9}"
EndProject
Project("{8BC9CEB8-8B4A-11D0-8D11-00A0C91BC942}") = "RecursiveCall", "RecursiveCall\RecursiveCall.vcxproj", "{6F297F86-E7A8-4073-8D4E-79A6ED0727D7}"
EndProject
Project("{8BC9CEB8-8B4A-11D0-8D11-00A0C91BC942}") = "BinarySearch", "BinarySearch\BinarySearch.vcxproj", "{AFF6E739-2F10-4355-98F0-C33A34B30B21}"
EndProject
Project("{8BC9CEB8-8B4A-11D0-8D11-00A0C91BC942}") = "Quadtree_0", "Quadtree_0\Quadtree_0.vcxproj", "{047485D7-4146-46DE-AF38-7D671ECD4482}"
EndProject
Project("{8BC9CEB8-8B4A-11D0-8D11-00A0C91BC942}") = "OctreeSample", "OctreeSample\OctreeSample.vcxproj", "{DC87D29B-9E14-4275-BC7A-CB869D86074B}"
EndProject
Project("{8BC9CEB8-8B4A-11D0-8D11-00A0C91BC942}") = "SampleWindow", "SampleWindow\SampleWindow.vcxproj", "{DB79B448-D548-4452-8B7C-7E8F025FABA0}"
EndProject
Project("{8BC9CEB8-8B4A-11D0-8D11-00A0C91BC942}") = "Window_0", "Window_0\Window_0.vcxproj", "{C95924E9-BC3E-4DAF-AB93-C69128FFE9AA}"
EndProject
Global
	GlobalSection(SolutionConfigurationPlatforms) = preSolution
		Debug|x64 = Debug|x64
		Debug|x86 = Debug|x86
		Release|x64 = Release|x64
		Release|x86 = Release|x86
	EndGlobalSection
	GlobalSection(ProjectConfigurationPlatforms) = postSolution
		{558A5DB2-5817-49FE-835C-D8F4892A779F}.Debug|x64.ActiveCfg = Debug|x64
		{558A5DB2-5817-49FE-835C-D8F4892A779F}.Debug|x64.Build.0 = Debug|x64
		{558A5DB2-5817-49FE-835C-D8F4892A779F}.Debug|x86.ActiveCfg = Debug|Win32
		{558A5DB2-5817-49FE-835C-D8F4892A779F}.Debug|x86.Build.0 = Debug|Win32
		{558A5DB2-5817-49FE-835C-D8F4892A779F}.Release|x64.ActiveCfg = Release|x64
		{558A5DB2-5817-49FE-835C-D8F4892A779F}.Release|x64.Build.0 = Release|x64
		{558A5DB2-5817-49FE-835C-D8F4892A779F}.Release|x86.ActiveCfg = Release|Win32
		{558A5DB2-5817-49FE-835C-D8F4892A779F}.Release|x86.Build.0 = Release|Win32
		{D70C5AE7-58D2-422E-8D51-F9CE23EE88E3}.Debug|x64.ActiveCfg = Debug|x64
		{D70C5AE7-58D2-422E-8D51-F9CE23EE88E3}.Debug|x64.Build.0 = Debug|x64
		{D70C5AE7-58D2-422E-8D51-F9CE23EE88E3}.Debug|x86.ActiveCfg = Debug|Win32
		{D70C5AE7-58D2-422E-8D51-F9CE23EE88E3}.Debug|x86.Build.0 = Debug|Win32
		{D70C5AE7-58D2-422E-8D51-F9CE23EE88E3}.Release|x64.ActiveCfg = Release|x64
		{D70C5AE7-58D2-422E-8D51-F9CE23EE88E3}.Release|x64.Build.0 = Release|x64
		{D70C5AE7-58D2-422E-8D51-F9CE23EE88E3}.Release|x86.ActiveCfg = Release|Win32
		{D70C5AE7-58D2-422E-8D51-F9CE23EE88E3}.Release|x86.Build.0 = Release|Win32
		{8C85D75A-4E99-4A97-92AD-585A1B9C00EE}.Debug|x64.ActiveCfg = Debug|x64
		{8C85D75A-4E99-4A97-92AD-585A1B9C00EE}.Debug|x64.Build.0 = Debug|x64
		{8C85D75A-4E99-4A97-92AD-585A1B9C00EE}.Debug|x86.ActiveCfg = Debug|Win32
		{8C85D75A-4E99-4A97-92AD-585A1B9C00EE}.Debug|x86.Build.0 = Debug|Win32
		{8C85D75A-4E99-4A97-92AD-585A1B9C00EE}.Release|x64.ActiveCfg = Release|x64
		{8C85D75A-4E99-4A97-92AD-585A1B9C00EE}.Release|x64.Build.0 = Release|x64
		{8C85D75A-4E99-4A97-92AD-585A1B9C00EE}.Release|x86.ActiveCfg = Release|Win32
		{8C85D75A-4E99-4A97-92AD-585A1B9C00EE}.Release|x86.Build.0 = Release|Win32
		{19D2DB63-0FF5-4849-8DD0-7C80257EEA1E}.Debug|x64.ActiveCfg = Debug|x64
		{19D2DB63-0FF5-4849-8DD0-7C80257EEA1E}.Debug|x64.Build.0 = Debug|x64
		{19D2DB63-0FF5-4849-8DD0-7C80257EEA1E}.Debug|x86.ActiveCfg = Debug|Win32
		{19D2DB63-0FF5-4849-8DD0-7C80257EEA1E}.Debug|x86.Build.0 = Debug|Win32
		{19D2DB63-0FF5-4849-8DD0-7C80257EEA1E}.Release|x64.ActiveCfg = Release|x64
		{19D2DB63-0FF5-4849-8DD0-7C80257EEA1E}.Release|x64.Build.0 = Release|x64
		{19D2DB63-0FF5-4849-8DD0-7C80257EEA1E}.Release|x86.ActiveCfg = Release|Win32
		{19D2DB63-0FF5-4849-8DD0-7C80257EEA1E}.Release|x86.Build.0 = Release|Win32
		{161FEF58-2D61-45C8-899A-61D5F292D501}.Debug|x64.ActiveCfg = Debug|x64
		{161FEF58-2D61-45C8-899A-61D5F292D501}.Debug|x64.Build.0 = Debug|x64
		{161FEF58-2D61-45C8-899A-61D5F292D501}.Debug|x86.ActiveCfg = Debug|Win32
		{161FEF58-2D61-45C8-899A-61D5F292D501}.Debug|x86.Build.0 = Debug|Win32
		{161FEF58-2D61-45C8-899A-61D5F292D501}.Release|x64.ActiveCfg = Release|x64
		{161FEF58-2D61-45C8-899A-61D5F292D501}.Release|x64.Build.0 = Release|x64
		{161FEF58-2D61-45C8-899A-61D5F292D501}.Release|x86.ActiveCfg = Release|Win32
		{161FEF58-2D61-45C8-899A-61D5F292D501}.Release|x86.Build.0 = Release|Win32
		{A72C9BC3-437D-4A67-93A3-EF0CCA69F5BD}.Debug|x64.ActiveCfg = Debug|x64
		{A72C9BC3-437D-4A67-93A3-EF0CCA69F5BD}.Debug|x64.Build.0 = Debug|x64
		{A72C9BC3-437D-4A67-93A3-EF0CCA69F5BD}.Debug|x86.ActiveCfg = Debug|Win32
		{A72C9BC3-437D-4A67-93A3-EF0CCA69F5BD}.Debug|x86.Build.0 = Debug|Win32
		{A72C9BC3-437D-4A67-93A3-EF0CCA69F5BD}.Release|x64.ActiveCfg = Release|x64
		{A72C9BC3-437D-4A67-93A3-EF0CCA69F5BD}.Release|x64.Build.0 = Release|x64
		{A72C9BC3-437D-4A67-93A3-EF0CCA69F5BD}.Release|x86.ActiveCfg = Release|Win32
		{A72C9BC3-437D-4A67-93A3-EF0CCA69F5BD}.Release|x86.Build.0 = Release|Win32
		{C282A4B4-CECE-4839-9F6E-D848CB31C952}.Debug|x64.ActiveCfg = Debug|x64
		{C282A4B4-CECE-4839-9F6E-D848CB31C952}.Debug|x64.Build.0 = Debug|x64
		{C282A4B4-CECE-4839-9F6E-D848CB31C952}.Debug|x86.ActiveCfg = Debug|Win32
		{C282A4B4-CECE-4839-9F6E-D848CB31C952}.Debug|x86.Build.0 = Debug|Win32
		{C282A4B4-CECE-4839-9F6E-D848CB31C952}.Release|x64.ActiveCfg = Release|x64
		{C282A4B4-CECE-4839-9F6E-D848CB31C952}.Release|x64.Build.0 = Release|x64
		{C282A4B4-CECE-4839-9F6E-D848CB31C952}.Release|x86.ActiveCfg = Release|Win32
		{C282A4B4-CECE-4839-9F6E-D848CB31C952}.Release|x86.Build.0 = Release|Win32
		{6F297F86-E7A8-4073-8D4E-79A6ED0727D7}.Debug|x64.ActiveCfg = Debug|x64
		{6F297F86-E7A8-4073-8D4E-79A6ED0727D7}.Debug|x64.Build.0 = Debug|x64
		{6F297F86-E7A8-4073-8D4E-79A6ED0727D7}.Debug|x86.ActiveCfg = Debug|Win32
		{6F297F86-E7A8-4073-8D4E-79A6ED0727D7}.Debug|x86.Build.0 = Debug|Win32
		{6F297F86-E7A8-4073-8D4E-79A6ED0727D7}.Release|x64.ActiveCfg = Release|x64
		{6F297F86-E7A8-4073-8D4E-79A6ED0727D7}.Release|x64.Build.0 = Release|x64
		{6F297F86-E7A8-4073-8D4E-79A6ED0727D7}.Release|x86.ActiveCfg = Release|Win32
		{6F297F86-E7A8-4073-8D4E-79A6ED0727D7}.Release|x86.Build.0 = Release|Win32
		{AFF6E739-2F10-4355-98F0-C33A34B30B21}.Debug|x64.ActiveCfg = Debug|x64
		{AFF6E739-2F10-4355-98F0-C33A34B30B21}.Debug|x64.Build.0 = Debug|x64
		{AFF6E739-2F10-4355-98F0-C33A34B30B21}.Debug|x86.ActiveCfg = Debug|Win32
		{AFF6E739-2F10-4355-98F0-C33A34B30B21}.Debug|x86.Build.0 = Debug|Win32
		{AFF6E739-2F10-4355-98F0-C33A34B30B21}.Release|x64.ActiveCfg = Release|x64
		{AFF6E739-2F10-4355-98F0-C33A34B30B21}.Release|x64.Build.0 = Release|x64
		{AFF6E739-2F10-4355-98F0-C33A34B30B21}.Release|x86.ActiveCfg = Release|Win32
		{AFF6E739-2F10-4355-98F0-C33A34B30B21}.Release|x86.Build.0 = Release|Win32
		{047485D7-4146-46DE-AF38-7D671ECD4482}.Debug|x64.ActiveCfg = Debug|x64
		{047485D7-4146-46DE-AF38-7D671ECD4482}.Debug|x64.Build.0 = Debug|x64
		{047485D7-4146-46DE-AF38-7D671ECD4482}.Debug|x86.ActiveCfg = Debug|Win32
		{047485D7-4146-46DE-AF38-7D671ECD4482}.Debug|x86.Build.0 = Debug|Win32
		{047485D7-4146-46DE-AF38-7D671ECD4482}.Release|x64.ActiveCfg = Release|x64
		{047485D7-4146-46DE-AF38-7D671ECD4482}.Release|x64.Build.0 = Release|x64
		{047485D7-4146-46DE-AF38-7D671ECD4482}.Release|x86.ActiveCfg = Release|Win32
		{047485D7-4146-46DE-AF38-7D671ECD4482}.Release|x86.Build.0 = Release|Win32
		{DC87D29B-9E14-4275-BC7A-CB869D86074B}.Debug|x64.ActiveCfg = Debug|x64
		{DC87D29B-9E14-4275-BC7A-CB869D86074B}.Debug|x64.Build.0 = Debug|x64
		{DC87D29B-9E14-4275-BC7A-CB869D86074B}.Debug|x86.ActiveCfg = Debug|Win32
		{DC87D29B-9E14-4275-BC7A-CB869D86074B}.Debug|x86.Build.0 = Debug|Win32
		{DC87D29B-9E14-4275-BC7A-CB869D86074B}.Release|x64.ActiveCfg = Release|x64
		{DC87D29B-9E14-4275-BC7A-CB869D86074B}.Release|x64.Build.0 = Release|x64
		{DC87D29B-9E14-4275-BC7A-CB869D86074B}.Release|x86.ActiveCfg = Release|Win32
		{DC87D29B-9E14-4275-BC7A-CB869D86074B}.Release|x86.Build.0 = Release|Win32
		{DB79B448-D548-4452-8B7C-7E8F025FABA0}.Debug|x64.ActiveCfg = Debug|x64
		{DB79B448-D548-4452-8B7C-7E8F025FABA0}.Debug|x64.Build.0 = Debug|x64
		{DB79B448-D548-4452-8B7C-7E8F025FABA0}.Debug|x86.ActiveCfg = Debug|Win32
		{DB79B448-D548-4452-8B7C-7E8F025FABA0}.Debug|x86.Build.0 = Debug|Win32
		{DB79B448-D548-4452-8B7C-7E8F025FABA0}.Release|x64.ActiveCfg = Release|x64
		{DB79B448-D548-4452-8B7C-7E8F025FABA0}.Release|x64.Build.0 = Release|x64
		{DB79B448-D548-4452-8B7C-7E8F025FABA0}.Release|x86.ActiveCfg = Release|Win32
		{DB79B448-D548-4452-8B7C-7E8F025FABA0}.Release|x86.Build.0 = Release|Win32
		{C95924E9-BC3E-4DAF-AB93-C69128FFE9AA}.Debug|x64.ActiveCfg = Debug|x64
		{C95924E9-BC3E-4DAF-AB93-C69128FFE9AA}.Debug|x64.Build.0 = Debug|x64
		{C95924E9-BC3E-4DAF-AB93-C69128FFE9AA}.Debug|x86.ActiveCfg = Debug|Win32
		{C95924E9-BC3E-4DAF-AB93-C69128FFE9AA}.Debug|x86.Build.0 = Debug|Win32
		{C95924E9-BC3E-4DAF-AB93-C69128FFE9AA}.Release|x64.ActiveCfg = Release|x64
		{C95924E9-BC3E-4DAF-AB93-C69128FFE9AA}.Release|x64.Build.0 = Release|x64
		{C95924E9-BC3E-4DAF-AB93-C69128FFE9AA}.Release|x86.ActiveCfg = Release|Win32
		{C95924E9-BC3E-4DAF-AB93-C69128FFE9AA}.Release|x86.Build.0 = Release|Win32
	EndGlobalSection
	GlobalSection(SolutionProperties) = preSolution
		HideSolutionNode = FALSE
	EndGlobalSection
	GlobalSection(NestedProjects) = preSolution
		{558A5DB2-5817-49FE-835C-D8F4892A779F} = {90C1536C-F3A0-440B-8D05-1C2D1429C6DD}
		{D70C5AE7-58D2-422E-8D51-F9CE23EE88E3} = {90C1536C-F3A0-440B-8D05-1C2D1429C6DD}
		{8C85D75A-4E99-4A97-92AD-585A1B9C00EE} = {44B8947E-74CF-479B-8583-DDB1524627C2}
		{19D2DB63-0FF5-4849-8DD0-7C80257EEA1E} = {44B8947E-74CF-479B-8583-DDB1524627C2}
		{161FEF58-2D61-45C8-899A-61D5F292D501} = {44B8947E-74CF-479B-8583-DDB1524627C2}
		{A72C9BC3-437D-4A67-93A3-EF0CCA69F5BD} = {44B8947E-74CF-479B-8583-DDB1524627C2}
		{C282A4B4-CECE-4839-9F6E-D848CB31C952} = {44B8947E-74CF-479B-8583-DDB1524627C2}
		{6F297F86-E7A8-4073-8D4E-79A6ED0727D7} = {486E4B2F-2744-4590-9906-3E0440688FE9}
		{AFF6E739-2F10-4355-98F0-C33A34B30B21} = {486E4B2F-2744-4590-9906-3E0440688FE9}
		{047485D7-4146-46DE-AF38-7D671ECD4482} = {486E4B2F-2744-4590-9906-3E0440688FE9}
		{DC87D29B-9E14-4275-BC7A-CB869D86074B} = {486E4B2F-2744-4590-9906-3E0440688FE9}
		{DB79B448-D548-4452-8B7C-7E8F025FABA0} = {486E4B2F-2744-4590-9906-3E0440688FE9}
		{C95924E9-BC3E-4DAF-AB93-C69128FFE9AA} = {486E4B2F-2744-4590-9906-3E0440688FE9}
	EndGlobalSection
	GlobalSection(ExtensibilityGlobals) = postSolution
		SolutionGuid = {0E548235-7F46-4E65-A970-38A7E957E481}
	EndGlobalSection
EndGlobal
