<?xml version="1.0" encoding="utf-8"?>
<Project ToolsVersion="4.0" xmlns="http://schemas.microsoft.com/developer/msbuild/2003">
  <ItemGroup>
    <Filter Include="소스 파일">
      <UniqueIdentifier>{4FC737F1-C7A5-4376-A066-2A32D752A2FF}</UniqueIdentifier>
      <Extensions>cpp;c;cc;cxx;c++;cppm;ixx;def;odl;idl;hpj;bat;asm;asmx</Extensions>
    </Filter>
    <Filter Include="헤더 파일">
      <UniqueIdentifier>{93995380-89BD-4b04-88EB-625FBE52EBFB}</UniqueIdentifier>
      <Extensions>h;hh;hpp;hxx;h++;hm;inl;inc;ipp;xsd</Extensions>
    </Filter>
    <Filter Include="리소스 파일">
      <UniqueIdentifier>{67DA6AB6-F800-4c08-8B7A-83BB121AAD01}</UniqueIdentifier>
      <Extensions>rc;ico;cur;bmp;dlg;rc2;rct;bin;rgs;gif;jpg;jpeg;jpe;resx;tiff;tif;png;wav;mfcribbon-ms</Extensions>
    </Filter>
    <Filter Include="Sample">
      <UniqueIdentifier>{82feef8d-da03-4726-a19d-c77c2465d4eb}</UniqueIdentifier>
    </Filter>
    <Filter Include="shader">
      <UniqueIdentifier>{e7f17b0f-b162-40f7-a688-a1eec3bc9d3e}</UniqueIdentifier>
    </Filter>
  </ItemGroup>
  <ItemGroup>
    <ClCompile Include="TCore.cpp">
      <Filter>소스 파일</Filter>
    </ClCompile>
    <ClCompile Include="TDevice.cpp">
      <Filter>소스 파일</Filter>
    </ClCompile>
    <ClCompile Include="TInput.cpp">
      <Filter>소스 파일</Filter>
    </ClCompile>
    <ClCompile Include="TSound.cpp">
      <Filter>소스 파일</Filter>
    </ClCompile>
    <ClCompile Include="TTimer.cpp">
      <Filter>소스 파일</Filter>
    </ClCompile>
    <ClCompile Include="TWindow.cpp">
      <Filter>소스 파일</Filter>
    </ClCompile>
    <ClCompile Include="TWrite.cpp">
      <Filter>소스 파일</Filter>
    </ClCompile>
    <ClCompile Include="TMath.cpp">
      <Filter>소스 파일</Filter>
    </ClCompile>
    <ClCompile Include="XMatrix.cpp">
      <Filter>Sample</Filter>
    </ClCompile>
    <ClCompile Include="XVector.cpp">
      <Filter>Sample</Filter>
    </ClCompile>
    <ClCompile Include="TTexture.cpp">
      <Filter>소스 파일</Filter>
    </ClCompile>
    <ClCompile Include="TCamera.cpp">
      <Filter>소스 파일</Filter>
    </ClCompile>
    <ClCompile Include="TMap.cpp">
      <Filter>소스 파일</Filter>
    </ClCompile>
    <ClCompile Include="TModel.cpp">
      <Filter>소스 파일</Filter>
    </ClCompile>
    <ClCompile Include="TNode.cpp">
      <Filter>소스 파일</Filter>
    </ClCompile>
    <ClCompile Include="TQuadtree.cpp">
      <Filter>소스 파일</Filter>
    </ClCompile>
    <ClCompile Include="TShape.cpp">
      <Filter>소스 파일</Filter>
    </ClCompile>
  </ItemGroup>
  <ItemGroup>
    <ClInclude Include="TCore.h">
      <Filter>헤더 파일</Filter>
    </ClInclude>
    <ClInclude Include="TDevice.h">
      <Filter>헤더 파일</Filter>
    </ClInclude>
    <ClInclude Include="TInput.h">
      <Filter>헤더 파일</Filter>
    </ClInclude>
    <ClInclude Include="TSound.h">
      <Filter>헤더 파일</Filter>
    </ClInclude>
    <ClInclude Include="TStd.h">
      <Filter>헤더 파일</Filter>
    </ClInclude>
    <ClInclude Include="TTimer.h">
      <Filter>헤더 파일</Filter>
    </ClInclude>
    <ClInclude Include="TWindow.h">
      <Filter>헤더 파일</Filter>
    </ClInclude>
    <ClInclude Include="TWrite.h">
      <Filter>헤더 파일</Filter>
    </ClInclude>
    <ClInclude Include="TMath.h">
      <Filter>헤더 파일</Filter>
    </ClInclude>
    <ClInclude Include="XVector.h">
      <Filter>Sample</Filter>
    </ClInclude>
    <ClInclude Include="XMatrix.h">
      <Filter>Sample</Filter>
    </ClInclude>
    <ClInclude Include="TTexture.h">
      <Filter>헤더 파일</Filter>
    </ClInclude>
    <ClInclude Include="TCamera.h">
      <Filter>헤더 파일</Filter>
    </ClInclude>
    <ClInclude Include="TMap.h">
      <Filter>헤더 파일</Filter>
    </ClInclude>
    <ClInclude Include="TModel.h">
      <Filter>헤더 파일</Filter>
    </ClInclude>
    <ClInclude Include="TNode.h">
      <Filter>헤더 파일</Filter>
    </ClInclude>
    <ClInclude Include="TQuadtree.h">
      <Filter>헤더 파일</Filter>
    </ClInclude>
    <ClInclude Include="TShape.h">
      <Filter>헤더 파일</Filter>
    </ClInclude>
  </ItemGroup>
  <ItemGroup>
    <Text Include="..\..\data\shader\box.txt">
      <Filter>shader</Filter>
    </Text>
    <Text Include="..\..\data\shader\PixelShader.txt">
      <Filter>shader</Filter>
    </Text>
    <Text Include="..\..\data\shader\PSMap.txt">
      <Filter>shader</Filter>
    </Text>
    <Text Include="..\..\data\shader\VertexShader.txt">
      <Filter>shader</Filter>
    </Text>
    <Text Include="..\..\data\shader\VSMap.txt">
      <Filter>shader</Filter>
    </Text>
  </ItemGroup>
  <ItemGroup>
    <FxCompile Include="..\..\data\shader\DefaultShader.hlsl">
      <Filter>shader</Filter>
    </FxCompile>
  </ItemGroup>
</Project>