<?xml version="1.0" encoding="utf-8"?>
<Project ToolsVersion="15.0" xmlns="http://schemas.microsoft.com/developer/msbuild/2003">
  <ItemGroup>
    <ClCompile Include="map\TBspParser.cpp" />
    <ClCompile Include="map\TBspRender.cpp" />
    <ClCompile Include="map\TBspTree.cpp" />
    <ClCompile Include="map\THeightMap.cpp" />
    <ClCompile Include="map\TMap.cpp" />
    <ClCompile Include="map\TMapLOD.cpp" />
    <ClCompile Include="map\TMapObject.cpp" />
    <ClCompile Include="map\TNode.cpp" />
    <ClCompile Include="map\TNoise.cpp" />
    <ClCompile Include="map\TNoiseMap.cpp" />
    <ClCompile Include="map\TPolygonGen.cpp" />
    <ClCompile Include="map\TQuadTree.cpp" />
    <ClCompile Include="map\TQuadTreeIndex.cpp" />
    <ClCompile Include="map\TSpaceDivision.cpp" />
    <ClCompile Include="TAnimation.cpp" />
    <ClCompile Include="TArcBall.cpp" />
    <ClCompile Include="TAseObj.cpp" />
    <ClCompile Include="TAseParser.cpp" />
    <ClCompile Include="TBaseObj.cpp" />
    <ClCompile Include="TBasisLib.cpp" />
    <ClCompile Include="TBoneObj.cpp" />
    <ClCompile Include="TBoxObj.cpp" />
    <ClCompile Include="TDevice.cpp" />
    <ClCompile Include="TDirectWrite.cpp" />
    <ClCompile Include="TDxHelper.cpp" />
    <ClCompile Include="TDxHelperEx.cpp" />
    <ClCompile Include="TDxRT.cpp" />
    <ClCompile Include="TDxShader.cpp" />
    <ClCompile Include="TDxSO.cpp" />
    <ClCompile Include="TDxState.cpp" />
    <ClCompile Include="TExpMesh.cpp" />
    <ClCompile Include="TInput.cpp" />
    <ClCompile Include="TLightObj.cpp" />
    <ClCompile Include="TLoadToken.cpp" />
    <ClCompile Include="TMiniMap.cpp" />
    <ClCompile Include="TActor.cpp" />
    <ClCompile Include="TNormalMap.cpp" />
    <ClCompile Include="TPawn.cpp" />
    <ClCompile Include="TObjMgr.cpp" />
    <ClCompile Include="TShape.cpp" />
    <ClCompile Include="TSkinObj.cpp" />
    <ClCompile Include="TSkyObj.cpp" />
    <ClCompile Include="TSprite.cpp" />
    <ClCompile Include="TSpriteMgr.cpp" />
    <ClCompile Include="TTbsObj.cpp" />
    <ClCompile Include="TTextureMgr.cpp" />
    <ClCompile Include="TTimer.cpp" />
    <ClCompile Include="TWindow.cpp" />
    <ClCompile Include="TEditer.cpp" />
    <ClCompile Include="WIC\DDSTextureLoader.cpp">
      <Filter>dxtk</Filter>
    </ClCompile>
    <ClCompile Include="WIC\ScreenGrab.cpp">
      <Filter>dxtk</Filter>
    </ClCompile>
    <ClCompile Include="WIC\WICTextureLoader.cpp">
      <Filter>dxtk</Filter>
    </ClCompile>
    <ClCompile Include="TRegistry.cpp">
      <Filter>util</Filter>
    </ClCompile>
    <ClCompile Include="TCollision.cpp">
      <Filter>math</Filter>
    </ClCompile>
    <ClCompile Include="TMatrix.cpp">
      <Filter>math</Filter>
    </ClCompile>
    <ClCompile Include="TMath.cpp">
      <Filter>math</Filter>
    </ClCompile>
    <ClCompile Include="TVector.cpp">
      <Filter>math</Filter>
    </ClCompile>
    <ClCompile Include="TParser.cpp">
      <Filter>util</Filter>
    </ClCompile>
    <ClCompile Include="TLog.cpp">
      <Filter>util</Filter>
    </ClCompile>
    <ClCompile Include="TSelect.cpp">
      <Filter>math</Filter>
    </ClCompile>
    <ClCompile Include="TCamera.cpp">
      <Filter>Camera</Filter>
    </ClCompile>
    <ClCompile Include="TFrustum.cpp">
      <Filter>Camera</Filter>
    </ClCompile>
    <ClCompile Include="TModelViewCamera.cpp">
      <Filter>Camera</Filter>
    </ClCompile>
    <ClCompile Include="TBackViewCamera.cpp">
      <Filter>Camera</Filter>
    </ClCompile>
  </ItemGroup>
  <ItemGroup>
    <ClInclude Include="map\TBspParser.h" />
    <ClInclude Include="map\TBspRender.h" />
    <ClInclude Include="map\TBspTree.h" />
    <ClInclude Include="map\THeightMap.h" />
    <ClInclude Include="map\TMap.h" />
    <ClInclude Include="map\TMapLOD.h" />
    <ClInclude Include="map\TMapObject.h" />
    <ClInclude Include="map\TNode.h" />
    <ClInclude Include="map\TNoise.h" />
    <ClInclude Include="map\TNoiseMap.h" />
    <ClInclude Include="map\TPolygonGen.h" />
    <ClInclude Include="map\TQuadTree.h" />
    <ClInclude Include="map\TQuadTreeIndex.h" />
    <ClInclude Include="map\TSpaceDivision.h" />
    <ClInclude Include="TAnimation.h" />
    <ClInclude Include="TArcBall.h" />
    <ClInclude Include="TAseObj.h" />
    <ClInclude Include="TAseParser.h" />
    <ClInclude Include="TBaseObj.h" />
    <ClInclude Include="TBasisLib.h" />
    <ClInclude Include="TBasisStd.h" />
    <ClInclude Include="TBoneObj.h" />
    <ClInclude Include="TBoxObj.h" />
    <ClInclude Include="TDefine.h" />
    <ClInclude Include="TDevice.h" />
    <ClInclude Include="TDirectWrite.h" />
    <ClInclude Include="TDxHelper.h" />
    <ClInclude Include="TDxHelperEx.h" />
    <ClInclude Include="TDxRT.h" />
    <ClInclude Include="TDxShader.h" />
    <ClInclude Include="TDxSO.h" />
    <ClInclude Include="TDxState.h" />
    <ClInclude Include="TExpMesh.h" />
    <ClInclude Include="TInput.h" />
    <ClInclude Include="TLightObj.h" />
    <ClInclude Include="TLoadMgr.h" />
    <ClInclude Include="TLoadToken.h" />
    <ClInclude Include="TMesh.h" />
    <ClInclude Include="TMiniMap.h" />
    <ClInclude Include="TActor.h" />
    <ClInclude Include="TNormalMap.h" />
    <ClInclude Include="TPawn.h" />
    <ClInclude Include="TObjMgr.h" />
    <ClInclude Include="TObjStd.h" />
    <ClInclude Include="TShape.h" />
    <ClInclude Include="TSkinObj.h" />
    <ClInclude Include="TSkyObj.h" />
    <ClInclude Include="TSprite.h" />
    <ClInclude Include="TSpriteMgr.h" />
    <ClInclude Include="TTbsObj.h" />
    <ClInclude Include="TTemplate.h" />
    <ClInclude Include="TTextureMgr.h" />
    <ClInclude Include="TTimer.h" />
    <ClInclude Include="TUtils.h" />
    <ClInclude Include="TWindow.h" />
    <ClInclude Include="TEditer.h" />
    <ClInclude Include="WIC\DDS.h">
      <Filter>dxtk</Filter>
    </ClInclude>
    <ClInclude Include="WIC\DDSTextureLoader.h">
      <Filter>dxtk</Filter>
    </ClInclude>
    <ClInclude Include="WIC\DirectXHelpers.h">
      <Filter>dxtk</Filter>
    </ClInclude>
    <ClInclude Include="WIC\LoaderHelpers.h">
      <Filter>dxtk</Filter>
    </ClInclude>
    <ClInclude Include="WIC\PlatformHelpers.h">
      <Filter>dxtk</Filter>
    </ClInclude>
    <ClInclude Include="WIC\ScreenGrab.h">
      <Filter>dxtk</Filter>
    </ClInclude>
    <ClInclude Include="WIC\WICTextureLoader.h">
      <Filter>dxtk</Filter>
    </ClInclude>
    <ClInclude Include="TRegistry.h">
      <Filter>util</Filter>
    </ClInclude>
    <ClInclude Include="TCollision.h">
      <Filter>math</Filter>
    </ClInclude>
    <ClInclude Include="TMatrix.h">
      <Filter>math</Filter>
    </ClInclude>
    <ClInclude Include="TMath.h">
      <Filter>math</Filter>
    </ClInclude>
    <ClInclude Include="TVector.h">
      <Filter>math</Filter>
    </ClInclude>
    <ClInclude Include="TParser.h">
      <Filter>util</Filter>
    </ClInclude>
    <ClInclude Include="TLog.h">
      <Filter>util</Filter>
    </ClInclude>
    <ClInclude Include="TSelect.h">
      <Filter>math</Filter>
    </ClInclude>
    <ClInclude Include="TCamera.h">
      <Filter>Camera</Filter>
    </ClInclude>
    <ClInclude Include="TFrustum.h">
      <Filter>Camera</Filter>
    </ClInclude>
    <ClInclude Include="TModelViewCamera.h">
      <Filter>Camera</Filter>
    </ClInclude>
    <ClInclude Include="TBackViewCamera.h">
      <Filter>Camera</Filter>
    </ClInclude>
  </ItemGroup>
  <ItemGroup>
    <Filter Include="hlsl">
      <UniqueIdentifier>{ec1635d1-0b0c-4bb6-878e-15d1fe2a1787}</UniqueIdentifier>
    </Filter>
    <Filter Include="dxtk">
      <UniqueIdentifier>{9d53684e-4f46-407e-9fa3-cacdef0b58c1}</UniqueIdentifier>
    </Filter>
    <Filter Include="util">
      <UniqueIdentifier>{fa503e19-7cdd-48ad-8e6e-96ed8a8caa3e}</UniqueIdentifier>
    </Filter>
    <Filter Include="math">
      <UniqueIdentifier>{cfdd211a-14b2-406c-afae-89577f661f3c}</UniqueIdentifier>
    </Filter>
    <Filter Include="Camera">
      <UniqueIdentifier>{f7a46df9-bd8d-4069-937e-3e9677fc9f22}</UniqueIdentifier>
    </Filter>
  </ItemGroup>
  <ItemGroup>
    <FxCompile Include="..\..\data\shader\BoxObj.fx">
      <Filter>hlsl</Filter>
    </FxCompile>
    <FxCompile Include="..\..\data\shader\Bsp_0.fx">
      <Filter>hlsl</Filter>
    </FxCompile>
    <FxCompile Include="..\..\data\shader\CharacterAnimation_1.fx">
      <Filter>hlsl</Filter>
    </FxCompile>
    <FxCompile Include="..\..\data\shader\Lighting.fx">
      <Filter>hlsl</Filter>
    </FxCompile>
    <FxCompile Include="..\..\data\shader\MatrixViewer.fx">
      <Filter>hlsl</Filter>
    </FxCompile>
    <FxCompile Include="..\..\data\shader\QuadTree_2.fx">
      <Filter>hlsl</Filter>
    </FxCompile>
    <FxCompile Include="..\..\data\shader\RenderBox.fx">
      <Filter>hlsl</Filter>
    </FxCompile>
    <FxCompile Include="..\..\data\shader\Shape.fx">
      <Filter>hlsl</Filter>
    </FxCompile>
    <FxCompile Include="..\..\data\shader\Shape3.fx">
      <Filter>hlsl</Filter>
    </FxCompile>
    <FxCompile Include="..\..\data\shader\SkyObject.fx">
      <Filter>hlsl</Filter>
    </FxCompile>
    <FxCompile Include="..\..\data\shader\Box.hlsl">
      <Filter>hlsl</Filter>
    </FxCompile>
    <FxCompile Include="..\..\data\shader\BoxSO.hlsl">
      <Filter>hlsl</Filter>
    </FxCompile>
    <FxCompile Include="..\..\data\shader\CustomizeMap.hlsl">
      <Filter>hlsl</Filter>
    </FxCompile>
    <FxCompile Include="..\..\data\shader\DiffuseLight.hlsl">
      <Filter>hlsl</Filter>
    </FxCompile>
    <FxCompile Include="..\..\data\shader\DualSourceColor.hlsl">
      <Filter>hlsl</Filter>
    </FxCompile>
    <FxCompile Include="..\..\data\shader\HeightMap.hlsl">
      <Filter>hlsl</Filter>
    </FxCompile>
    <FxCompile Include="..\..\data\shader\Line.hlsl">
      <Filter>hlsl</Filter>
    </FxCompile>
    <FxCompile Include="..\..\data\shader\PixelShader.psh">
      <Filter>hlsl</Filter>
    </FxCompile>
    <FxCompile Include="..\..\data\shader\Plane.hlsl">
      <Filter>hlsl</Filter>
    </FxCompile>
    <FxCompile Include="..\..\data\shader\SkyObj.hlsl">
      <Filter>hlsl</Filter>
    </FxCompile>
    <FxCompile Include="..\..\data\shader\SubMtrl.hlsl">
      <Filter>hlsl</Filter>
    </FxCompile>
    <FxCompile Include="..\..\data\shader\uiShader.psh">
      <Filter>hlsl</Filter>
    </FxCompile>
    <FxCompile Include="..\..\data\shader\VertexShader.vsh">
      <Filter>hlsl</Filter>
    </FxCompile>
  </ItemGroup>
  <ItemGroup>
    <Text Include="..\..\data\shader\objectPS.txt">
      <Filter>hlsl</Filter>
    </Text>
    <Text Include="..\..\data\shader\objectVS.txt">
      <Filter>hlsl</Filter>
    </Text>
    <Text Include="..\..\data\shader\PS.txt">
      <Filter>hlsl</Filter>
    </Text>
    <Text Include="..\..\data\shader\skyPS.txt">
      <Filter>hlsl</Filter>
    </Text>
    <Text Include="..\..\data\shader\skyVS.txt">
      <Filter>hlsl</Filter>
    </Text>
    <Text Include="..\..\data\shader\VS.txt">
      <Filter>hlsl</Filter>
    </Text>
  </ItemGroup>
</Project>