
Microsoft Visual Studio Solution File, Format Version 12.00
# Visual Studio Version 16
VisualStudioVersion = 16.0.31229.75
MinimumVisualStudioVersion = 10.0.40219.1
Project("{8BC9CEB8-8B4A-11D0-8D11-00A0C91BC942}") = "TEngineCore", "TEngineCore\TEngineCore.vcxproj", "{5E241D3A-E46A-4FF0-A578-F345E68050B4}"
EndProject
Project("{8BC9CEB8-8B4A-11D0-8D11-00A0C91BC942}") = "VertexTransform", "VertexTransform\VertexTransform.vcxproj", "{9DB9274A-A60E-4FC7-AEEE-21C120EE3E2E}"
EndProject
Project("{8BC9CEB8-8B4A-11D0-8D11-00A0C91BC942}") = "Octree", "Octree\Octree.vcxproj", "{50C026C3-2094-485B-A4F1-0ED5723831AC}"
EndProject
Project("{8BC9CEB8-8B4A-11D0-8D11-00A0C91BC942}") = "Quadtree", "Quadtree\Quadtree.vcxproj", "{B3BC2C95-3D4A-47EA-A753-2822E8F24A37}"
EndProject
Project("{8BC9CEB8-8B4A-11D0-8D11-00A0C91BC942}") = "VertexBuffer", "VertexBuffer\VertexBuffer.vcxproj", "{6D171539-D85D-40FF-BFDC-4A8745ABA8E8}"
EndProject
Project("{8BC9CEB8-8B4A-11D0-8D11-00A0C91BC942}") = "VertexBuffer1", "VertexBuffer1\VertexBuffer1.vcxproj", "{07EDABCD-29CA-4A37-9316-77B1A11C76A4}"
EndProject
Project("{2150E333-8FDC-42A3-9474-1A3956D46DE8}") = "3D", "3D", "{D2AB61CA-BC00-4395-A896-5F1017FFB581}"
EndProject
Project("{2150E333-8FDC-42A3-9474-1A3956D46DE8}") = "Algorithm", "Algorithm", "{CDA45A88-D13B-4F50-A5A2-C10AB92D9E26}"
EndProject
Project("{8BC9CEB8-8B4A-11D0-8D11-00A0C91BC942}") = "SampleMap", "SampleMap\SampleMap.vcxproj", "{6870F0E4-4E1A-4797-A058-2A28D8D79DC3}"
EndProject
Project("{8BC9CEB8-8B4A-11D0-8D11-00A0C91BC942}") = "DirectXTK_Desktop_2019_Win10", "DirectXTK-master\DirectXTK_Desktop_2019_Win10.vcxproj", "{E0B52AE7-E160-4D32-BF3F-910B785E5A8E}"
EndProject
Global
	GlobalSection(SolutionConfigurationPlatforms) = preSolution
		Debug|ARM64 = Debug|ARM64
		Debug|x64 = Debug|x64
		Debug|x86 = Debug|x86
		Release|ARM64 = Release|ARM64
		Release|x64 = Release|x64
		Release|x86 = Release|x86
	EndGlobalSection
	GlobalSection(ProjectConfigurationPlatforms) = postSolution
		{5E241D3A-E46A-4FF0-A578-F345E68050B4}.Debug|ARM64.ActiveCfg = Debug|Win32
		{5E241D3A-E46A-4FF0-A578-F345E68050B4}.Debug|x64.ActiveCfg = Debug|x64
		{5E241D3A-E46A-4FF0-A578-F345E68050B4}.Debug|x64.Build.0 = Debug|x64
		{5E241D3A-E46A-4FF0-A578-F345E68050B4}.Debug|x86.ActiveCfg = Debug|Win32
		{5E241D3A-E46A-4FF0-A578-F345E68050B4}.Debug|x86.Build.0 = Debug|Win32
		{5E241D3A-E46A-4FF0-A578-F345E68050B4}.Release|ARM64.ActiveCfg = Release|Win32
		{5E241D3A-E46A-4FF0-A578-F345E68050B4}.Release|x64.ActiveCfg = Release|x64
		{5E241D3A-E46A-4FF0-A578-F345E68050B4}.Release|x64.Build.0 = Release|x64
		{5E241D3A-E46A-4FF0-A578-F345E68050B4}.Release|x86.ActiveCfg = Release|Win32
		{5E241D3A-E46A-4FF0-A578-F345E68050B4}.Release|x86.Build.0 = Release|Win32
		{9DB9274A-A60E-4FC7-AEEE-21C120EE3E2E}.Debug|ARM64.ActiveCfg = Debug|Win32
		{9DB9274A-A60E-4FC7-AEEE-21C120EE3E2E}.Debug|x64.ActiveCfg = Debug|x64
		{9DB9274A-A60E-4FC7-AEEE-21C120EE3E2E}.Debug|x64.Build.0 = Debug|x64
		{9DB9274A-A60E-4FC7-AEEE-21C120EE3E2E}.Debug|x86.ActiveCfg = Debug|Win32
		{9DB9274A-A60E-4FC7-AEEE-21C120EE3E2E}.Debug|x86.Build.0 = Debug|Win32
		{9DB9274A-A60E-4FC7-AEEE-21C120EE3E2E}.Release|ARM64.ActiveCfg = Release|Win32
		{9DB9274A-A60E-4FC7-AEEE-21C120EE3E2E}.Release|x64.ActiveCfg = Release|x64
		{9DB9274A-A60E-4FC7-AEEE-21C120EE3E2E}.Release|x64.Build.0 = Release|x64
		{9DB9274A-A60E-4FC7-AEEE-21C120EE3E2E}.Release|x86.ActiveCfg = Release|Win32
		{9DB9274A-A60E-4FC7-AEEE-21C120EE3E2E}.Release|x86.Build.0 = Release|Win32
		{50C026C3-2094-485B-A4F1-0ED5723831AC}.Debug|ARM64.ActiveCfg = Debug|Win32
		{50C026C3-2094-485B-A4F1-0ED5723831AC}.Debug|x64.ActiveCfg = Debug|x64
		{50C026C3-2094-485B-A4F1-0ED5723831AC}.Debug|x64.Build.0 = Debug|x64
		{50C026C3-2094-485B-A4F1-0ED5723831AC}.Debug|x86.ActiveCfg = Debug|Win32
		{50C026C3-2094-485B-A4F1-0ED5723831AC}.Debug|x86.Build.0 = Debug|Win32
		{50C026C3-2094-485B-A4F1-0ED5723831AC}.Release|ARM64.ActiveCfg = Release|Win32
		{50C026C3-2094-485B-A4F1-0ED5723831AC}.Release|x64.ActiveCfg = Release|x64
		{50C026C3-2094-485B-A4F1-0ED5723831AC}.Release|x64.Build.0 = Release|x64
		{50C026C3-2094-485B-A4F1-0ED5723831AC}.Release|x86.ActiveCfg = Release|Win32
		{50C026C3-2094-485B-A4F1-0ED5723831AC}.Release|x86.Build.0 = Release|Win32
		{B3BC2C95-3D4A-47EA-A753-2822E8F24A37}.Debug|ARM64.ActiveCfg = Debug|Win32
		{B3BC2C95-3D4A-47EA-A753-2822E8F24A37}.Debug|x64.ActiveCfg = Debug|x64
		{B3BC2C95-3D4A-47EA-A753-2822E8F24A37}.Debug|x64.Build.0 = Debug|x64
		{B3BC2C95-3D4A-47EA-A753-2822E8F24A37}.Debug|x86.ActiveCfg = Debug|Win32
		{B3BC2C95-3D4A-47EA-A753-2822E8F24A37}.Debug|x86.Build.0 = Debug|Win32
		{B3BC2C95-3D4A-47EA-A753-2822E8F24A37}.Release|ARM64.ActiveCfg = Release|Win32
		{B3BC2C95-3D4A-47EA-A753-2822E8F24A37}.Release|x64.ActiveCfg = Release|x64
		{B3BC2C95-3D4A-47EA-A753-2822E8F24A37}.Release|x64.Build.0 = Release|x64
		{B3BC2C95-3D4A-47EA-A753-2822E8F24A37}.Release|x86.ActiveCfg = Release|Win32
		{B3BC2C95-3D4A-47EA-A753-2822E8F24A37}.Release|x86.Build.0 = Release|Win32
		{6D171539-D85D-40FF-BFDC-4A8745ABA8E8}.Debug|ARM64.ActiveCfg = Debug|Win32
		{6D171539-D85D-40FF-BFDC-4A8745ABA8E8}.Debug|x64.ActiveCfg = Debug|x64
		{6D171539-D85D-40FF-BFDC-4A8745ABA8E8}.Debug|x64.Build.0 = Debug|x64
		{6D171539-D85D-40FF-BFDC-4A8745ABA8E8}.Debug|x86.ActiveCfg = Debug|Win32
		{6D171539-D85D-40FF-BFDC-4A8745ABA8E8}.Debug|x86.Build.0 = Debug|Win32
		{6D171539-D85D-40FF-BFDC-4A8745ABA8E8}.Release|ARM64.ActiveCfg = Release|Win32
		{6D171539-D85D-40FF-BFDC-4A8745ABA8E8}.Release|x64.ActiveCfg = Release|x64
		{6D171539-D85D-40FF-BFDC-4A8745ABA8E8}.Release|x64.Build.0 = Release|x64
		{6D171539-D85D-40FF-BFDC-4A8745ABA8E8}.Release|x86.ActiveCfg = Release|Win32
		{6D171539-D85D-40FF-BFDC-4A8745ABA8E8}.Release|x86.Build.0 = Release|Win32
		{07EDABCD-29CA-4A37-9316-77B1A11C76A4}.Debug|ARM64.ActiveCfg = Debug|Win32
		{07EDABCD-29CA-4A37-9316-77B1A11C76A4}.Debug|x64.ActiveCfg = Debug|x64
		{07EDABCD-29CA-4A37-9316-77B1A11C76A4}.Debug|x64.Build.0 = Debug|x64
		{07EDABCD-29CA-4A37-9316-77B1A11C76A4}.Debug|x86.ActiveCfg = Debug|Win32
		{07EDABCD-29CA-4A37-9316-77B1A11C76A4}.Debug|x86.Build.0 = Debug|Win32
		{07EDABCD-29CA-4A37-9316-77B1A11C76A4}.Release|ARM64.ActiveCfg = Release|Win32
		{07EDABCD-29CA-4A37-9316-77B1A11C76A4}.Release|x64.ActiveCfg = Release|x64
		{07EDABCD-29CA-4A37-9316-77B1A11C76A4}.Release|x64.Build.0 = Release|x64
		{07EDABCD-29CA-4A37-9316-77B1A11C76A4}.Release|x86.ActiveCfg = Release|Win32
		{07EDABCD-29CA-4A37-9316-77B1A11C76A4}.Release|x86.Build.0 = Release|Win32
		{6870F0E4-4E1A-4797-A058-2A28D8D79DC3}.Debug|ARM64.ActiveCfg = Debug|Win32
		{6870F0E4-4E1A-4797-A058-2A28D8D79DC3}.Debug|x64.ActiveCfg = Debug|x64
		{6870F0E4-4E1A-4797-A058-2A28D8D79DC3}.Debug|x64.Build.0 = Debug|x64
		{6870F0E4-4E1A-4797-A058-2A28D8D79DC3}.Debug|x86.ActiveCfg = Debug|Win32
		{6870F0E4-4E1A-4797-A058-2A28D8D79DC3}.Debug|x86.Build.0 = Debug|Win32
		{6870F0E4-4E1A-4797-A058-2A28D8D79DC3}.Release|ARM64.ActiveCfg = Release|Win32
		{6870F0E4-4E1A-4797-A058-2A28D8D79DC3}.Release|x64.ActiveCfg = Release|x64
		{6870F0E4-4E1A-4797-A058-2A28D8D79DC3}.Release|x64.Build.0 = Release|x64
		{6870F0E4-4E1A-4797-A058-2A28D8D79DC3}.Release|x86.ActiveCfg = Release|Win32
		{6870F0E4-4E1A-4797-A058-2A28D8D79DC3}.Release|x86.Build.0 = Release|Win32
		{E0B52AE7-E160-4D32-BF3F-910B785E5A8E}.Debug|ARM64.ActiveCfg = Debug|ARM64
		{E0B52AE7-E160-4D32-BF3F-910B785E5A8E}.Debug|ARM64.Build.0 = Debug|ARM64
		{E0B52AE7-E160-4D32-BF3F-910B785E5A8E}.Debug|x64.ActiveCfg = Debug|x64
		{E0B52AE7-E160-4D32-BF3F-910B785E5A8E}.Debug|x64.Build.0 = Debug|x64
		{E0B52AE7-E160-4D32-BF3F-910B785E5A8E}.Debug|x86.ActiveCfg = Debug|Win32
		{E0B52AE7-E160-4D32-BF3F-910B785E5A8E}.Debug|x86.Build.0 = Debug|Win32
		{E0B52AE7-E160-4D32-BF3F-910B785E5A8E}.Release|ARM64.ActiveCfg = Release|ARM64
		{E0B52AE7-E160-4D32-BF3F-910B785E5A8E}.Release|ARM64.Build.0 = Release|ARM64
		{E0B52AE7-E160-4D32-BF3F-910B785E5A8E}.Release|x64.ActiveCfg = Release|x64
		{E0B52AE7-E160-4D32-BF3F-910B785E5A8E}.Release|x64.Build.0 = Release|x64
		{E0B52AE7-E160-4D32-BF3F-910B785E5A8E}.Release|x86.ActiveCfg = Release|Win32
		{E0B52AE7-E160-4D32-BF3F-910B785E5A8E}.Release|x86.Build.0 = Release|Win32
	EndGlobalSection
	GlobalSection(SolutionProperties) = preSolution
		HideSolutionNode = FALSE
	EndGlobalSection
	GlobalSection(NestedProjects) = preSolution
		{9DB9274A-A60E-4FC7-AEEE-21C120EE3E2E} = {D2AB61CA-BC00-4395-A896-5F1017FFB581}
		{50C026C3-2094-485B-A4F1-0ED5723831AC} = {CDA45A88-D13B-4F50-A5A2-C10AB92D9E26}
		{B3BC2C95-3D4A-47EA-A753-2822E8F24A37} = {CDA45A88-D13B-4F50-A5A2-C10AB92D9E26}
		{6D171539-D85D-40FF-BFDC-4A8745ABA8E8} = {D2AB61CA-BC00-4395-A896-5F1017FFB581}
		{07EDABCD-29CA-4A37-9316-77B1A11C76A4} = {D2AB61CA-BC00-4395-A896-5F1017FFB581}
		{6870F0E4-4E1A-4797-A058-2A28D8D79DC3} = {D2AB61CA-BC00-4395-A896-5F1017FFB581}
	EndGlobalSection
	GlobalSection(ExtensibilityGlobals) = postSolution
		SolutionGuid = {FBC150FD-C272-4D51-9297-528295B8E715}
	EndGlobalSection
EndGlobal
