<?xml version="1.0" encoding="utf-8"?>
<Project ToolsVersion="4.0" xmlns="http://schemas.microsoft.com/developer/msbuild/2003">
  <ItemGroup>
    <Filter Include="소스 파일">
      <UniqueIdentifier>{4FC737F1-C7A5-4376-A066-2A32D752A2FF}</UniqueIdentifier>
      <Extensions>cpp;c;cc;cxx;c++;cppm;ixx;def;odl;idl;hpj;bat;asm;asmx</Extensions>
    </Filter>
    <Filter Include="헤더 파일">
      <UniqueIdentifier>{93995380-89BD-4b04-88EB-625FBE52EBFB}</UniqueIdentifier>
      <Extensions>h;hh;hpp;hxx;h++;hm;inl;inc;ipp;xsd</Extensions>
    </Filter>
    <Filter Include="리소스 파일">
      <UniqueIdentifier>{67DA6AB6-F800-4c08-8B7A-83BB121AAD01}</UniqueIdentifier>
      <Extensions>rc;ico;cur;bmp;dlg;rc2;rct;bin;rgs;gif;jpg;jpeg;jpe;resx;tiff;tif;png;wav;mfcribbon-ms</Extensions>
    </Filter>
    <Filter Include="Scene">
      <UniqueIdentifier>{49c5718a-1c66-4849-81d6-f7f91b8986d5}</UniqueIdentifier>
    </Filter>
  </ItemGroup>
  <ItemGroup>
    <ClInclude Include="TStd.h">
      <Filter>헤더 파일</Filter>
    </ClInclude>
    <ClInclude Include="TWindow.h">
      <Filter>헤더 파일</Filter>
    </ClInclude>
    <ClInclude Include="TDevice.h">
      <Filter>헤더 파일</Filter>
    </ClInclude>
    <ClInclude Include="TGameCore.h">
      <Filter>헤더 파일</Filter>
    </ClInclude>
    <ClInclude Include="TInput.h">
      <Filter>헤더 파일</Filter>
    </ClInclude>
    <ClInclude Include="TTimer.h">
      <Filter>헤더 파일</Filter>
    </ClInclude>
    <ClInclude Include="TWriter.h">
      <Filter>헤더 파일</Filter>
    </ClInclude>
    <ClInclude Include="TVector.h">
      <Filter>헤더 파일</Filter>
    </ClInclude>
    <ClInclude Include="TBaseObject.h">
      <Filter>헤더 파일</Filter>
    </ClInclude>
    <ClInclude Include="TTextureManager.h">
      <Filter>헤더 파일</Filter>
    </ClInclude>
    <ClInclude Include="TTexture.h">
      <Filter>헤더 파일</Filter>
    </ClInclude>
    <ClInclude Include="TShaderManager.h">
      <Filter>헤더 파일</Filter>
    </ClInclude>
    <ClInclude Include="TShader.h">
      <Filter>헤더 파일</Filter>
    </ClInclude>
    <ClInclude Include="TObject2D.h">
      <Filter>헤더 파일</Filter>
    </ClInclude>
    <ClInclude Include="TCollision.h">
      <Filter>헤더 파일</Filter>
    </ClInclude>
    <ClInclude Include="TSoundManager.h">
      <Filter>헤더 파일</Filter>
    </ClInclude>
    <ClInclude Include="TSound.h">
      <Filter>헤더 파일</Filter>
    </ClInclude>
    <ClInclude Include="TDxState.h">
      <Filter>헤더 파일</Filter>
    </ClInclude>
    <ClInclude Include="TInterface.h">
      <Filter>헤더 파일</Filter>
    </ClInclude>
    <ClInclude Include="TMapObject.h">
      <Filter>헤더 파일</Filter>
    </ClInclude>
    <ClInclude Include="TNpc2D.h">
      <Filter>헤더 파일</Filter>
    </ClInclude>
    <ClInclude Include="TSprite.h">
      <Filter>헤더 파일</Filter>
    </ClInclude>
    <ClInclude Include="TSpriteManager.h">
      <Filter>헤더 파일</Filter>
    </ClInclude>
    <ClInclude Include="TUser2D.h">
      <Filter>헤더 파일</Filter>
    </ClInclude>
    <ClInclude Include="TScene.h">
      <Filter>Scene</Filter>
    </ClInclude>
    <ClInclude Include="TMatrix.h">
      <Filter>헤더 파일</Filter>
    </ClInclude>
    <ClInclude Include="TCamera.h">
      <Filter>헤더 파일</Filter>
    </ClInclude>
  </ItemGroup>
  <ItemGroup>
    <ClCompile Include="TWindow.cpp">
      <Filter>소스 파일</Filter>
    </ClCompile>
    <ClCompile Include="TDevice.cpp">
      <Filter>소스 파일</Filter>
    </ClCompile>
    <ClCompile Include="TGameCore.cpp">
      <Filter>소스 파일</Filter>
    </ClCompile>
    <ClCompile Include="TInput.cpp">
      <Filter>소스 파일</Filter>
    </ClCompile>
    <ClCompile Include="TTimer.cpp">
      <Filter>소스 파일</Filter>
    </ClCompile>
    <ClCompile Include="TWriter.cpp">
      <Filter>소스 파일</Filter>
    </ClCompile>
    <ClCompile Include="TVector.cpp">
      <Filter>소스 파일</Filter>
    </ClCompile>
    <ClCompile Include="TBaseObject.cpp">
      <Filter>소스 파일</Filter>
    </ClCompile>
    <ClCompile Include="TTextureManager.cpp">
      <Filter>소스 파일</Filter>
    </ClCompile>
    <ClCompile Include="TTexture.cpp">
      <Filter>소스 파일</Filter>
    </ClCompile>
    <ClCompile Include="TShaderManager.cpp">
      <Filter>소스 파일</Filter>
    </ClCompile>
    <ClCompile Include="TShader.cpp">
      <Filter>소스 파일</Filter>
    </ClCompile>
    <ClCompile Include="TObject2D.cpp">
      <Filter>소스 파일</Filter>
    </ClCompile>
    <ClCompile Include="TCollision.cpp">
      <Filter>소스 파일</Filter>
    </ClCompile>
    <ClCompile Include="TSoundManager.cpp">
      <Filter>소스 파일</Filter>
    </ClCompile>
    <ClCompile Include="TSound.cpp">
      <Filter>소스 파일</Filter>
    </ClCompile>
    <ClCompile Include="TDxState.cpp">
      <Filter>소스 파일</Filter>
    </ClCompile>
    <ClCompile Include="TInterface.cpp">
      <Filter>소스 파일</Filter>
    </ClCompile>
    <ClCompile Include="TMapObject.cpp">
      <Filter>소스 파일</Filter>
    </ClCompile>
    <ClCompile Include="TNpc2D.cpp">
      <Filter>소스 파일</Filter>
    </ClCompile>
    <ClCompile Include="TSprite.cpp">
      <Filter>소스 파일</Filter>
    </ClCompile>
    <ClCompile Include="TSpriteManager.cpp">
      <Filter>소스 파일</Filter>
    </ClCompile>
    <ClCompile Include="TUser2D.cpp">
      <Filter>소스 파일</Filter>
    </ClCompile>
    <ClCompile Include="TScene.cpp">
      <Filter>Scene</Filter>
    </ClCompile>
    <ClCompile Include="TMatrix.cpp">
      <Filter>소스 파일</Filter>
    </ClCompile>
    <ClCompile Include="TCamera.cpp">
      <Filter>소스 파일</Filter>
    </ClCompile>
  </ItemGroup>
  <ItemGroup>
    <Text Include="..\..\data\shader\DefaultShape.txt" />
    <Text Include="..\..\data\shader\DefaultShapeMask.txt" />
    <Text Include="SpriteInfo.txt" />
  </ItemGroup>
</Project>