
Microsoft Visual Studio Solution File, Format Version 12.00
# Visual Studio Version 16
VisualStudioVersion = 16.0.32602.291
MinimumVisualStudioVersion = 10.0.40219.1
Project("{2150E333-8FDC-42A3-9474-1A3956D46DE8}") = "00_Sample", "00_Sample", "{2AE2E050-FFD1-47A3-9D76-21173A599960}"
EndProject
Project("{8BC9CEB8-8B4A-11D0-8D11-00A0C91BC942}") = "TBasis3DLib", "TBasis3DLib\TBasis3DLib.vcxproj", "{B8FCA437-A73D-44B7-908D-421BD6B68197}"
EndProject
Project("{8BC9CEB8-8B4A-11D0-8D11-00A0C91BC942}") = "TBasisFBX", "TBasisFBX\TBasisFBX.vcxproj", "{757938BD-E3BE-4F99-8837-189A60C89A2D}"
EndProject
Project("{8BC9CEB8-8B4A-11D0-8D11-00A0C91BC942}") = "TBasisUI", "TBasisUI\TBasisUI.vcxproj", "{38F9851D-9DEC-4E31-9019-BC64F8EBA7D5}"
EndProject
Project("{8BC9CEB8-8B4A-11D0-8D11-00A0C91BC942}") = "DrawFBX", "DrawFBX\DrawFBX.vcxproj", "{2AC3D40A-3600-4CCB-9684-4ABFD1941E74}"
EndProject
Project("{8BC9CEB8-8B4A-11D0-8D11-00A0C91BC942}") = "DrawWidget", "DrawWidget\DrawWidget.vcxproj", "{EA3788FA-C5C5-4487-9301-D4716A606862}"
EndProject
Project("{8BC9CEB8-8B4A-11D0-8D11-00A0C91BC942}") = "TKGCATool", "TKGCATool\TKGCATool.vcxproj", "{3D74F9FE-4819-496C-B26D-769349363E17}"
EndProject
Project("{2150E333-8FDC-42A3-9474-1A3956D46DE8}") = "UE5", "UE5", "{BBB98089-15D4-4FC0-80B3-691BFE8900B4}"
	ProjectSection(SolutionItems) = preProject
		..\doc\TBasisUE5202206.pptx = ..\doc\TBasisUE5202206.pptx
	EndProjectSection
EndProject
Project("{2150E333-8FDC-42A3-9474-1A3956D46DE8}") = "Network", "Network", "{B66591C3-8C0C-434F-BB42-98BADDCA5C28}"
EndProject
Project("{8BC9CEB8-8B4A-11D0-8D11-00A0C91BC942}") = "TBasisGameSvr_1", "TDemoGameSvr_1\TBasisGameSvr_1.vcxproj", "{68837FA4-E323-4FF9-BF57-24D31B89C3DF}"
EndProject
Project("{8BC9CEB8-8B4A-11D0-8D11-00A0C91BC942}") = "TBasisGS_1", "TDemoGameSvrLib_1\TBasisGS_1.vcxproj", "{6B55D0E2-047A-4456-AFA8-EF241F71BD0D}"
EndProject
Project("{8BC9CEB8-8B4A-11D0-8D11-00A0C91BC942}") = "TLog", "TLog\TLog.vcxproj", "{99E06C1D-AE6C-45D5-B6C6-408292856FC0}"
EndProject
Project("{8BC9CEB8-8B4A-11D0-8D11-00A0C91BC942}") = "TEventClass", "TEventClass\TEventClass.vcxproj", "{66F4ACFC-5F04-455C-AE09-895B5B7E59EE}"
EndProject
Project("{2150E333-8FDC-42A3-9474-1A3956D46DE8}") = "dx", "dx", "{42B77636-EA6D-4D5F-AE4D-135143CB461F}"
EndProject
Project("{2150E333-8FDC-42A3-9474-1A3956D46DE8}") = "C++", "C++", "{B2E199D2-9763-43B4-9B9B-56B93B7E177A}"
EndProject
Project("{8BC9CEB8-8B4A-11D0-8D11-00A0C91BC942}") = "Sample001", "Sample001\Sample001.vcxproj", "{2494829D-B521-47EF-844B-448EBCA84DA2}"
EndProject
Project("{8BC9CEB8-8B4A-11D0-8D11-00A0C91BC942}") = "Sample002", "Sample002\Sample002.vcxproj", "{B8C39764-CD40-4F11-878F-BBE16105DBA2}"
EndProject
Project("{8BC9CEB8-8B4A-11D0-8D11-00A0C91BC942}") = "Sample003", "Sample003\Sample003.vcxproj", "{D037AA01-020D-4484-B57E-72500BCC6214}"
EndProject
Project("{8BC9CEB8-8B4A-11D0-8D11-00A0C91BC942}") = "Sample004", "Sample004\Sample004.vcxproj", "{89A644B4-491C-4463-84FF-6EC34917597E}"
EndProject
Project("{8BC9CEB8-8B4A-11D0-8D11-00A0C91BC942}") = "Sample006", "Sample006\Sample006.vcxproj", "{56E2E72C-0202-434B-9AE4-A6A8235D8F96}"
EndProject
Project("{8BC9CEB8-8B4A-11D0-8D11-00A0C91BC942}") = "Solid", "Solid\Solid.vcxproj", "{A1170F5C-C766-4C91-A172-E20246ACE5FA}"
EndProject
Project("{8BC9CEB8-8B4A-11D0-8D11-00A0C91BC942}") = "stl_0", "stl_0\stl_0.vcxproj", "{C8A0070A-9EAF-4BDF-9AA1-F4496222A9C6}"
EndProject
Project("{8BC9CEB8-8B4A-11D0-8D11-00A0C91BC942}") = "st_string", "st_string\st_string.vcxproj", "{717F87B6-39F0-4EEE-AFC7-F55EE40819E7}"
EndProject
Project("{2150E333-8FDC-42A3-9474-1A3956D46DE8}") = "DS", "DS", "{19B54F1E-6382-4B91-921B-B11FEFDD0DA7}"
EndProject
Project("{8BC9CEB8-8B4A-11D0-8D11-00A0C91BC942}") = "BST", "BST\BST.vcxproj", "{FCBF2C90-0633-47FF-A416-74258BA96BA7}"
EndProject
Project("{8BC9CEB8-8B4A-11D0-8D11-00A0C91BC942}") = "Quadtree", "Quadtree\Quadtree.vcxproj", "{472EB57D-4268-4E5C-84DF-A0D92DADF3D3}"
EndProject
Project("{8BC9CEB8-8B4A-11D0-8D11-00A0C91BC942}") = "Octree", "Octree\Octree.vcxproj", "{9449C51F-829A-4918-9F39-99D5101D9AFD}"
EndProject
Project("{8BC9CEB8-8B4A-11D0-8D11-00A0C91BC942}") = "Octree_2", "Octree_2\Octree_2.vcxproj", "{49287384-AEA0-4195-8B90-15E1EFB14DF2}"
EndProject
Project("{8BC9CEB8-8B4A-11D0-8D11-00A0C91BC942}") = "Octree_3", "Octree_3\Octree_3.vcxproj", "{4C64F3BF-2FC3-4288-9912-1682F4F34538}"
EndProject
Project("{8BC9CEB8-8B4A-11D0-8D11-00A0C91BC942}") = "FirstWindow", "FirstWindow\FirstWindow.vcxproj", "{5075BB4C-AD31-4EFF-A232-F4358C604F5F}"
EndProject
Project("{8BC9CEB8-8B4A-11D0-8D11-00A0C91BC942}") = "CreateDevice", "CreateDevice_0\CreateDevice.vcxproj", "{1D4FDE16-3EEE-4BBB-8C0D-596EF17D556F}"
EndProject
Project("{8BC9CEB8-8B4A-11D0-8D11-00A0C91BC942}") = "CreateDevice_1", "CreateDevice_1\CreateDevice_1.vcxproj", "{824676CE-BCC2-4C6B-A1CA-DB386B95BFA6}"
EndProject
Project("{8BC9CEB8-8B4A-11D0-8D11-00A0C91BC942}") = "CreateTexture_1", "CreateTextrue_1\CreateTexture_1.vcxproj", "{1A9A504D-B08E-400D-A76A-5161D2ECEBE2}"
EndProject
Project("{8BC9CEB8-8B4A-11D0-8D11-00A0C91BC942}") = "CreateTexture_2", "CreateTextrue_2\CreateTexture_2.vcxproj", "{9596A2A1-885C-4661-88F8-BF4F53FD511A}"
EndProject
Project("{8BC9CEB8-8B4A-11D0-8D11-00A0C91BC942}") = "CreateTexture_3", "CreateTextrue_3\CreateTexture_3.vcxproj", "{A2178C03-BA5D-48BB-B6C2-65A13B237CD9}"
EndProject
Project("{8BC9CEB8-8B4A-11D0-8D11-00A0C91BC942}") = "CreateRenderObject", "CreateRenderObject\CreateRenderObject.vcxproj", "{2A3CCBC1-7E08-4467-855B-149812826E96}"
EndProject
Project("{8BC9CEB8-8B4A-11D0-8D11-00A0C91BC942}") = "TCoreLib", "TCoreLib\TCoreLib.vcxproj", "{53BE47C5-7369-4EE9-A6F9-36D999EA52C9}"
EndProject
Project("{8BC9CEB8-8B4A-11D0-8D11-00A0C91BC942}") = "SampleLibrary", "SampleLibrary\SampleLibrary.vcxproj", "{F749A118-0166-4EB6-ACBB-D3CC1DA1E73B}"
EndProject
Project("{8BC9CEB8-8B4A-11D0-8D11-00A0C91BC942}") = "SampleSplite_0", "SampleSplite_0\SampleSplite_0.vcxproj", "{E471A82C-D99C-4B46-814C-0264DE3F3716}"
EndProject
Project("{8BC9CEB8-8B4A-11D0-8D11-00A0C91BC942}") = "SampleSplite_01", "SampleSplite_01\SampleSplite_01.vcxproj", "{60B3343C-4890-4E5E-91EB-00AE7F8A8FB4}"
EndProject
Project("{8BC9CEB8-8B4A-11D0-8D11-00A0C91BC942}") = "SampleSound", "SampleSound\SampleSound.vcxproj", "{E1B73491-D7B5-402D-9356-FF00070F620A}"
EndProject
Project("{8BC9CEB8-8B4A-11D0-8D11-00A0C91BC942}") = "TBasisLib", "TBasisLib\TBasisLib.vcxproj", "{462FCC9A-4614-4A6C-A4F5-39D0A97EE100}"
EndProject
Project("{8BC9CEB8-8B4A-11D0-8D11-00A0C91BC942}") = "SampleTBasisLIb_0", "SampleTBasisLIb_0\SampleTBasisLIb_0.vcxproj", "{E23292A3-FAF0-441B-B9F5-3E5B299CE6F7}"
EndProject
Project("{8BC9CEB8-8B4A-11D0-8D11-00A0C91BC942}") = "SampleTBasisLIb_01", "SampleTBasisLIb_01\SampleTBasisLIb_01.vcxproj", "{7EA48351-4C2A-45E8-AA22-AA2948DB7436}"
EndProject
Project("{2150E333-8FDC-42A3-9474-1A3956D46DE8}") = "NewFolder1", "NewFolder1", "{EC18A802-3E01-462A-87E5-B93E53596850}"
EndProject
Project("{8BC9CEB8-8B4A-11D0-8D11-00A0C91BC942}") = "SampleDxWrite", "SampleDxWrite\SampleDxWrite.vcxproj", "{971911E4-DA90-4A5C-A3BA-D4B11571AAEA}"
EndProject
Project("{8BC9CEB8-8B4A-11D0-8D11-00A0C91BC942}") = "SampleDxWriteClass", "SampleDxWriteClass\SampleDxWriteClass.vcxproj", "{2AA58A65-710A-484B-9262-5E9D07DF34E6}"
EndProject
Project("{8BC9CEB8-8B4A-11D0-8D11-00A0C91BC942}") = "SampleSplite_02", "SampleSplite_02\SampleSplite_02.vcxproj", "{29153927-4650-4F1B-8E32-9A53A3852BF0}"
EndProject
Project("{8BC9CEB8-8B4A-11D0-8D11-00A0C91BC942}") = "SampleSplite_03", "SampleSplite_03\SampleSplite_03.vcxproj", "{112BAB4A-F731-4DBA-B9B6-C3E0A9DAD500}"
EndProject
Project("{8BC9CEB8-8B4A-11D0-8D11-00A0C91BC942}") = "SampleSplite_04", "SampleSplite_04\SampleSplite_04.vcxproj", "{FC01AEE8-96A4-4958-8D82-660840B5B6D0}"
EndProject
Project("{8BC9CEB8-8B4A-11D0-8D11-00A0C91BC942}") = "SampleSplite_05", "SampleSplite_05\SampleSplite_05.vcxproj", "{C35D105B-10AF-404E-859A-A64E8BD78DD7}"
EndProject
Global
	GlobalSection(SolutionConfigurationPlatforms) = preSolution
		Debug|ARM = Debug|ARM
		Debug|ARM64 = Debug|ARM64
		Debug|x64 = Debug|x64
		Debug|x86 = Debug|x86
		Release|ARM = Release|ARM
		Release|ARM64 = Release|ARM64
		Release|x64 = Release|x64
		Release|x86 = Release|x86
	EndGlobalSection
	GlobalSection(ProjectConfigurationPlatforms) = postSolution
		{B8FCA437-A73D-44B7-908D-421BD6B68197}.Debug|ARM.ActiveCfg = Debug|Win32
		{B8FCA437-A73D-44B7-908D-421BD6B68197}.Debug|ARM64.ActiveCfg = Debug|Win32
		{B8FCA437-A73D-44B7-908D-421BD6B68197}.Debug|x64.ActiveCfg = Debug|x64
		{B8FCA437-A73D-44B7-908D-421BD6B68197}.Debug|x64.Build.0 = Debug|x64
		{B8FCA437-A73D-44B7-908D-421BD6B68197}.Debug|x86.ActiveCfg = Debug|Win32
		{B8FCA437-A73D-44B7-908D-421BD6B68197}.Debug|x86.Build.0 = Debug|Win32
		{B8FCA437-A73D-44B7-908D-421BD6B68197}.Release|ARM.ActiveCfg = Release|Win32
		{B8FCA437-A73D-44B7-908D-421BD6B68197}.Release|ARM64.ActiveCfg = Release|Win32
		{B8FCA437-A73D-44B7-908D-421BD6B68197}.Release|x64.ActiveCfg = Release|x64
		{B8FCA437-A73D-44B7-908D-421BD6B68197}.Release|x64.Build.0 = Release|x64
		{B8FCA437-A73D-44B7-908D-421BD6B68197}.Release|x86.ActiveCfg = Release|Win32
		{B8FCA437-A73D-44B7-908D-421BD6B68197}.Release|x86.Build.0 = Release|Win32
		{757938BD-E3BE-4F99-8837-189A60C89A2D}.Debug|ARM.ActiveCfg = Debug|Win32
		{757938BD-E3BE-4F99-8837-189A60C89A2D}.Debug|ARM64.ActiveCfg = Debug|Win32
		{757938BD-E3BE-4F99-8837-189A60C89A2D}.Debug|x64.ActiveCfg = Debug|x64
		{757938BD-E3BE-4F99-8837-189A60C89A2D}.Debug|x64.Build.0 = Debug|x64
		{757938BD-E3BE-4F99-8837-189A60C89A2D}.Debug|x86.ActiveCfg = Debug|Win32
		{757938BD-E3BE-4F99-8837-189A60C89A2D}.Debug|x86.Build.0 = Debug|Win32
		{757938BD-E3BE-4F99-8837-189A60C89A2D}.Release|ARM.ActiveCfg = Release|Win32
		{757938BD-E3BE-4F99-8837-189A60C89A2D}.Release|ARM64.ActiveCfg = Release|Win32
		{757938BD-E3BE-4F99-8837-189A60C89A2D}.Release|x64.ActiveCfg = Release|x64
		{757938BD-E3BE-4F99-8837-189A60C89A2D}.Release|x64.Build.0 = Release|x64
		{757938BD-E3BE-4F99-8837-189A60C89A2D}.Release|x86.ActiveCfg = Release|Win32
		{757938BD-E3BE-4F99-8837-189A60C89A2D}.Release|x86.Build.0 = Release|Win32
		{38F9851D-9DEC-4E31-9019-BC64F8EBA7D5}.Debug|ARM.ActiveCfg = Debug|Win32
		{38F9851D-9DEC-4E31-9019-BC64F8EBA7D5}.Debug|ARM64.ActiveCfg = Debug|Win32
		{38F9851D-9DEC-4E31-9019-BC64F8EBA7D5}.Debug|x64.ActiveCfg = Debug|x64
		{38F9851D-9DEC-4E31-9019-BC64F8EBA7D5}.Debug|x64.Build.0 = Debug|x64
		{38F9851D-9DEC-4E31-9019-BC64F8EBA7D5}.Debug|x86.ActiveCfg = Debug|Win32
		{38F9851D-9DEC-4E31-9019-BC64F8EBA7D5}.Debug|x86.Build.0 = Debug|Win32
		{38F9851D-9DEC-4E31-9019-BC64F8EBA7D5}.Release|ARM.ActiveCfg = Release|Win32
		{38F9851D-9DEC-4E31-9019-BC64F8EBA7D5}.Release|ARM64.ActiveCfg = Release|Win32
		{38F9851D-9DEC-4E31-9019-BC64F8EBA7D5}.Release|x64.ActiveCfg = Release|x64
		{38F9851D-9DEC-4E31-9019-BC64F8EBA7D5}.Release|x64.Build.0 = Release|x64
		{38F9851D-9DEC-4E31-9019-BC64F8EBA7D5}.Release|x86.ActiveCfg = Release|Win32
		{38F9851D-9DEC-4E31-9019-BC64F8EBA7D5}.Release|x86.Build.0 = Release|Win32
		{2AC3D40A-3600-4CCB-9684-4ABFD1941E74}.Debug|ARM.ActiveCfg = Debug|Win32
		{2AC3D40A-3600-4CCB-9684-4ABFD1941E74}.Debug|ARM64.ActiveCfg = Debug|Win32
		{2AC3D40A-3600-4CCB-9684-4ABFD1941E74}.Debug|x64.ActiveCfg = Debug|x64
		{2AC3D40A-3600-4CCB-9684-4ABFD1941E74}.Debug|x64.Build.0 = Debug|x64
		{2AC3D40A-3600-4CCB-9684-4ABFD1941E74}.Debug|x86.ActiveCfg = Debug|Win32
		{2AC3D40A-3600-4CCB-9684-4ABFD1941E74}.Debug|x86.Build.0 = Debug|Win32
		{2AC3D40A-3600-4CCB-9684-4ABFD1941E74}.Release|ARM.ActiveCfg = Release|Win32
		{2AC3D40A-3600-4CCB-9684-4ABFD1941E74}.Release|ARM64.ActiveCfg = Release|Win32
		{2AC3D40A-3600-4CCB-9684-4ABFD1941E74}.Release|x64.ActiveCfg = Release|x64
		{2AC3D40A-3600-4CCB-9684-4ABFD1941E74}.Release|x64.Build.0 = Release|x64
		{2AC3D40A-3600-4CCB-9684-4ABFD1941E74}.Release|x86.ActiveCfg = Release|Win32
		{2AC3D40A-3600-4CCB-9684-4ABFD1941E74}.Release|x86.Build.0 = Release|Win32
		{EA3788FA-C5C5-4487-9301-D4716A606862}.Debug|ARM.ActiveCfg = Debug|Win32
		{EA3788FA-C5C5-4487-9301-D4716A606862}.Debug|ARM64.ActiveCfg = Debug|Win32
		{EA3788FA-C5C5-4487-9301-D4716A606862}.Debug|x64.ActiveCfg = Debug|x64
		{EA3788FA-C5C5-4487-9301-D4716A606862}.Debug|x64.Build.0 = Debug|x64
		{EA3788FA-C5C5-4487-9301-D4716A606862}.Debug|x86.ActiveCfg = Debug|Win32
		{EA3788FA-C5C5-4487-9301-D4716A606862}.Debug|x86.Build.0 = Debug|Win32
		{EA3788FA-C5C5-4487-9301-D4716A606862}.Release|ARM.ActiveCfg = Release|Win32
		{EA3788FA-C5C5-4487-9301-D4716A606862}.Release|ARM64.ActiveCfg = Release|Win32
		{EA3788FA-C5C5-4487-9301-D4716A606862}.Release|x64.ActiveCfg = Release|x64
		{EA3788FA-C5C5-4487-9301-D4716A606862}.Release|x64.Build.0 = Release|x64
		{EA3788FA-C5C5-4487-9301-D4716A606862}.Release|x86.ActiveCfg = Release|Win32
		{EA3788FA-C5C5-4487-9301-D4716A606862}.Release|x86.Build.0 = Release|Win32
		{3D74F9FE-4819-496C-B26D-769349363E17}.Debug|ARM.ActiveCfg = Debug|Win32
		{3D74F9FE-4819-496C-B26D-769349363E17}.Debug|ARM64.ActiveCfg = Debug|Win32
		{3D74F9FE-4819-496C-B26D-769349363E17}.Debug|x64.ActiveCfg = Debug|x64
		{3D74F9FE-4819-496C-B26D-769349363E17}.Debug|x64.Build.0 = Debug|x64
		{3D74F9FE-4819-496C-B26D-769349363E17}.Debug|x86.ActiveCfg = Debug|Win32
		{3D74F9FE-4819-496C-B26D-769349363E17}.Debug|x86.Build.0 = Debug|Win32
		{3D74F9FE-4819-496C-B26D-769349363E17}.Release|ARM.ActiveCfg = Release|Win32
		{3D74F9FE-4819-496C-B26D-769349363E17}.Release|ARM64.ActiveCfg = Release|Win32
		{3D74F9FE-4819-496C-B26D-769349363E17}.Release|x64.ActiveCfg = Release|x64
		{3D74F9FE-4819-496C-B26D-769349363E17}.Release|x64.Build.0 = Release|x64
		{3D74F9FE-4819-496C-B26D-769349363E17}.Release|x86.ActiveCfg = Release|Win32
		{3D74F9FE-4819-496C-B26D-769349363E17}.Release|x86.Build.0 = Release|Win32
		{68837FA4-E323-4FF9-BF57-24D31B89C3DF}.Debug|ARM.ActiveCfg = Debug|Win32
		{68837FA4-E323-4FF9-BF57-24D31B89C3DF}.Debug|ARM64.ActiveCfg = Debug|Win32
		{68837FA4-E323-4FF9-BF57-24D31B89C3DF}.Debug|x64.ActiveCfg = Debug|x64
		{68837FA4-E323-4FF9-BF57-24D31B89C3DF}.Debug|x64.Build.0 = Debug|x64
		{68837FA4-E323-4FF9-BF57-24D31B89C3DF}.Debug|x86.ActiveCfg = Debug|Win32
		{68837FA4-E323-4FF9-BF57-24D31B89C3DF}.Debug|x86.Build.0 = Debug|Win32
		{68837FA4-E323-4FF9-BF57-24D31B89C3DF}.Release|ARM.ActiveCfg = Release|Win32
		{68837FA4-E323-4FF9-BF57-24D31B89C3DF}.Release|ARM64.ActiveCfg = Release|Win32
		{68837FA4-E323-4FF9-BF57-24D31B89C3DF}.Release|x64.ActiveCfg = Release|x64
		{68837FA4-E323-4FF9-BF57-24D31B89C3DF}.Release|x64.Build.0 = Release|x64
		{68837FA4-E323-4FF9-BF57-24D31B89C3DF}.Release|x86.ActiveCfg = Release|Win32
		{68837FA4-E323-4FF9-BF57-24D31B89C3DF}.Release|x86.Build.0 = Release|Win32
		{6B55D0E2-047A-4456-AFA8-EF241F71BD0D}.Debug|ARM.ActiveCfg = Debug|Win32
		{6B55D0E2-047A-4456-AFA8-EF241F71BD0D}.Debug|ARM64.ActiveCfg = Debug|Win32
		{6B55D0E2-047A-4456-AFA8-EF241F71BD0D}.Debug|x64.ActiveCfg = Debug|x64
		{6B55D0E2-047A-4456-AFA8-EF241F71BD0D}.Debug|x64.Build.0 = Debug|x64
		{6B55D0E2-047A-4456-AFA8-EF241F71BD0D}.Debug|x86.ActiveCfg = Debug|Win32
		{6B55D0E2-047A-4456-AFA8-EF241F71BD0D}.Debug|x86.Build.0 = Debug|Win32
		{6B55D0E2-047A-4456-AFA8-EF241F71BD0D}.Release|ARM.ActiveCfg = Release|Win32
		{6B55D0E2-047A-4456-AFA8-EF241F71BD0D}.Release|ARM64.ActiveCfg = Release|Win32
		{6B55D0E2-047A-4456-AFA8-EF241F71BD0D}.Release|x64.ActiveCfg = Release|x64
		{6B55D0E2-047A-4456-AFA8-EF241F71BD0D}.Release|x64.Build.0 = Release|x64
		{6B55D0E2-047A-4456-AFA8-EF241F71BD0D}.Release|x86.ActiveCfg = Release|Win32
		{6B55D0E2-047A-4456-AFA8-EF241F71BD0D}.Release|x86.Build.0 = Release|Win32
		{99E06C1D-AE6C-45D5-B6C6-408292856FC0}.Debug|ARM.ActiveCfg = Debug|Win32
		{99E06C1D-AE6C-45D5-B6C6-408292856FC0}.Debug|ARM64.ActiveCfg = Debug|Win32
		{99E06C1D-AE6C-45D5-B6C6-408292856FC0}.Debug|x64.ActiveCfg = Debug|x64
		{99E06C1D-AE6C-45D5-B6C6-408292856FC0}.Debug|x64.Build.0 = Debug|x64
		{99E06C1D-AE6C-45D5-B6C6-408292856FC0}.Debug|x86.ActiveCfg = Debug|Win32
		{99E06C1D-AE6C-45D5-B6C6-408292856FC0}.Debug|x86.Build.0 = Debug|Win32
		{99E06C1D-AE6C-45D5-B6C6-408292856FC0}.Release|ARM.ActiveCfg = Release|Win32
		{99E06C1D-AE6C-45D5-B6C6-408292856FC0}.Release|ARM64.ActiveCfg = Release|Win32
		{99E06C1D-AE6C-45D5-B6C6-408292856FC0}.Release|x64.ActiveCfg = Release|x64
		{99E06C1D-AE6C-45D5-B6C6-408292856FC0}.Release|x64.Build.0 = Release|x64
		{99E06C1D-AE6C-45D5-B6C6-408292856FC0}.Release|x86.ActiveCfg = Release|Win32
		{99E06C1D-AE6C-45D5-B6C6-408292856FC0}.Release|x86.Build.0 = Release|Win32
		{66F4ACFC-5F04-455C-AE09-895B5B7E59EE}.Debug|ARM.ActiveCfg = Debug|Win32
		{66F4ACFC-5F04-455C-AE09-895B5B7E59EE}.Debug|ARM64.ActiveCfg = Debug|Win32
		{66F4ACFC-5F04-455C-AE09-895B5B7E59EE}.Debug|x64.ActiveCfg = Debug|x64
		{66F4ACFC-5F04-455C-AE09-895B5B7E59EE}.Debug|x64.Build.0 = Debug|x64
		{66F4ACFC-5F04-455C-AE09-895B5B7E59EE}.Debug|x86.ActiveCfg = Debug|Win32
		{66F4ACFC-5F04-455C-AE09-895B5B7E59EE}.Debug|x86.Build.0 = Debug|Win32
		{66F4ACFC-5F04-455C-AE09-895B5B7E59EE}.Release|ARM.ActiveCfg = Release|Win32
		{66F4ACFC-5F04-455C-AE09-895B5B7E59EE}.Release|ARM64.ActiveCfg = Release|Win32
		{66F4ACFC-5F04-455C-AE09-895B5B7E59EE}.Release|x64.ActiveCfg = Release|x64
		{66F4ACFC-5F04-455C-AE09-895B5B7E59EE}.Release|x64.Build.0 = Release|x64
		{66F4ACFC-5F04-455C-AE09-895B5B7E59EE}.Release|x86.ActiveCfg = Release|Win32
		{66F4ACFC-5F04-455C-AE09-895B5B7E59EE}.Release|x86.Build.0 = Release|Win32
		{2494829D-B521-47EF-844B-448EBCA84DA2}.Debug|ARM.ActiveCfg = Debug|Win32
		{2494829D-B521-47EF-844B-448EBCA84DA2}.Debug|ARM64.ActiveCfg = Debug|Win32
		{2494829D-B521-47EF-844B-448EBCA84DA2}.Debug|x64.ActiveCfg = Debug|x64
		{2494829D-B521-47EF-844B-448EBCA84DA2}.Debug|x64.Build.0 = Debug|x64
		{2494829D-B521-47EF-844B-448EBCA84DA2}.Debug|x86.ActiveCfg = Debug|Win32
		{2494829D-B521-47EF-844B-448EBCA84DA2}.Debug|x86.Build.0 = Debug|Win32
		{2494829D-B521-47EF-844B-448EBCA84DA2}.Release|ARM.ActiveCfg = Release|Win32
		{2494829D-B521-47EF-844B-448EBCA84DA2}.Release|ARM64.ActiveCfg = Release|Win32
		{2494829D-B521-47EF-844B-448EBCA84DA2}.Release|x64.ActiveCfg = Release|x64
		{2494829D-B521-47EF-844B-448EBCA84DA2}.Release|x64.Build.0 = Release|x64
		{2494829D-B521-47EF-844B-448EBCA84DA2}.Release|x86.ActiveCfg = Release|Win32
		{2494829D-B521-47EF-844B-448EBCA84DA2}.Release|x86.Build.0 = Release|Win32
		{B8C39764-CD40-4F11-878F-BBE16105DBA2}.Debug|ARM.ActiveCfg = Debug|Win32
		{B8C39764-CD40-4F11-878F-BBE16105DBA2}.Debug|ARM64.ActiveCfg = Debug|Win32
		{B8C39764-CD40-4F11-878F-BBE16105DBA2}.Debug|x64.ActiveCfg = Debug|x64
		{B8C39764-CD40-4F11-878F-BBE16105DBA2}.Debug|x64.Build.0 = Debug|x64
		{B8C39764-CD40-4F11-878F-BBE16105DBA2}.Debug|x86.ActiveCfg = Debug|Win32
		{B8C39764-CD40-4F11-878F-BBE16105DBA2}.Debug|x86.Build.0 = Debug|Win32
		{B8C39764-CD40-4F11-878F-BBE16105DBA2}.Release|ARM.ActiveCfg = Release|Win32
		{B8C39764-CD40-4F11-878F-BBE16105DBA2}.Release|ARM64.ActiveCfg = Release|Win32
		{B8C39764-CD40-4F11-878F-BBE16105DBA2}.Release|x64.ActiveCfg = Release|x64
		{B8C39764-CD40-4F11-878F-BBE16105DBA2}.Release|x64.Build.0 = Release|x64
		{B8C39764-CD40-4F11-878F-BBE16105DBA2}.Release|x86.ActiveCfg = Release|Win32
		{B8C39764-CD40-4F11-878F-BBE16105DBA2}.Release|x86.Build.0 = Release|Win32
		{D037AA01-020D-4484-B57E-72500BCC6214}.Debug|ARM.ActiveCfg = Debug|Win32
		{D037AA01-020D-4484-B57E-72500BCC6214}.Debug|ARM64.ActiveCfg = Debug|Win32
		{D037AA01-020D-4484-B57E-72500BCC6214}.Debug|x64.ActiveCfg = Debug|x64
		{D037AA01-020D-4484-B57E-72500BCC6214}.Debug|x64.Build.0 = Debug|x64
		{D037AA01-020D-4484-B57E-72500BCC6214}.Debug|x86.ActiveCfg = Debug|Win32
		{D037AA01-020D-4484-B57E-72500BCC6214}.Debug|x86.Build.0 = Debug|Win32
		{D037AA01-020D-4484-B57E-72500BCC6214}.Release|ARM.ActiveCfg = Release|Win32
		{D037AA01-020D-4484-B57E-72500BCC6214}.Release|ARM64.ActiveCfg = Release|Win32
		{D037AA01-020D-4484-B57E-72500BCC6214}.Release|x64.ActiveCfg = Release|x64
		{D037AA01-020D-4484-B57E-72500BCC6214}.Release|x64.Build.0 = Release|x64
		{D037AA01-020D-4484-B57E-72500BCC6214}.Release|x86.ActiveCfg = Release|Win32
		{D037AA01-020D-4484-B57E-72500BCC6214}.Release|x86.Build.0 = Release|Win32
		{89A644B4-491C-4463-84FF-6EC34917597E}.Debug|ARM.ActiveCfg = Debug|Win32
		{89A644B4-491C-4463-84FF-6EC34917597E}.Debug|ARM64.ActiveCfg = Debug|Win32
		{89A644B4-491C-4463-84FF-6EC34917597E}.Debug|x64.ActiveCfg = Debug|x64
		{89A644B4-491C-4463-84FF-6EC34917597E}.Debug|x64.Build.0 = Debug|x64
		{89A644B4-491C-4463-84FF-6EC34917597E}.Debug|x86.ActiveCfg = Debug|Win32
		{89A644B4-491C-4463-84FF-6EC34917597E}.Debug|x86.Build.0 = Debug|Win32
		{89A644B4-491C-4463-84FF-6EC34917597E}.Release|ARM.ActiveCfg = Release|Win32
		{89A644B4-491C-4463-84FF-6EC34917597E}.Release|ARM64.ActiveCfg = Release|Win32
		{89A644B4-491C-4463-84FF-6EC34917597E}.Release|x64.ActiveCfg = Release|x64
		{89A644B4-491C-4463-84FF-6EC34917597E}.Release|x64.Build.0 = Release|x64
		{89A644B4-491C-4463-84FF-6EC34917597E}.Release|x86.ActiveCfg = Release|Win32
		{89A644B4-491C-4463-84FF-6EC34917597E}.Release|x86.Build.0 = Release|Win32
		{56E2E72C-0202-434B-9AE4-A6A8235D8F96}.Debug|ARM.ActiveCfg = Debug|Win32
		{56E2E72C-0202-434B-9AE4-A6A8235D8F96}.Debug|ARM64.ActiveCfg = Debug|Win32
		{56E2E72C-0202-434B-9AE4-A6A8235D8F96}.Debug|x64.ActiveCfg = Debug|x64
		{56E2E72C-0202-434B-9AE4-A6A8235D8F96}.Debug|x64.Build.0 = Debug|x64
		{56E2E72C-0202-434B-9AE4-A6A8235D8F96}.Debug|x86.ActiveCfg = Debug|Win32
		{56E2E72C-0202-434B-9AE4-A6A8235D8F96}.Debug|x86.Build.0 = Debug|Win32
		{56E2E72C-0202-434B-9AE4-A6A8235D8F96}.Release|ARM.ActiveCfg = Release|Win32
		{56E2E72C-0202-434B-9AE4-A6A8235D8F96}.Release|ARM64.ActiveCfg = Release|Win32
		{56E2E72C-0202-434B-9AE4-A6A8235D8F96}.Release|x64.ActiveCfg = Release|x64
		{56E2E72C-0202-434B-9AE4-A6A8235D8F96}.Release|x64.Build.0 = Release|x64
		{56E2E72C-0202-434B-9AE4-A6A8235D8F96}.Release|x86.ActiveCfg = Release|Win32
		{56E2E72C-0202-434B-9AE4-A6A8235D8F96}.Release|x86.Build.0 = Release|Win32
		{A1170F5C-C766-4C91-A172-E20246ACE5FA}.Debug|ARM.ActiveCfg = Debug|Win32
		{A1170F5C-C766-4C91-A172-E20246ACE5FA}.Debug|ARM64.ActiveCfg = Debug|Win32
		{A1170F5C-C766-4C91-A172-E20246ACE5FA}.Debug|x64.ActiveCfg = Debug|x64
		{A1170F5C-C766-4C91-A172-E20246ACE5FA}.Debug|x64.Build.0 = Debug|x64
		{A1170F5C-C766-4C91-A172-E20246ACE5FA}.Debug|x86.ActiveCfg = Debug|Win32
		{A1170F5C-C766-4C91-A172-E20246ACE5FA}.Debug|x86.Build.0 = Debug|Win32
		{A1170F5C-C766-4C91-A172-E20246ACE5FA}.Release|ARM.ActiveCfg = Release|Win32
		{A1170F5C-C766-4C91-A172-E20246ACE5FA}.Release|ARM64.ActiveCfg = Release|Win32
		{A1170F5C-C766-4C91-A172-E20246ACE5FA}.Release|x64.ActiveCfg = Release|x64
		{A1170F5C-C766-4C91-A172-E20246ACE5FA}.Release|x64.Build.0 = Release|x64
		{A1170F5C-C766-4C91-A172-E20246ACE5FA}.Release|x86.ActiveCfg = Release|Win32
		{A1170F5C-C766-4C91-A172-E20246ACE5FA}.Release|x86.Build.0 = Release|Win32
		{C8A0070A-9EAF-4BDF-9AA1-F4496222A9C6}.Debug|ARM.ActiveCfg = Debug|Win32
		{C8A0070A-9EAF-4BDF-9AA1-F4496222A9C6}.Debug|ARM64.ActiveCfg = Debug|Win32
		{C8A0070A-9EAF-4BDF-9AA1-F4496222A9C6}.Debug|x64.ActiveCfg = Debug|x64
		{C8A0070A-9EAF-4BDF-9AA1-F4496222A9C6}.Debug|x64.Build.0 = Debug|x64
		{C8A0070A-9EAF-4BDF-9AA1-F4496222A9C6}.Debug|x86.ActiveCfg = Debug|Win32
		{C8A0070A-9EAF-4BDF-9AA1-F4496222A9C6}.Debug|x86.Build.0 = Debug|Win32
		{C8A0070A-9EAF-4BDF-9AA1-F4496222A9C6}.Release|ARM.ActiveCfg = Release|Win32
		{C8A0070A-9EAF-4BDF-9AA1-F4496222A9C6}.Release|ARM64.ActiveCfg = Release|Win32
		{C8A0070A-9EAF-4BDF-9AA1-F4496222A9C6}.Release|x64.ActiveCfg = Release|x64
		{C8A0070A-9EAF-4BDF-9AA1-F4496222A9C6}.Release|x64.Build.0 = Release|x64
		{C8A0070A-9EAF-4BDF-9AA1-F4496222A9C6}.Release|x86.ActiveCfg = Release|Win32
		{C8A0070A-9EAF-4BDF-9AA1-F4496222A9C6}.Release|x86.Build.0 = Release|Win32
		{717F87B6-39F0-4EEE-AFC7-F55EE40819E7}.Debug|ARM.ActiveCfg = Debug|Win32
		{717F87B6-39F0-4EEE-AFC7-F55EE40819E7}.Debug|ARM64.ActiveCfg = Debug|Win32
		{717F87B6-39F0-4EEE-AFC7-F55EE40819E7}.Debug|x64.ActiveCfg = Debug|x64
		{717F87B6-39F0-4EEE-AFC7-F55EE40819E7}.Debug|x64.Build.0 = Debug|x64
		{717F87B6-39F0-4EEE-AFC7-F55EE40819E7}.Debug|x86.ActiveCfg = Debug|Win32
		{717F87B6-39F0-4EEE-AFC7-F55EE40819E7}.Debug|x86.Build.0 = Debug|Win32
		{717F87B6-39F0-4EEE-AFC7-F55EE40819E7}.Release|ARM.ActiveCfg = Release|Win32
		{717F87B6-39F0-4EEE-AFC7-F55EE40819E7}.Release|ARM64.ActiveCfg = Release|Win32
		{717F87B6-39F0-4EEE-AFC7-F55EE40819E7}.Release|x64.ActiveCfg = Release|x64
		{717F87B6-39F0-4EEE-AFC7-F55EE40819E7}.Release|x64.Build.0 = Release|x64
		{717F87B6-39F0-4EEE-AFC7-F55EE40819E7}.Release|x86.ActiveCfg = Release|Win32
		{717F87B6-39F0-4EEE-AFC7-F55EE40819E7}.Release|x86.Build.0 = Release|Win32
		{FCBF2C90-0633-47FF-A416-74258BA96BA7}.Debug|ARM.ActiveCfg = Debug|Win32
		{FCBF2C90-0633-47FF-A416-74258BA96BA7}.Debug|ARM64.ActiveCfg = Debug|Win32
		{FCBF2C90-0633-47FF-A416-74258BA96BA7}.Debug|x64.ActiveCfg = Debug|x64
		{FCBF2C90-0633-47FF-A416-74258BA96BA7}.Debug|x64.Build.0 = Debug|x64
		{FCBF2C90-0633-47FF-A416-74258BA96BA7}.Debug|x86.ActiveCfg = Debug|Win32
		{FCBF2C90-0633-47FF-A416-74258BA96BA7}.Debug|x86.Build.0 = Debug|Win32
		{FCBF2C90-0633-47FF-A416-74258BA96BA7}.Release|ARM.ActiveCfg = Release|Win32
		{FCBF2C90-0633-47FF-A416-74258BA96BA7}.Release|ARM64.ActiveCfg = Release|Win32
		{FCBF2C90-0633-47FF-A416-74258BA96BA7}.Release|x64.ActiveCfg = Release|x64
		{FCBF2C90-0633-47FF-A416-74258BA96BA7}.Release|x64.Build.0 = Release|x64
		{FCBF2C90-0633-47FF-A416-74258BA96BA7}.Release|x86.ActiveCfg = Release|Win32
		{FCBF2C90-0633-47FF-A416-74258BA96BA7}.Release|x86.Build.0 = Release|Win32
		{472EB57D-4268-4E5C-84DF-A0D92DADF3D3}.Debug|ARM.ActiveCfg = Debug|Win32
		{472EB57D-4268-4E5C-84DF-A0D92DADF3D3}.Debug|ARM64.ActiveCfg = Debug|Win32
		{472EB57D-4268-4E5C-84DF-A0D92DADF3D3}.Debug|x64.ActiveCfg = Debug|x64
		{472EB57D-4268-4E5C-84DF-A0D92DADF3D3}.Debug|x64.Build.0 = Debug|x64
		{472EB57D-4268-4E5C-84DF-A0D92DADF3D3}.Debug|x86.ActiveCfg = Debug|Win32
		{472EB57D-4268-4E5C-84DF-A0D92DADF3D3}.Debug|x86.Build.0 = Debug|Win32
		{472EB57D-4268-4E5C-84DF-A0D92DADF3D3}.Release|ARM.ActiveCfg = Release|Win32
		{472EB57D-4268-4E5C-84DF-A0D92DADF3D3}.Release|ARM64.ActiveCfg = Release|Win32
		{472EB57D-4268-4E5C-84DF-A0D92DADF3D3}.Release|x64.ActiveCfg = Release|x64
		{472EB57D-4268-4E5C-84DF-A0D92DADF3D3}.Release|x64.Build.0 = Release|x64
		{472EB57D-4268-4E5C-84DF-A0D92DADF3D3}.Release|x86.ActiveCfg = Release|Win32
		{472EB57D-4268-4E5C-84DF-A0D92DADF3D3}.Release|x86.Build.0 = Release|Win32
		{9449C51F-829A-4918-9F39-99D5101D9AFD}.Debug|ARM.ActiveCfg = Debug|Win32
		{9449C51F-829A-4918-9F39-99D5101D9AFD}.Debug|ARM64.ActiveCfg = Debug|Win32
		{9449C51F-829A-4918-9F39-99D5101D9AFD}.Debug|x64.ActiveCfg = Debug|x64
		{9449C51F-829A-4918-9F39-99D5101D9AFD}.Debug|x64.Build.0 = Debug|x64
		{9449C51F-829A-4918-9F39-99D5101D9AFD}.Debug|x86.ActiveCfg = Debug|Win32
		{9449C51F-829A-4918-9F39-99D5101D9AFD}.Debug|x86.Build.0 = Debug|Win32
		{9449C51F-829A-4918-9F39-99D5101D9AFD}.Release|ARM.ActiveCfg = Release|Win32
		{9449C51F-829A-4918-9F39-99D5101D9AFD}.Release|ARM64.ActiveCfg = Release|Win32
		{9449C51F-829A-4918-9F39-99D5101D9AFD}.Release|x64.ActiveCfg = Release|x64
		{9449C51F-829A-4918-9F39-99D5101D9AFD}.Release|x64.Build.0 = Release|x64
		{9449C51F-829A-4918-9F39-99D5101D9AFD}.Release|x86.ActiveCfg = Release|Win32
		{9449C51F-829A-4918-9F39-99D5101D9AFD}.Release|x86.Build.0 = Release|Win32
		{49287384-AEA0-4195-8B90-15E1EFB14DF2}.Debug|ARM.ActiveCfg = Debug|Win32
		{49287384-AEA0-4195-8B90-15E1EFB14DF2}.Debug|ARM64.ActiveCfg = Debug|Win32
		{49287384-AEA0-4195-8B90-15E1EFB14DF2}.Debug|x64.ActiveCfg = Debug|x64
		{49287384-AEA0-4195-8B90-15E1EFB14DF2}.Debug|x64.Build.0 = Debug|x64
		{49287384-AEA0-4195-8B90-15E1EFB14DF2}.Debug|x86.ActiveCfg = Debug|Win32
		{49287384-AEA0-4195-8B90-15E1EFB14DF2}.Debug|x86.Build.0 = Debug|Win32
		{49287384-AEA0-4195-8B90-15E1EFB14DF2}.Release|ARM.ActiveCfg = Release|Win32
		{49287384-AEA0-4195-8B90-15E1EFB14DF2}.Release|ARM64.ActiveCfg = Release|Win32
		{49287384-AEA0-4195-8B90-15E1EFB14DF2}.Release|x64.ActiveCfg = Release|x64
		{49287384-AEA0-4195-8B90-15E1EFB14DF2}.Release|x64.Build.0 = Release|x64
		{49287384-AEA0-4195-8B90-15E1EFB14DF2}.Release|x86.ActiveCfg = Release|Win32
		{49287384-AEA0-4195-8B90-15E1EFB14DF2}.Release|x86.Build.0 = Release|Win32
		{4C64F3BF-2FC3-4288-9912-1682F4F34538}.Debug|ARM.ActiveCfg = Debug|Win32
		{4C64F3BF-2FC3-4288-9912-1682F4F34538}.Debug|ARM64.ActiveCfg = Debug|Win32
		{4C64F3BF-2FC3-4288-9912-1682F4F34538}.Debug|x64.ActiveCfg = Debug|x64
		{4C64F3BF-2FC3-4288-9912-1682F4F34538}.Debug|x64.Build.0 = Debug|x64
		{4C64F3BF-2FC3-4288-9912-1682F4F34538}.Debug|x86.ActiveCfg = Debug|Win32
		{4C64F3BF-2FC3-4288-9912-1682F4F34538}.Debug|x86.Build.0 = Debug|Win32
		{4C64F3BF-2FC3-4288-9912-1682F4F34538}.Release|ARM.ActiveCfg = Release|Win32
		{4C64F3BF-2FC3-4288-9912-1682F4F34538}.Release|ARM64.ActiveCfg = Release|Win32
		{4C64F3BF-2FC3-4288-9912-1682F4F34538}.Release|x64.ActiveCfg = Release|x64
		{4C64F3BF-2FC3-4288-9912-1682F4F34538}.Release|x64.Build.0 = Release|x64
		{4C64F3BF-2FC3-4288-9912-1682F4F34538}.Release|x86.ActiveCfg = Release|Win32
		{4C64F3BF-2FC3-4288-9912-1682F4F34538}.Release|x86.Build.0 = Release|Win32
		{5075BB4C-AD31-4EFF-A232-F4358C604F5F}.Debug|ARM.ActiveCfg = Debug|Win32
		{5075BB4C-AD31-4EFF-A232-F4358C604F5F}.Debug|ARM64.ActiveCfg = Debug|Win32
		{5075BB4C-AD31-4EFF-A232-F4358C604F5F}.Debug|x64.ActiveCfg = Debug|x64
		{5075BB4C-AD31-4EFF-A232-F4358C604F5F}.Debug|x64.Build.0 = Debug|x64
		{5075BB4C-AD31-4EFF-A232-F4358C604F5F}.Debug|x86.ActiveCfg = Debug|Win32
		{5075BB4C-AD31-4EFF-A232-F4358C604F5F}.Debug|x86.Build.0 = Debug|Win32
		{5075BB4C-AD31-4EFF-A232-F4358C604F5F}.Release|ARM.ActiveCfg = Release|Win32
		{5075BB4C-AD31-4EFF-A232-F4358C604F5F}.Release|ARM64.ActiveCfg = Release|Win32
		{5075BB4C-AD31-4EFF-A232-F4358C604F5F}.Release|x64.ActiveCfg = Release|x64
		{5075BB4C-AD31-4EFF-A232-F4358C604F5F}.Release|x64.Build.0 = Release|x64
		{5075BB4C-AD31-4EFF-A232-F4358C604F5F}.Release|x86.ActiveCfg = Release|Win32
		{5075BB4C-AD31-4EFF-A232-F4358C604F5F}.Release|x86.Build.0 = Release|Win32
		{1D4FDE16-3EEE-4BBB-8C0D-596EF17D556F}.Debug|ARM.ActiveCfg = Debug|Win32
		{1D4FDE16-3EEE-4BBB-8C0D-596EF17D556F}.Debug|ARM64.ActiveCfg = Debug|Win32
		{1D4FDE16-3EEE-4BBB-8C0D-596EF17D556F}.Debug|x64.ActiveCfg = Debug|x64
		{1D4FDE16-3EEE-4BBB-8C0D-596EF17D556F}.Debug|x64.Build.0 = Debug|x64
		{1D4FDE16-3EEE-4BBB-8C0D-596EF17D556F}.Debug|x86.ActiveCfg = Debug|Win32
		{1D4FDE16-3EEE-4BBB-8C0D-596EF17D556F}.Debug|x86.Build.0 = Debug|Win32
		{1D4FDE16-3EEE-4BBB-8C0D-596EF17D556F}.Release|ARM.ActiveCfg = Release|Win32
		{1D4FDE16-3EEE-4BBB-8C0D-596EF17D556F}.Release|ARM64.ActiveCfg = Release|Win32
		{1D4FDE16-3EEE-4BBB-8C0D-596EF17D556F}.Release|x64.ActiveCfg = Release|x64
		{1D4FDE16-3EEE-4BBB-8C0D-596EF17D556F}.Release|x64.Build.0 = Release|x64
		{1D4FDE16-3EEE-4BBB-8C0D-596EF17D556F}.Release|x86.ActiveCfg = Release|Win32
		{1D4FDE16-3EEE-4BBB-8C0D-596EF17D556F}.Release|x86.Build.0 = Release|Win32
		{824676CE-BCC2-4C6B-A1CA-DB386B95BFA6}.Debug|ARM.ActiveCfg = Debug|Win32
		{824676CE-BCC2-4C6B-A1CA-DB386B95BFA6}.Debug|ARM64.ActiveCfg = Debug|Win32
		{824676CE-BCC2-4C6B-A1CA-DB386B95BFA6}.Debug|x64.ActiveCfg = Debug|x64
		{824676CE-BCC2-4C6B-A1CA-DB386B95BFA6}.Debug|x64.Build.0 = Debug|x64
		{824676CE-BCC2-4C6B-A1CA-DB386B95BFA6}.Debug|x86.ActiveCfg = Debug|Win32
		{824676CE-BCC2-4C6B-A1CA-DB386B95BFA6}.Debug|x86.Build.0 = Debug|Win32
		{824676CE-BCC2-4C6B-A1CA-DB386B95BFA6}.Release|ARM.ActiveCfg = Release|Win32
		{824676CE-BCC2-4C6B-A1CA-DB386B95BFA6}.Release|ARM64.ActiveCfg = Release|Win32
		{824676CE-BCC2-4C6B-A1CA-DB386B95BFA6}.Release|x64.ActiveCfg = Release|x64
		{824676CE-BCC2-4C6B-A1CA-DB386B95BFA6}.Release|x64.Build.0 = Release|x64
		{824676CE-BCC2-4C6B-A1CA-DB386B95BFA6}.Release|x86.ActiveCfg = Release|Win32
		{824676CE-BCC2-4C6B-A1CA-DB386B95BFA6}.Release|x86.Build.0 = Release|Win32
		{1A9A504D-B08E-400D-A76A-5161D2ECEBE2}.Debug|ARM.ActiveCfg = Debug|Win32
		{1A9A504D-B08E-400D-A76A-5161D2ECEBE2}.Debug|ARM64.ActiveCfg = Debug|Win32
		{1A9A504D-B08E-400D-A76A-5161D2ECEBE2}.Debug|x64.ActiveCfg = Debug|x64
		{1A9A504D-B08E-400D-A76A-5161D2ECEBE2}.Debug|x64.Build.0 = Debug|x64
		{1A9A504D-B08E-400D-A76A-5161D2ECEBE2}.Debug|x86.ActiveCfg = Debug|Win32
		{1A9A504D-B08E-400D-A76A-5161D2ECEBE2}.Debug|x86.Build.0 = Debug|Win32
		{1A9A504D-B08E-400D-A76A-5161D2ECEBE2}.Release|ARM.ActiveCfg = Release|Win32
		{1A9A504D-B08E-400D-A76A-5161D2ECEBE2}.Release|ARM64.ActiveCfg = Release|Win32
		{1A9A504D-B08E-400D-A76A-5161D2ECEBE2}.Release|x64.ActiveCfg = Release|x64
		{1A9A504D-B08E-400D-A76A-5161D2ECEBE2}.Release|x64.Build.0 = Release|x64
		{1A9A504D-B08E-400D-A76A-5161D2ECEBE2}.Release|x86.ActiveCfg = Release|Win32
		{1A9A504D-B08E-400D-A76A-5161D2ECEBE2}.Release|x86.Build.0 = Release|Win32
		{9596A2A1-885C-4661-88F8-BF4F53FD511A}.Debug|ARM.ActiveCfg = Debug|Win32
		{9596A2A1-885C-4661-88F8-BF4F53FD511A}.Debug|ARM64.ActiveCfg = Debug|Win32
		{9596A2A1-885C-4661-88F8-BF4F53FD511A}.Debug|x64.ActiveCfg = Debug|x64
		{9596A2A1-885C-4661-88F8-BF4F53FD511A}.Debug|x64.Build.0 = Debug|x64
		{9596A2A1-885C-4661-88F8-BF4F53FD511A}.Debug|x86.ActiveCfg = Debug|Win32
		{9596A2A1-885C-4661-88F8-BF4F53FD511A}.Debug|x86.Build.0 = Debug|Win32
		{9596A2A1-885C-4661-88F8-BF4F53FD511A}.Release|ARM.ActiveCfg = Release|Win32
		{9596A2A1-885C-4661-88F8-BF4F53FD511A}.Release|ARM64.ActiveCfg = Release|Win32
		{9596A2A1-885C-4661-88F8-BF4F53FD511A}.Release|x64.ActiveCfg = Release|x64
		{9596A2A1-885C-4661-88F8-BF4F53FD511A}.Release|x64.Build.0 = Release|x64
		{9596A2A1-885C-4661-88F8-BF4F53FD511A}.Release|x86.ActiveCfg = Release|Win32
		{9596A2A1-885C-4661-88F8-BF4F53FD511A}.Release|x86.Build.0 = Release|Win32
		{A2178C03-BA5D-48BB-B6C2-65A13B237CD9}.Debug|ARM.ActiveCfg = Debug|Win32
		{A2178C03-BA5D-48BB-B6C2-65A13B237CD9}.Debug|ARM64.ActiveCfg = Debug|Win32
		{A2178C03-BA5D-48BB-B6C2-65A13B237CD9}.Debug|x64.ActiveCfg = Debug|x64
		{A2178C03-BA5D-48BB-B6C2-65A13B237CD9}.Debug|x64.Build.0 = Debug|x64
		{A2178C03-BA5D-48BB-B6C2-65A13B237CD9}.Debug|x86.ActiveCfg = Debug|Win32
		{A2178C03-BA5D-48BB-B6C2-65A13B237CD9}.Debug|x86.Build.0 = Debug|Win32
		{A2178C03-BA5D-48BB-B6C2-65A13B237CD9}.Release|ARM.ActiveCfg = Release|Win32
		{A2178C03-BA5D-48BB-B6C2-65A13B237CD9}.Release|ARM64.ActiveCfg = Release|Win32
		{A2178C03-BA5D-48BB-B6C2-65A13B237CD9}.Release|x64.ActiveCfg = Release|x64
		{A2178C03-BA5D-48BB-B6C2-65A13B237CD9}.Release|x64.Build.0 = Release|x64
		{A2178C03-BA5D-48BB-B6C2-65A13B237CD9}.Release|x86.ActiveCfg = Release|Win32
		{A2178C03-BA5D-48BB-B6C2-65A13B237CD9}.Release|x86.Build.0 = Release|Win32
		{2A3CCBC1-7E08-4467-855B-149812826E96}.Debug|ARM.ActiveCfg = Debug|Win32
		{2A3CCBC1-7E08-4467-855B-149812826E96}.Debug|ARM64.ActiveCfg = Debug|Win32
		{2A3CCBC1-7E08-4467-855B-149812826E96}.Debug|x64.ActiveCfg = Debug|x64
		{2A3CCBC1-7E08-4467-855B-149812826E96}.Debug|x64.Build.0 = Debug|x64
		{2A3CCBC1-7E08-4467-855B-149812826E96}.Debug|x86.ActiveCfg = Debug|Win32
		{2A3CCBC1-7E08-4467-855B-149812826E96}.Debug|x86.Build.0 = Debug|Win32
		{2A3CCBC1-7E08-4467-855B-149812826E96}.Release|ARM.ActiveCfg = Release|Win32
		{2A3CCBC1-7E08-4467-855B-149812826E96}.Release|ARM64.ActiveCfg = Release|Win32
		{2A3CCBC1-7E08-4467-855B-149812826E96}.Release|x64.ActiveCfg = Release|x64
		{2A3CCBC1-7E08-4467-855B-149812826E96}.Release|x64.Build.0 = Release|x64
		{2A3CCBC1-7E08-4467-855B-149812826E96}.Release|x86.ActiveCfg = Release|Win32
		{2A3CCBC1-7E08-4467-855B-149812826E96}.Release|x86.Build.0 = Release|Win32
		{53BE47C5-7369-4EE9-A6F9-36D999EA52C9}.Debug|ARM.ActiveCfg = Debug|Win32
		{53BE47C5-7369-4EE9-A6F9-36D999EA52C9}.Debug|ARM64.ActiveCfg = Debug|Win32
		{53BE47C5-7369-4EE9-A6F9-36D999EA52C9}.Debug|x64.ActiveCfg = Debug|x64
		{53BE47C5-7369-4EE9-A6F9-36D999EA52C9}.Debug|x64.Build.0 = Debug|x64
		{53BE47C5-7369-4EE9-A6F9-36D999EA52C9}.Debug|x86.ActiveCfg = Debug|Win32
		{53BE47C5-7369-4EE9-A6F9-36D999EA52C9}.Debug|x86.Build.0 = Debug|Win32
		{53BE47C5-7369-4EE9-A6F9-36D999EA52C9}.Release|ARM.ActiveCfg = Release|Win32
		{53BE47C5-7369-4EE9-A6F9-36D999EA52C9}.Release|ARM64.ActiveCfg = Release|Win32
		{53BE47C5-7369-4EE9-A6F9-36D999EA52C9}.Release|x64.ActiveCfg = Release|x64
		{53BE47C5-7369-4EE9-A6F9-36D999EA52C9}.Release|x64.Build.0 = Release|x64
		{53BE47C5-7369-4EE9-A6F9-36D999EA52C9}.Release|x86.ActiveCfg = Release|Win32
		{53BE47C5-7369-4EE9-A6F9-36D999EA52C9}.Release|x86.Build.0 = Release|Win32
		{F749A118-0166-4EB6-ACBB-D3CC1DA1E73B}.Debug|ARM.ActiveCfg = Debug|Win32
		{F749A118-0166-4EB6-ACBB-D3CC1DA1E73B}.Debug|ARM64.ActiveCfg = Debug|Win32
		{F749A118-0166-4EB6-ACBB-D3CC1DA1E73B}.Debug|x64.ActiveCfg = Debug|x64
		{F749A118-0166-4EB6-ACBB-D3CC1DA1E73B}.Debug|x64.Build.0 = Debug|x64
		{F749A118-0166-4EB6-ACBB-D3CC1DA1E73B}.Debug|x86.ActiveCfg = Debug|Win32
		{F749A118-0166-4EB6-ACBB-D3CC1DA1E73B}.Debug|x86.Build.0 = Debug|Win32
		{F749A118-0166-4EB6-ACBB-D3CC1DA1E73B}.Release|ARM.ActiveCfg = Release|Win32
		{F749A118-0166-4EB6-ACBB-D3CC1DA1E73B}.Release|ARM64.ActiveCfg = Release|Win32
		{F749A118-0166-4EB6-ACBB-D3CC1DA1E73B}.Release|x64.ActiveCfg = Release|x64
		{F749A118-0166-4EB6-ACBB-D3CC1DA1E73B}.Release|x64.Build.0 = Release|x64
		{F749A118-0166-4EB6-ACBB-D3CC1DA1E73B}.Release|x86.ActiveCfg = Release|Win32
		{F749A118-0166-4EB6-ACBB-D3CC1DA1E73B}.Release|x86.Build.0 = Release|Win32
		{E471A82C-D99C-4B46-814C-0264DE3F3716}.Debug|ARM.ActiveCfg = Debug|Win32
		{E471A82C-D99C-4B46-814C-0264DE3F3716}.Debug|ARM64.ActiveCfg = Debug|Win32
		{E471A82C-D99C-4B46-814C-0264DE3F3716}.Debug|x64.ActiveCfg = Debug|x64
		{E471A82C-D99C-4B46-814C-0264DE3F3716}.Debug|x64.Build.0 = Debug|x64
		{E471A82C-D99C-4B46-814C-0264DE3F3716}.Debug|x86.ActiveCfg = Debug|Win32
		{E471A82C-D99C-4B46-814C-0264DE3F3716}.Debug|x86.Build.0 = Debug|Win32
		{E471A82C-D99C-4B46-814C-0264DE3F3716}.Release|ARM.ActiveCfg = Release|Win32
		{E471A82C-D99C-4B46-814C-0264DE3F3716}.Release|ARM64.ActiveCfg = Release|Win32
		{E471A82C-D99C-4B46-814C-0264DE3F3716}.Release|x64.ActiveCfg = Release|x64
		{E471A82C-D99C-4B46-814C-0264DE3F3716}.Release|x64.Build.0 = Release|x64
		{E471A82C-D99C-4B46-814C-0264DE3F3716}.Release|x86.ActiveCfg = Release|Win32
		{E471A82C-D99C-4B46-814C-0264DE3F3716}.Release|x86.Build.0 = Release|Win32
		{60B3343C-4890-4E5E-91EB-00AE7F8A8FB4}.Debug|ARM.ActiveCfg = Debug|Win32
		{60B3343C-4890-4E5E-91EB-00AE7F8A8FB4}.Debug|ARM64.ActiveCfg = Debug|Win32
		{60B3343C-4890-4E5E-91EB-00AE7F8A8FB4}.Debug|x64.ActiveCfg = Debug|x64
		{60B3343C-4890-4E5E-91EB-00AE7F8A8FB4}.Debug|x64.Build.0 = Debug|x64
		{60B3343C-4890-4E5E-91EB-00AE7F8A8FB4}.Debug|x86.ActiveCfg = Debug|Win32
		{60B3343C-4890-4E5E-91EB-00AE7F8A8FB4}.Debug|x86.Build.0 = Debug|Win32
		{60B3343C-4890-4E5E-91EB-00AE7F8A8FB4}.Release|ARM.ActiveCfg = Release|Win32
		{60B3343C-4890-4E5E-91EB-00AE7F8A8FB4}.Release|ARM64.ActiveCfg = Release|Win32
		{60B3343C-4890-4E5E-91EB-00AE7F8A8FB4}.Release|x64.ActiveCfg = Release|x64
		{60B3343C-4890-4E5E-91EB-00AE7F8A8FB4}.Release|x64.Build.0 = Release|x64
		{60B3343C-4890-4E5E-91EB-00AE7F8A8FB4}.Release|x86.ActiveCfg = Release|Win32
		{60B3343C-4890-4E5E-91EB-00AE7F8A8FB4}.Release|x86.Build.0 = Release|Win32
		{E1B73491-D7B5-402D-9356-FF00070F620A}.Debug|ARM.ActiveCfg = Debug|Win32
		{E1B73491-D7B5-402D-9356-FF00070F620A}.Debug|ARM64.ActiveCfg = Debug|Win32
		{E1B73491-D7B5-402D-9356-FF00070F620A}.Debug|x64.ActiveCfg = Debug|x64
		{E1B73491-D7B5-402D-9356-FF00070F620A}.Debug|x64.Build.0 = Debug|x64
		{E1B73491-D7B5-402D-9356-FF00070F620A}.Debug|x86.ActiveCfg = Debug|Win32
		{E1B73491-D7B5-402D-9356-FF00070F620A}.Debug|x86.Build.0 = Debug|Win32
		{E1B73491-D7B5-402D-9356-FF00070F620A}.Release|ARM.ActiveCfg = Release|Win32
		{E1B73491-D7B5-402D-9356-FF00070F620A}.Release|ARM64.ActiveCfg = Release|Win32
		{E1B73491-D7B5-402D-9356-FF00070F620A}.Release|x64.ActiveCfg = Release|x64
		{E1B73491-D7B5-402D-9356-FF00070F620A}.Release|x64.Build.0 = Release|x64
		{E1B73491-D7B5-402D-9356-FF00070F620A}.Release|x86.ActiveCfg = Release|Win32
		{E1B73491-D7B5-402D-9356-FF00070F620A}.Release|x86.Build.0 = Release|Win32
		{462FCC9A-4614-4A6C-A4F5-39D0A97EE100}.Debug|ARM.ActiveCfg = Debug|Win32
		{462FCC9A-4614-4A6C-A4F5-39D0A97EE100}.Debug|ARM64.ActiveCfg = Debug|Win32
		{462FCC9A-4614-4A6C-A4F5-39D0A97EE100}.Debug|x64.ActiveCfg = Debug|x64
		{462FCC9A-4614-4A6C-A4F5-39D0A97EE100}.Debug|x64.Build.0 = Debug|x64
		{462FCC9A-4614-4A6C-A4F5-39D0A97EE100}.Debug|x86.ActiveCfg = Debug|Win32
		{462FCC9A-4614-4A6C-A4F5-39D0A97EE100}.Debug|x86.Build.0 = Debug|Win32
		{462FCC9A-4614-4A6C-A4F5-39D0A97EE100}.Release|ARM.ActiveCfg = Release|Win32
		{462FCC9A-4614-4A6C-A4F5-39D0A97EE100}.Release|ARM64.ActiveCfg = Release|Win32
		{462FCC9A-4614-4A6C-A4F5-39D0A97EE100}.Release|x64.ActiveCfg = Release|x64
		{462FCC9A-4614-4A6C-A4F5-39D0A97EE100}.Release|x64.Build.0 = Release|x64
		{462FCC9A-4614-4A6C-A4F5-39D0A97EE100}.Release|x86.ActiveCfg = Release|Win32
		{462FCC9A-4614-4A6C-A4F5-39D0A97EE100}.Release|x86.Build.0 = Release|Win32
		{E23292A3-FAF0-441B-B9F5-3E5B299CE6F7}.Debug|ARM.ActiveCfg = Debug|Win32
		{E23292A3-FAF0-441B-B9F5-3E5B299CE6F7}.Debug|ARM64.ActiveCfg = Debug|Win32
		{E23292A3-FAF0-441B-B9F5-3E5B299CE6F7}.Debug|x64.ActiveCfg = Debug|x64
		{E23292A3-FAF0-441B-B9F5-3E5B299CE6F7}.Debug|x64.Build.0 = Debug|x64
		{E23292A3-FAF0-441B-B9F5-3E5B299CE6F7}.Debug|x86.ActiveCfg = Debug|Win32
		{E23292A3-FAF0-441B-B9F5-3E5B299CE6F7}.Debug|x86.Build.0 = Debug|Win32
		{E23292A3-FAF0-441B-B9F5-3E5B299CE6F7}.Release|ARM.ActiveCfg = Release|Win32
		{E23292A3-FAF0-441B-B9F5-3E5B299CE6F7}.Release|ARM64.ActiveCfg = Release|Win32
		{E23292A3-FAF0-441B-B9F5-3E5B299CE6F7}.Release|x64.ActiveCfg = Release|x64
		{E23292A3-FAF0-441B-B9F5-3E5B299CE6F7}.Release|x64.Build.0 = Release|x64
		{E23292A3-FAF0-441B-B9F5-3E5B299CE6F7}.Release|x86.ActiveCfg = Release|Win32
		{E23292A3-FAF0-441B-B9F5-3E5B299CE6F7}.Release|x86.Build.0 = Release|Win32
		{7EA48351-4C2A-45E8-AA22-AA2948DB7436}.Debug|ARM.ActiveCfg = Debug|Win32
		{7EA48351-4C2A-45E8-AA22-AA2948DB7436}.Debug|ARM64.ActiveCfg = Debug|Win32
		{7EA48351-4C2A-45E8-AA22-AA2948DB7436}.Debug|x64.ActiveCfg = Debug|x64
		{7EA48351-4C2A-45E8-AA22-AA2948DB7436}.Debug|x64.Build.0 = Debug|x64
		{7EA48351-4C2A-45E8-AA22-AA2948DB7436}.Debug|x86.ActiveCfg = Debug|Win32
		{7EA48351-4C2A-45E8-AA22-AA2948DB7436}.Debug|x86.Build.0 = Debug|Win32
		{7EA48351-4C2A-45E8-AA22-AA2948DB7436}.Release|ARM.ActiveCfg = Release|Win32
		{7EA48351-4C2A-45E8-AA22-AA2948DB7436}.Release|ARM64.ActiveCfg = Release|Win32
		{7EA48351-4C2A-45E8-AA22-AA2948DB7436}.Release|x64.ActiveCfg = Release|x64
		{7EA48351-4C2A-45E8-AA22-AA2948DB7436}.Release|x64.Build.0 = Release|x64
		{7EA48351-4C2A-45E8-AA22-AA2948DB7436}.Release|x86.ActiveCfg = Release|Win32
		{7EA48351-4C2A-45E8-AA22-AA2948DB7436}.Release|x86.Build.0 = Release|Win32
		{971911E4-DA90-4A5C-A3BA-D4B11571AAEA}.Debug|ARM.ActiveCfg = Debug|Win32
		{971911E4-DA90-4A5C-A3BA-D4B11571AAEA}.Debug|ARM64.ActiveCfg = Debug|Win32
		{971911E4-DA90-4A5C-A3BA-D4B11571AAEA}.Debug|x64.ActiveCfg = Debug|x64
		{971911E4-DA90-4A5C-A3BA-D4B11571AAEA}.Debug|x64.Build.0 = Debug|x64
		{971911E4-DA90-4A5C-A3BA-D4B11571AAEA}.Debug|x86.ActiveCfg = Debug|Win32
		{971911E4-DA90-4A5C-A3BA-D4B11571AAEA}.Debug|x86.Build.0 = Debug|Win32
		{971911E4-DA90-4A5C-A3BA-D4B11571AAEA}.Release|ARM.ActiveCfg = Release|Win32
		{971911E4-DA90-4A5C-A3BA-D4B11571AAEA}.Release|ARM64.ActiveCfg = Release|Win32
		{971911E4-DA90-4A5C-A3BA-D4B11571AAEA}.Release|x64.ActiveCfg = Release|x64
		{971911E4-DA90-4A5C-A3BA-D4B11571AAEA}.Release|x64.Build.0 = Release|x64
		{971911E4-DA90-4A5C-A3BA-D4B11571AAEA}.Release|x86.ActiveCfg = Release|Win32
		{971911E4-DA90-4A5C-A3BA-D4B11571AAEA}.Release|x86.Build.0 = Release|Win32
		{2AA58A65-710A-484B-9262-5E9D07DF34E6}.Debug|ARM.ActiveCfg = Debug|Win32
		{2AA58A65-710A-484B-9262-5E9D07DF34E6}.Debug|ARM64.ActiveCfg = Debug|Win32
		{2AA58A65-710A-484B-9262-5E9D07DF34E6}.Debug|x64.ActiveCfg = Debug|x64
		{2AA58A65-710A-484B-9262-5E9D07DF34E6}.Debug|x64.Build.0 = Debug|x64
		{2AA58A65-710A-484B-9262-5E9D07DF34E6}.Debug|x86.ActiveCfg = Debug|Win32
		{2AA58A65-710A-484B-9262-5E9D07DF34E6}.Debug|x86.Build.0 = Debug|Win32
		{2AA58A65-710A-484B-9262-5E9D07DF34E6}.Release|ARM.ActiveCfg = Release|Win32
		{2AA58A65-710A-484B-9262-5E9D07DF34E6}.Release|ARM64.ActiveCfg = Release|Win32
		{2AA58A65-710A-484B-9262-5E9D07DF34E6}.Release|x64.ActiveCfg = Release|x64
		{2AA58A65-710A-484B-9262-5E9D07DF34E6}.Release|x64.Build.0 = Release|x64
		{2AA58A65-710A-484B-9262-5E9D07DF34E6}.Release|x86.ActiveCfg = Release|Win32
		{2AA58A65-710A-484B-9262-5E9D07DF34E6}.Release|x86.Build.0 = Release|Win32
		{29153927-4650-4F1B-8E32-9A53A3852BF0}.Debug|ARM.ActiveCfg = Debug|Win32
		{29153927-4650-4F1B-8E32-9A53A3852BF0}.Debug|ARM64.ActiveCfg = Debug|Win32
		{29153927-4650-4F1B-8E32-9A53A3852BF0}.Debug|x64.ActiveCfg = Debug|x64
		{29153927-4650-4F1B-8E32-9A53A3852BF0}.Debug|x64.Build.0 = Debug|x64
		{29153927-4650-4F1B-8E32-9A53A3852BF0}.Debug|x86.ActiveCfg = Debug|Win32
		{29153927-4650-4F1B-8E32-9A53A3852BF0}.Debug|x86.Build.0 = Debug|Win32
		{29153927-4650-4F1B-8E32-9A53A3852BF0}.Release|ARM.ActiveCfg = Release|Win32
		{29153927-4650-4F1B-8E32-9A53A3852BF0}.Release|ARM64.ActiveCfg = Release|Win32
		{29153927-4650-4F1B-8E32-9A53A3852BF0}.Release|x64.ActiveCfg = Release|x64
		{29153927-4650-4F1B-8E32-9A53A3852BF0}.Release|x64.Build.0 = Release|x64
		{29153927-4650-4F1B-8E32-9A53A3852BF0}.Release|x86.ActiveCfg = Release|Win32
		{29153927-4650-4F1B-8E32-9A53A3852BF0}.Release|x86.Build.0 = Release|Win32
		{112BAB4A-F731-4DBA-B9B6-C3E0A9DAD500}.Debug|ARM.ActiveCfg = Debug|Win32
		{112BAB4A-F731-4DBA-B9B6-C3E0A9DAD500}.Debug|ARM64.ActiveCfg = Debug|Win32
		{112BAB4A-F731-4DBA-B9B6-C3E0A9DAD500}.Debug|x64.ActiveCfg = Debug|x64
		{112BAB4A-F731-4DBA-B9B6-C3E0A9DAD500}.Debug|x64.Build.0 = Debug|x64
		{112BAB4A-F731-4DBA-B9B6-C3E0A9DAD500}.Debug|x86.ActiveCfg = Debug|Win32
		{112BAB4A-F731-4DBA-B9B6-C3E0A9DAD500}.Debug|x86.Build.0 = Debug|Win32
		{112BAB4A-F731-4DBA-B9B6-C3E0A9DAD500}.Release|ARM.ActiveCfg = Release|Win32
		{112BAB4A-F731-4DBA-B9B6-C3E0A9DAD500}.Release|ARM64.ActiveCfg = Release|Win32
		{112BAB4A-F731-4DBA-B9B6-C3E0A9DAD500}.Release|x64.ActiveCfg = Release|x64
		{112BAB4A-F731-4DBA-B9B6-C3E0A9DAD500}.Release|x64.Build.0 = Release|x64
		{112BAB4A-F731-4DBA-B9B6-C3E0A9DAD500}.Release|x86.ActiveCfg = Release|Win32
		{112BAB4A-F731-4DBA-B9B6-C3E0A9DAD500}.Release|x86.Build.0 = Release|Win32
		{FC01AEE8-96A4-4958-8D82-660840B5B6D0}.Debug|ARM.ActiveCfg = Debug|Win32
		{FC01AEE8-96A4-4958-8D82-660840B5B6D0}.Debug|ARM64.ActiveCfg = Debug|Win32
		{FC01AEE8-96A4-4958-8D82-660840B5B6D0}.Debug|x64.ActiveCfg = Debug|x64
		{FC01AEE8-96A4-4958-8D82-660840B5B6D0}.Debug|x64.Build.0 = Debug|x64
		{FC01AEE8-96A4-4958-8D82-660840B5B6D0}.Debug|x86.ActiveCfg = Debug|Win32
		{FC01AEE8-96A4-4958-8D82-660840B5B6D0}.Debug|x86.Build.0 = Debug|Win32
		{FC01AEE8-96A4-4958-8D82-660840B5B6D0}.Release|ARM.ActiveCfg = Release|Win32
		{FC01AEE8-96A4-4958-8D82-660840B5B6D0}.Release|ARM64.ActiveCfg = Release|Win32
		{FC01AEE8-96A4-4958-8D82-660840B5B6D0}.Release|x64.ActiveCfg = Release|x64
		{FC01AEE8-96A4-4958-8D82-660840B5B6D0}.Release|x64.Build.0 = Release|x64
		{FC01AEE8-96A4-4958-8D82-660840B5B6D0}.Release|x86.ActiveCfg = Release|Win32
		{FC01AEE8-96A4-4958-8D82-660840B5B6D0}.Release|x86.Build.0 = Release|Win32
		{C35D105B-10AF-404E-859A-A64E8BD78DD7}.Debug|ARM.ActiveCfg = Debug|Win32
		{C35D105B-10AF-404E-859A-A64E8BD78DD7}.Debug|ARM64.ActiveCfg = Debug|Win32
		{C35D105B-10AF-404E-859A-A64E8BD78DD7}.Debug|x64.ActiveCfg = Debug|x64
		{C35D105B-10AF-404E-859A-A64E8BD78DD7}.Debug|x64.Build.0 = Debug|x64
		{C35D105B-10AF-404E-859A-A64E8BD78DD7}.Debug|x86.ActiveCfg = Debug|Win32
		{C35D105B-10AF-404E-859A-A64E8BD78DD7}.Debug|x86.Build.0 = Debug|Win32
		{C35D105B-10AF-404E-859A-A64E8BD78DD7}.Release|ARM.ActiveCfg = Release|Win32
		{C35D105B-10AF-404E-859A-A64E8BD78DD7}.Release|ARM64.ActiveCfg = Release|Win32
		{C35D105B-10AF-404E-859A-A64E8BD78DD7}.Release|x64.ActiveCfg = Release|x64
		{C35D105B-10AF-404E-859A-A64E8BD78DD7}.Release|x64.Build.0 = Release|x64
		{C35D105B-10AF-404E-859A-A64E8BD78DD7}.Release|x86.ActiveCfg = Release|Win32
		{C35D105B-10AF-404E-859A-A64E8BD78DD7}.Release|x86.Build.0 = Release|Win32
	EndGlobalSection
	GlobalSection(SolutionProperties) = preSolution
		HideSolutionNode = FALSE
	EndGlobalSection
	GlobalSection(NestedProjects) = preSolution
		{B8FCA437-A73D-44B7-908D-421BD6B68197} = {42B77636-EA6D-4D5F-AE4D-135143CB461F}
		{757938BD-E3BE-4F99-8837-189A60C89A2D} = {42B77636-EA6D-4D5F-AE4D-135143CB461F}
		{38F9851D-9DEC-4E31-9019-BC64F8EBA7D5} = {42B77636-EA6D-4D5F-AE4D-135143CB461F}
		{2AC3D40A-3600-4CCB-9684-4ABFD1941E74} = {42B77636-EA6D-4D5F-AE4D-135143CB461F}
		{EA3788FA-C5C5-4487-9301-D4716A606862} = {42B77636-EA6D-4D5F-AE4D-135143CB461F}
		{3D74F9FE-4819-496C-B26D-769349363E17} = {42B77636-EA6D-4D5F-AE4D-135143CB461F}
		{BBB98089-15D4-4FC0-80B3-691BFE8900B4} = {2AE2E050-FFD1-47A3-9D76-21173A599960}
		{B66591C3-8C0C-434F-BB42-98BADDCA5C28} = {2AE2E050-FFD1-47A3-9D76-21173A599960}
		{68837FA4-E323-4FF9-BF57-24D31B89C3DF} = {B66591C3-8C0C-434F-BB42-98BADDCA5C28}
		{6B55D0E2-047A-4456-AFA8-EF241F71BD0D} = {B66591C3-8C0C-434F-BB42-98BADDCA5C28}
		{99E06C1D-AE6C-45D5-B6C6-408292856FC0} = {2AE2E050-FFD1-47A3-9D76-21173A599960}
		{66F4ACFC-5F04-455C-AE09-895B5B7E59EE} = {2AE2E050-FFD1-47A3-9D76-21173A599960}
		{42B77636-EA6D-4D5F-AE4D-135143CB461F} = {2AE2E050-FFD1-47A3-9D76-21173A599960}
		{2494829D-B521-47EF-844B-448EBCA84DA2} = {B2E199D2-9763-43B4-9B9B-56B93B7E177A}
		{B8C39764-CD40-4F11-878F-BBE16105DBA2} = {B2E199D2-9763-43B4-9B9B-56B93B7E177A}
		{D037AA01-020D-4484-B57E-72500BCC6214} = {B2E199D2-9763-43B4-9B9B-56B93B7E177A}
		{89A644B4-491C-4463-84FF-6EC34917597E} = {B2E199D2-9763-43B4-9B9B-56B93B7E177A}
		{56E2E72C-0202-434B-9AE4-A6A8235D8F96} = {B2E199D2-9763-43B4-9B9B-56B93B7E177A}
		{A1170F5C-C766-4C91-A172-E20246ACE5FA} = {B2E199D2-9763-43B4-9B9B-56B93B7E177A}
		{C8A0070A-9EAF-4BDF-9AA1-F4496222A9C6} = {B2E199D2-9763-43B4-9B9B-56B93B7E177A}
		{717F87B6-39F0-4EEE-AFC7-F55EE40819E7} = {B2E199D2-9763-43B4-9B9B-56B93B7E177A}
		{FCBF2C90-0633-47FF-A416-74258BA96BA7} = {19B54F1E-6382-4B91-921B-B11FEFDD0DA7}
		{472EB57D-4268-4E5C-84DF-A0D92DADF3D3} = {19B54F1E-6382-4B91-921B-B11FEFDD0DA7}
		{9449C51F-829A-4918-9F39-99D5101D9AFD} = {19B54F1E-6382-4B91-921B-B11FEFDD0DA7}
		{49287384-AEA0-4195-8B90-15E1EFB14DF2} = {19B54F1E-6382-4B91-921B-B11FEFDD0DA7}
		{4C64F3BF-2FC3-4288-9912-1682F4F34538} = {19B54F1E-6382-4B91-921B-B11FEFDD0DA7}
		{462FCC9A-4614-4A6C-A4F5-39D0A97EE100} = {EC18A802-3E01-462A-87E5-B93E53596850}
		{E23292A3-FAF0-441B-B9F5-3E5B299CE6F7} = {EC18A802-3E01-462A-87E5-B93E53596850}
		{7EA48351-4C2A-45E8-AA22-AA2948DB7436} = {EC18A802-3E01-462A-87E5-B93E53596850}
	EndGlobalSection
	GlobalSection(ExtensibilityGlobals) = postSolution
		SolutionGuid = {1E3333A5-9F00-49C1-9B35-DDA8A9FD343B}
	EndGlobalSection
EndGlobal
