
Microsoft Visual Studio Solution File, Format Version 12.00
# Visual Studio Version 16
VisualStudioVersion = 16.0.32602.291
MinimumVisualStudioVersion = 10.0.40219.1
Project("{8BC9CEB8-8B4A-11D0-8D11-00A0C91BC942}") = "KGCA41", "KGCA41\KGCA41.vcxproj", "{517D82C9-0C2E-4D50-BA3F-79F8F070FCEB}"
EndProject
Project("{8BC9CEB8-8B4A-11D0-8D11-00A0C91BC942}") = "FileIO_0", "FileIO_0\FileIO_0.vcxproj", "{EFB31166-26A8-4034-A8E1-603012F602DE}"
EndProject
Project("{8BC9CEB8-8B4A-11D0-8D11-00A0C91BC942}") = "FileIO_1", "FileIO_1\FileIO_1.vcxproj", "{0CF790A2-5B30-46B0-835A-B901661523A7}"
EndProject
Project("{8BC9CEB8-8B4A-11D0-8D11-00A0C91BC942}") = "LinkedList_0", "LinkedList_0\LinkedList_0.vcxproj", "{89551007-BDAE-4299-A439-52F0876139BF}"
EndProject
Project("{8BC9CEB8-8B4A-11D0-8D11-00A0C91BC942}") = "LinkedList_1", "LinkedList_1\LinkedList_1.vcxproj", "{C80CB10E-DDA5-40DB-AB7C-DA0F7BD4B5DF}"
EndProject
Project("{8BC9CEB8-8B4A-11D0-8D11-00A0C91BC942}") = "LinkedListLib", "LinkedListLib\LinkedListLib.vcxproj", "{AC38B43A-E688-4732-84DC-150761A9EF7A}"
EndProject
Global
	GlobalSection(SolutionConfigurationPlatforms) = preSolution
		Debug|x64 = Debug|x64
		Debug|x86 = Debug|x86
		Release|x64 = Release|x64
		Release|x86 = Release|x86
	EndGlobalSection
	GlobalSection(ProjectConfigurationPlatforms) = postSolution
		{517D82C9-0C2E-4D50-BA3F-79F8F070FCEB}.Debug|x64.ActiveCfg = Debug|x64
		{517D82C9-0C2E-4D50-BA3F-79F8F070FCEB}.Debug|x64.Build.0 = Debug|x64
		{517D82C9-0C2E-4D50-BA3F-79F8F070FCEB}.Debug|x86.ActiveCfg = Debug|Win32
		{517D82C9-0C2E-4D50-BA3F-79F8F070FCEB}.Debug|x86.Build.0 = Debug|Win32
		{517D82C9-0C2E-4D50-BA3F-79F8F070FCEB}.Release|x64.ActiveCfg = Release|x64
		{517D82C9-0C2E-4D50-BA3F-79F8F070FCEB}.Release|x64.Build.0 = Release|x64
		{517D82C9-0C2E-4D50-BA3F-79F8F070FCEB}.Release|x86.ActiveCfg = Release|Win32
		{517D82C9-0C2E-4D50-BA3F-79F8F070FCEB}.Release|x86.Build.0 = Release|Win32
		{EFB31166-26A8-4034-A8E1-603012F602DE}.Debug|x64.ActiveCfg = Debug|x64
		{EFB31166-26A8-4034-A8E1-603012F602DE}.Debug|x64.Build.0 = Debug|x64
		{EFB31166-26A8-4034-A8E1-603012F602DE}.Debug|x86.ActiveCfg = Debug|Win32
		{EFB31166-26A8-4034-A8E1-603012F602DE}.Debug|x86.Build.0 = Debug|Win32
		{EFB31166-26A8-4034-A8E1-603012F602DE}.Release|x64.ActiveCfg = Release|x64
		{EFB31166-26A8-4034-A8E1-603012F602DE}.Release|x64.Build.0 = Release|x64
		{EFB31166-26A8-4034-A8E1-603012F602DE}.Release|x86.ActiveCfg = Release|Win32
		{EFB31166-26A8-4034-A8E1-603012F602DE}.Release|x86.Build.0 = Release|Win32
		{0CF790A2-5B30-46B0-835A-B901661523A7}.Debug|x64.ActiveCfg = Debug|x64
		{0CF790A2-5B30-46B0-835A-B901661523A7}.Debug|x64.Build.0 = Debug|x64
		{0CF790A2-5B30-46B0-835A-B901661523A7}.Debug|x86.ActiveCfg = Debug|Win32
		{0CF790A2-5B30-46B0-835A-B901661523A7}.Debug|x86.Build.0 = Debug|Win32
		{0CF790A2-5B30-46B0-835A-B901661523A7}.Release|x64.ActiveCfg = Release|x64
		{0CF790A2-5B30-46B0-835A-B901661523A7}.Release|x64.Build.0 = Release|x64
		{0CF790A2-5B30-46B0-835A-B901661523A7}.Release|x86.ActiveCfg = Release|Win32
		{0CF790A2-5B30-46B0-835A-B901661523A7}.Release|x86.Build.0 = Release|Win32
		{89551007-BDAE-4299-A439-52F0876139BF}.Debug|x64.ActiveCfg = Debug|x64
		{89551007-BDAE-4299-A439-52F0876139BF}.Debug|x64.Build.0 = Debug|x64
		{89551007-BDAE-4299-A439-52F0876139BF}.Debug|x86.ActiveCfg = Debug|Win32
		{89551007-BDAE-4299-A439-52F0876139BF}.Debug|x86.Build.0 = Debug|Win32
		{89551007-BDAE-4299-A439-52F0876139BF}.Release|x64.ActiveCfg = Release|x64
		{89551007-BDAE-4299-A439-52F0876139BF}.Release|x64.Build.0 = Release|x64
		{89551007-BDAE-4299-A439-52F0876139BF}.Release|x86.ActiveCfg = Release|Win32
		{89551007-BDAE-4299-A439-52F0876139BF}.Release|x86.Build.0 = Release|Win32
		{C80CB10E-DDA5-40DB-AB7C-DA0F7BD4B5DF}.Debug|x64.ActiveCfg = Debug|x64
		{C80CB10E-DDA5-40DB-AB7C-DA0F7BD4B5DF}.Debug|x64.Build.0 = Debug|x64
		{C80CB10E-DDA5-40DB-AB7C-DA0F7BD4B5DF}.Debug|x86.ActiveCfg = Debug|Win32
		{C80CB10E-DDA5-40DB-AB7C-DA0F7BD4B5DF}.Debug|x86.Build.0 = Debug|Win32
		{C80CB10E-DDA5-40DB-AB7C-DA0F7BD4B5DF}.Release|x64.ActiveCfg = Release|x64
		{C80CB10E-DDA5-40DB-AB7C-DA0F7BD4B5DF}.Release|x64.Build.0 = Release|x64
		{C80CB10E-DDA5-40DB-AB7C-DA0F7BD4B5DF}.Release|x86.ActiveCfg = Release|Win32
		{C80CB10E-DDA5-40DB-AB7C-DA0F7BD4B5DF}.Release|x86.Build.0 = Release|Win32
		{AC38B43A-E688-4732-84DC-150761A9EF7A}.Debug|x64.ActiveCfg = Debug|x64
		{AC38B43A-E688-4732-84DC-150761A9EF7A}.Debug|x64.Build.0 = Debug|x64
		{AC38B43A-E688-4732-84DC-150761A9EF7A}.Debug|x86.ActiveCfg = Debug|Win32
		{AC38B43A-E688-4732-84DC-150761A9EF7A}.Debug|x86.Build.0 = Debug|Win32
		{AC38B43A-E688-4732-84DC-150761A9EF7A}.Release|x64.ActiveCfg = Release|x64
		{AC38B43A-E688-4732-84DC-150761A9EF7A}.Release|x64.Build.0 = Release|x64
		{AC38B43A-E688-4732-84DC-150761A9EF7A}.Release|x86.ActiveCfg = Release|Win32
		{AC38B43A-E688-4732-84DC-150761A9EF7A}.Release|x86.Build.0 = Release|Win32
	EndGlobalSection
	GlobalSection(SolutionProperties) = preSolution
		HideSolutionNode = FALSE
	EndGlobalSection
	GlobalSection(ExtensibilityGlobals) = postSolution
		SolutionGuid = {1E3333A5-9F00-49C1-9B35-DDA8A9FD343B}
	EndGlobalSection
EndGlobal
