
Microsoft Visual Studio Solution File, Format Version 12.00
# Visual Studio Version 16
VisualStudioVersion = 16.0.32602.291
MinimumVisualStudioVersion = 10.0.40219.1
Project("{8BC9CEB8-8B4A-11D0-8D11-00A0C91BC942}") = "KGCA41", "KGCA41\KGCA41.vcxproj", "{517D82C9-0C2E-4D50-BA3F-79F8F070FCEB}"
EndProject
Project("{8BC9CEB8-8B4A-11D0-8D11-00A0C91BC942}") = "FileIO_0", "FileIO_0\FileIO_0.vcxproj", "{EFB31166-26A8-4034-A8E1-603012F602DE}"
EndProject
Project("{8BC9CEB8-8B4A-11D0-8D11-00A0C91BC942}") = "FileIO_1", "FileIO_1\FileIO_1.vcxproj", "{0CF790A2-5B30-46B0-835A-B901661523A7}"
EndProject
Project("{8BC9CEB8-8B4A-11D0-8D11-00A0C91BC942}") = "LinkedList_0", "LinkedList_0\LinkedList_0.vcxproj", "{89551007-BDAE-4299-A439-52F0876139BF}"
EndProject
Project("{8BC9CEB8-8B4A-11D0-8D11-00A0C91BC942}") = "LinkedList_1", "LinkedList_1\LinkedList_1.vcxproj", "{C80CB10E-DDA5-40DB-AB7C-DA0F7BD4B5DF}"
EndProject
Project("{8BC9CEB8-8B4A-11D0-8D11-00A0C91BC942}") = "LinkedListLib", "LinkedListLib\LinkedListLib.vcxproj", "{AC38B43A-E688-4732-84DC-150761A9EF7A}"
EndProject
Project("{8BC9CEB8-8B4A-11D0-8D11-00A0C91BC942}") = "TemplateSample", "TemplateSample\TemplateSample.vcxproj", "{D94C2CD8-3CE5-46F8-B4B1-F0925F0163B8}"
EndProject
Project("{8BC9CEB8-8B4A-11D0-8D11-00A0C91BC942}") = "tree_0", "tree_0\tree_0.vcxproj", "{00E13838-5813-4145-B503-1B3E24DB79E9}"
EndProject
Project("{2150E333-8FDC-42A3-9474-1A3956D46DE8}") = "c++", "c++", "{B8AD502B-56D9-4020-8195-AFEF939F5777}"
EndProject
Project("{2150E333-8FDC-42A3-9474-1A3956D46DE8}") = "DS", "DS", "{C37A5796-A9B2-47F7-B7CC-5F67728B78B8}"
EndProject
Project("{8BC9CEB8-8B4A-11D0-8D11-00A0C91BC942}") = "Tree_1", "Tree_1\Tree_1.vcxproj", "{CE421673-71E8-4E08-8921-1CB843A0EF65}"
EndProject
Project("{2150E333-8FDC-42A3-9474-1A3956D46DE8}") = "stl", "stl", "{2F9CAB87-F675-44C3-8782-F3AA5BEB8C5A}"
EndProject
Project("{8BC9CEB8-8B4A-11D0-8D11-00A0C91BC942}") = "vector_0", "vector_0\vector_0.vcxproj", "{65EDA6F5-FA13-41B7-AC58-385F6D54F3FD}"
EndProject
Project("{8BC9CEB8-8B4A-11D0-8D11-00A0C91BC942}") = "vector_1", "vector_1\vector_1.vcxproj", "{D5FC4382-9F76-4364-A199-9C8F00E025E7}"
EndProject
Project("{8BC9CEB8-8B4A-11D0-8D11-00A0C91BC942}") = "Vector_3", "Vector_3\Vector_3.vcxproj", "{94ECD78C-E6E3-4DB2-902F-B9D3E8B50983}"
EndProject
Project("{8BC9CEB8-8B4A-11D0-8D11-00A0C91BC942}") = "list_0", "list_0\list_0.vcxproj", "{62F54FB2-8449-4427-9B9A-477713E311FB}"
EndProject
Project("{8BC9CEB8-8B4A-11D0-8D11-00A0C91BC942}") = "string_0", "string_0\string_0.vcxproj", "{D7908F5B-7BD1-4902-9B71-C4767A8F8244}"
EndProject
Project("{8BC9CEB8-8B4A-11D0-8D11-00A0C91BC942}") = "map_0", "map_0\map_0.vcxproj", "{057F081C-9AA8-477B-85B0-FB121A03524A}"
EndProject
Project("{8BC9CEB8-8B4A-11D0-8D11-00A0C91BC942}") = "set_0", "set_0\set_0.vcxproj", "{47E730A5-EEB7-47C5-8537-6E5962922648}"
EndProject
Project("{8BC9CEB8-8B4A-11D0-8D11-00A0C91BC942}") = "PriorityQueue", "PriorityQueue\PriorityQueue.vcxproj", "{6616B2D9-5A33-4D93-ACC7-649333F1C3BE}"
EndProject
Global
	GlobalSection(SolutionConfigurationPlatforms) = preSolution
		Debug|x64 = Debug|x64
		Debug|x86 = Debug|x86
		Release|x64 = Release|x64
		Release|x86 = Release|x86
	EndGlobalSection
	GlobalSection(ProjectConfigurationPlatforms) = postSolution
		{517D82C9-0C2E-4D50-BA3F-79F8F070FCEB}.Debug|x64.ActiveCfg = Debug|x64
		{517D82C9-0C2E-4D50-BA3F-79F8F070FCEB}.Debug|x64.Build.0 = Debug|x64
		{517D82C9-0C2E-4D50-BA3F-79F8F070FCEB}.Debug|x86.ActiveCfg = Debug|Win32
		{517D82C9-0C2E-4D50-BA3F-79F8F070FCEB}.Debug|x86.Build.0 = Debug|Win32
		{517D82C9-0C2E-4D50-BA3F-79F8F070FCEB}.Release|x64.ActiveCfg = Release|x64
		{517D82C9-0C2E-4D50-BA3F-79F8F070FCEB}.Release|x64.Build.0 = Release|x64
		{517D82C9-0C2E-4D50-BA3F-79F8F070FCEB}.Release|x86.ActiveCfg = Release|Win32
		{517D82C9-0C2E-4D50-BA3F-79F8F070FCEB}.Release|x86.Build.0 = Release|Win32
		{EFB31166-26A8-4034-A8E1-603012F602DE}.Debug|x64.ActiveCfg = Debug|x64
		{EFB31166-26A8-4034-A8E1-603012F602DE}.Debug|x64.Build.0 = Debug|x64
		{EFB31166-26A8-4034-A8E1-603012F602DE}.Debug|x86.ActiveCfg = Debug|Win32
		{EFB31166-26A8-4034-A8E1-603012F602DE}.Debug|x86.Build.0 = Debug|Win32
		{EFB31166-26A8-4034-A8E1-603012F602DE}.Release|x64.ActiveCfg = Release|x64
		{EFB31166-26A8-4034-A8E1-603012F602DE}.Release|x64.Build.0 = Release|x64
		{EFB31166-26A8-4034-A8E1-603012F602DE}.Release|x86.ActiveCfg = Release|Win32
		{EFB31166-26A8-4034-A8E1-603012F602DE}.Release|x86.Build.0 = Release|Win32
		{0CF790A2-5B30-46B0-835A-B901661523A7}.Debug|x64.ActiveCfg = Debug|x64
		{0CF790A2-5B30-46B0-835A-B901661523A7}.Debug|x64.Build.0 = Debug|x64
		{0CF790A2-5B30-46B0-835A-B901661523A7}.Debug|x86.ActiveCfg = Debug|Win32
		{0CF790A2-5B30-46B0-835A-B901661523A7}.Debug|x86.Build.0 = Debug|Win32
		{0CF790A2-5B30-46B0-835A-B901661523A7}.Release|x64.ActiveCfg = Release|x64
		{0CF790A2-5B30-46B0-835A-B901661523A7}.Release|x64.Build.0 = Release|x64
		{0CF790A2-5B30-46B0-835A-B901661523A7}.Release|x86.ActiveCfg = Release|Win32
		{0CF790A2-5B30-46B0-835A-B901661523A7}.Release|x86.Build.0 = Release|Win32
		{89551007-BDAE-4299-A439-52F0876139BF}.Debug|x64.ActiveCfg = Debug|x64
		{89551007-BDAE-4299-A439-52F0876139BF}.Debug|x64.Build.0 = Debug|x64
		{89551007-BDAE-4299-A439-52F0876139BF}.Debug|x86.ActiveCfg = Debug|Win32
		{89551007-BDAE-4299-A439-52F0876139BF}.Debug|x86.Build.0 = Debug|Win32
		{89551007-BDAE-4299-A439-52F0876139BF}.Release|x64.ActiveCfg = Release|x64
		{89551007-BDAE-4299-A439-52F0876139BF}.Release|x64.Build.0 = Release|x64
		{89551007-BDAE-4299-A439-52F0876139BF}.Release|x86.ActiveCfg = Release|Win32
		{89551007-BDAE-4299-A439-52F0876139BF}.Release|x86.Build.0 = Release|Win32
		{C80CB10E-DDA5-40DB-AB7C-DA0F7BD4B5DF}.Debug|x64.ActiveCfg = Debug|x64
		{C80CB10E-DDA5-40DB-AB7C-DA0F7BD4B5DF}.Debug|x64.Build.0 = Debug|x64
		{C80CB10E-DDA5-40DB-AB7C-DA0F7BD4B5DF}.Debug|x86.ActiveCfg = Debug|Win32
		{C80CB10E-DDA5-40DB-AB7C-DA0F7BD4B5DF}.Debug|x86.Build.0 = Debug|Win32
		{C80CB10E-DDA5-40DB-AB7C-DA0F7BD4B5DF}.Release|x64.ActiveCfg = Release|x64
		{C80CB10E-DDA5-40DB-AB7C-DA0F7BD4B5DF}.Release|x64.Build.0 = Release|x64
		{C80CB10E-DDA5-40DB-AB7C-DA0F7BD4B5DF}.Release|x86.ActiveCfg = Release|Win32
		{C80CB10E-DDA5-40DB-AB7C-DA0F7BD4B5DF}.Release|x86.Build.0 = Release|Win32
		{AC38B43A-E688-4732-84DC-150761A9EF7A}.Debug|x64.ActiveCfg = Debug|x64
		{AC38B43A-E688-4732-84DC-150761A9EF7A}.Debug|x64.Build.0 = Debug|x64
		{AC38B43A-E688-4732-84DC-150761A9EF7A}.Debug|x86.ActiveCfg = Debug|Win32
		{AC38B43A-E688-4732-84DC-150761A9EF7A}.Debug|x86.Build.0 = Debug|Win32
		{AC38B43A-E688-4732-84DC-150761A9EF7A}.Release|x64.ActiveCfg = Release|x64
		{AC38B43A-E688-4732-84DC-150761A9EF7A}.Release|x64.Build.0 = Release|x64
		{AC38B43A-E688-4732-84DC-150761A9EF7A}.Release|x86.ActiveCfg = Release|Win32
		{AC38B43A-E688-4732-84DC-150761A9EF7A}.Release|x86.Build.0 = Release|Win32
		{D94C2CD8-3CE5-46F8-B4B1-F0925F0163B8}.Debug|x64.ActiveCfg = Debug|x64
		{D94C2CD8-3CE5-46F8-B4B1-F0925F0163B8}.Debug|x64.Build.0 = Debug|x64
		{D94C2CD8-3CE5-46F8-B4B1-F0925F0163B8}.Debug|x86.ActiveCfg = Debug|Win32
		{D94C2CD8-3CE5-46F8-B4B1-F0925F0163B8}.Debug|x86.Build.0 = Debug|Win32
		{D94C2CD8-3CE5-46F8-B4B1-F0925F0163B8}.Release|x64.ActiveCfg = Release|x64
		{D94C2CD8-3CE5-46F8-B4B1-F0925F0163B8}.Release|x64.Build.0 = Release|x64
		{D94C2CD8-3CE5-46F8-B4B1-F0925F0163B8}.Release|x86.ActiveCfg = Release|Win32
		{D94C2CD8-3CE5-46F8-B4B1-F0925F0163B8}.Release|x86.Build.0 = Release|Win32
		{00E13838-5813-4145-B503-1B3E24DB79E9}.Debug|x64.ActiveCfg = Debug|x64
		{00E13838-5813-4145-B503-1B3E24DB79E9}.Debug|x64.Build.0 = Debug|x64
		{00E13838-5813-4145-B503-1B3E24DB79E9}.Debug|x86.ActiveCfg = Debug|Win32
		{00E13838-5813-4145-B503-1B3E24DB79E9}.Debug|x86.Build.0 = Debug|Win32
		{00E13838-5813-4145-B503-1B3E24DB79E9}.Release|x64.ActiveCfg = Release|x64
		{00E13838-5813-4145-B503-1B3E24DB79E9}.Release|x64.Build.0 = Release|x64
		{00E13838-5813-4145-B503-1B3E24DB79E9}.Release|x86.ActiveCfg = Release|Win32
		{00E13838-5813-4145-B503-1B3E24DB79E9}.Release|x86.Build.0 = Release|Win32
		{CE421673-71E8-4E08-8921-1CB843A0EF65}.Debug|x64.ActiveCfg = Debug|x64
		{CE421673-71E8-4E08-8921-1CB843A0EF65}.Debug|x64.Build.0 = Debug|x64
		{CE421673-71E8-4E08-8921-1CB843A0EF65}.Debug|x86.ActiveCfg = Debug|Win32
		{CE421673-71E8-4E08-8921-1CB843A0EF65}.Debug|x86.Build.0 = Debug|Win32
		{CE421673-71E8-4E08-8921-1CB843A0EF65}.Release|x64.ActiveCfg = Release|x64
		{CE421673-71E8-4E08-8921-1CB843A0EF65}.Release|x64.Build.0 = Release|x64
		{CE421673-71E8-4E08-8921-1CB843A0EF65}.Release|x86.ActiveCfg = Release|Win32
		{CE421673-71E8-4E08-8921-1CB843A0EF65}.Release|x86.Build.0 = Release|Win32
		{65EDA6F5-FA13-41B7-AC58-385F6D54F3FD}.Debug|x64.ActiveCfg = Debug|x64
		{65EDA6F5-FA13-41B7-AC58-385F6D54F3FD}.Debug|x64.Build.0 = Debug|x64
		{65EDA6F5-FA13-41B7-AC58-385F6D54F3FD}.Debug|x86.ActiveCfg = Debug|Win32
		{65EDA6F5-FA13-41B7-AC58-385F6D54F3FD}.Debug|x86.Build.0 = Debug|Win32
		{65EDA6F5-FA13-41B7-AC58-385F6D54F3FD}.Release|x64.ActiveCfg = Release|x64
		{65EDA6F5-FA13-41B7-AC58-385F6D54F3FD}.Release|x64.Build.0 = Release|x64
		{65EDA6F5-FA13-41B7-AC58-385F6D54F3FD}.Release|x86.ActiveCfg = Release|Win32
		{65EDA6F5-FA13-41B7-AC58-385F6D54F3FD}.Release|x86.Build.0 = Release|Win32
		{D5FC4382-9F76-4364-A199-9C8F00E025E7}.Debug|x64.ActiveCfg = Debug|x64
		{D5FC4382-9F76-4364-A199-9C8F00E025E7}.Debug|x64.Build.0 = Debug|x64
		{D5FC4382-9F76-4364-A199-9C8F00E025E7}.Debug|x86.ActiveCfg = Debug|Win32
		{D5FC4382-9F76-4364-A199-9C8F00E025E7}.Debug|x86.Build.0 = Debug|Win32
		{D5FC4382-9F76-4364-A199-9C8F00E025E7}.Release|x64.ActiveCfg = Release|x64
		{D5FC4382-9F76-4364-A199-9C8F00E025E7}.Release|x64.Build.0 = Release|x64
		{D5FC4382-9F76-4364-A199-9C8F00E025E7}.Release|x86.ActiveCfg = Release|Win32
		{D5FC4382-9F76-4364-A199-9C8F00E025E7}.Release|x86.Build.0 = Release|Win32
		{94ECD78C-E6E3-4DB2-902F-B9D3E8B50983}.Debug|x64.ActiveCfg = Debug|x64
		{94ECD78C-E6E3-4DB2-902F-B9D3E8B50983}.Debug|x64.Build.0 = Debug|x64
		{94ECD78C-E6E3-4DB2-902F-B9D3E8B50983}.Debug|x86.ActiveCfg = Debug|Win32
		{94ECD78C-E6E3-4DB2-902F-B9D3E8B50983}.Debug|x86.Build.0 = Debug|Win32
		{94ECD78C-E6E3-4DB2-902F-B9D3E8B50983}.Release|x64.ActiveCfg = Release|x64
		{94ECD78C-E6E3-4DB2-902F-B9D3E8B50983}.Release|x64.Build.0 = Release|x64
		{94ECD78C-E6E3-4DB2-902F-B9D3E8B50983}.Release|x86.ActiveCfg = Release|Win32
		{94ECD78C-E6E3-4DB2-902F-B9D3E8B50983}.Release|x86.Build.0 = Release|Win32
		{62F54FB2-8449-4427-9B9A-477713E311FB}.Debug|x64.ActiveCfg = Debug|x64
		{62F54FB2-8449-4427-9B9A-477713E311FB}.Debug|x64.Build.0 = Debug|x64
		{62F54FB2-8449-4427-9B9A-477713E311FB}.Debug|x86.ActiveCfg = Debug|Win32
		{62F54FB2-8449-4427-9B9A-477713E311FB}.Debug|x86.Build.0 = Debug|Win32
		{62F54FB2-8449-4427-9B9A-477713E311FB}.Release|x64.ActiveCfg = Release|x64
		{62F54FB2-8449-4427-9B9A-477713E311FB}.Release|x64.Build.0 = Release|x64
		{62F54FB2-8449-4427-9B9A-477713E311FB}.Release|x86.ActiveCfg = Release|Win32
		{62F54FB2-8449-4427-9B9A-477713E311FB}.Release|x86.Build.0 = Release|Win32
		{D7908F5B-7BD1-4902-9B71-C4767A8F8244}.Debug|x64.ActiveCfg = Debug|x64
		{D7908F5B-7BD1-4902-9B71-C4767A8F8244}.Debug|x64.Build.0 = Debug|x64
		{D7908F5B-7BD1-4902-9B71-C4767A8F8244}.Debug|x86.ActiveCfg = Debug|Win32
		{D7908F5B-7BD1-4902-9B71-C4767A8F8244}.Debug|x86.Build.0 = Debug|Win32
		{D7908F5B-7BD1-4902-9B71-C4767A8F8244}.Release|x64.ActiveCfg = Release|x64
		{D7908F5B-7BD1-4902-9B71-C4767A8F8244}.Release|x64.Build.0 = Release|x64
		{D7908F5B-7BD1-4902-9B71-C4767A8F8244}.Release|x86.ActiveCfg = Release|Win32
		{D7908F5B-7BD1-4902-9B71-C4767A8F8244}.Release|x86.Build.0 = Release|Win32
		{057F081C-9AA8-477B-85B0-FB121A03524A}.Debug|x64.ActiveCfg = Debug|x64
		{057F081C-9AA8-477B-85B0-FB121A03524A}.Debug|x64.Build.0 = Debug|x64
		{057F081C-9AA8-477B-85B0-FB121A03524A}.Debug|x86.ActiveCfg = Debug|Win32
		{057F081C-9AA8-477B-85B0-FB121A03524A}.Debug|x86.Build.0 = Debug|Win32
		{057F081C-9AA8-477B-85B0-FB121A03524A}.Release|x64.ActiveCfg = Release|x64
		{057F081C-9AA8-477B-85B0-FB121A03524A}.Release|x64.Build.0 = Release|x64
		{057F081C-9AA8-477B-85B0-FB121A03524A}.Release|x86.ActiveCfg = Release|Win32
		{057F081C-9AA8-477B-85B0-FB121A03524A}.Release|x86.Build.0 = Release|Win32
		{47E730A5-EEB7-47C5-8537-6E5962922648}.Debug|x64.ActiveCfg = Debug|x64
		{47E730A5-EEB7-47C5-8537-6E5962922648}.Debug|x64.Build.0 = Debug|x64
		{47E730A5-EEB7-47C5-8537-6E5962922648}.Debug|x86.ActiveCfg = Debug|Win32
		{47E730A5-EEB7-47C5-8537-6E5962922648}.Debug|x86.Build.0 = Debug|Win32
		{47E730A5-EEB7-47C5-8537-6E5962922648}.Release|x64.ActiveCfg = Release|x64
		{47E730A5-EEB7-47C5-8537-6E5962922648}.Release|x64.Build.0 = Release|x64
		{47E730A5-EEB7-47C5-8537-6E5962922648}.Release|x86.ActiveCfg = Release|Win32
		{47E730A5-EEB7-47C5-8537-6E5962922648}.Release|x86.Build.0 = Release|Win32
		{6616B2D9-5A33-4D93-ACC7-649333F1C3BE}.Debug|x64.ActiveCfg = Debug|x64
		{6616B2D9-5A33-4D93-ACC7-649333F1C3BE}.Debug|x64.Build.0 = Debug|x64
		{6616B2D9-5A33-4D93-ACC7-649333F1C3BE}.Debug|x86.ActiveCfg = Debug|Win32
		{6616B2D9-5A33-4D93-ACC7-649333F1C3BE}.Debug|x86.Build.0 = Debug|Win32
		{6616B2D9-5A33-4D93-ACC7-649333F1C3BE}.Release|x64.ActiveCfg = Release|x64
		{6616B2D9-5A33-4D93-ACC7-649333F1C3BE}.Release|x64.Build.0 = Release|x64
		{6616B2D9-5A33-4D93-ACC7-649333F1C3BE}.Release|x86.ActiveCfg = Release|Win32
		{6616B2D9-5A33-4D93-ACC7-649333F1C3BE}.Release|x86.Build.0 = Release|Win32
	EndGlobalSection
	GlobalSection(SolutionProperties) = preSolution
		HideSolutionNode = FALSE
	EndGlobalSection
	GlobalSection(NestedProjects) = preSolution
		{517D82C9-0C2E-4D50-BA3F-79F8F070FCEB} = {B8AD502B-56D9-4020-8195-AFEF939F5777}
		{EFB31166-26A8-4034-A8E1-603012F602DE} = {B8AD502B-56D9-4020-8195-AFEF939F5777}
		{0CF790A2-5B30-46B0-835A-B901661523A7} = {B8AD502B-56D9-4020-8195-AFEF939F5777}
		{89551007-BDAE-4299-A439-52F0876139BF} = {B8AD502B-56D9-4020-8195-AFEF939F5777}
		{C80CB10E-DDA5-40DB-AB7C-DA0F7BD4B5DF} = {B8AD502B-56D9-4020-8195-AFEF939F5777}
		{AC38B43A-E688-4732-84DC-150761A9EF7A} = {B8AD502B-56D9-4020-8195-AFEF939F5777}
		{D94C2CD8-3CE5-46F8-B4B1-F0925F0163B8} = {C37A5796-A9B2-47F7-B7CC-5F67728B78B8}
		{00E13838-5813-4145-B503-1B3E24DB79E9} = {C37A5796-A9B2-47F7-B7CC-5F67728B78B8}
		{CE421673-71E8-4E08-8921-1CB843A0EF65} = {C37A5796-A9B2-47F7-B7CC-5F67728B78B8}
		{65EDA6F5-FA13-41B7-AC58-385F6D54F3FD} = {2F9CAB87-F675-44C3-8782-F3AA5BEB8C5A}
		{D5FC4382-9F76-4364-A199-9C8F00E025E7} = {2F9CAB87-F675-44C3-8782-F3AA5BEB8C5A}
		{94ECD78C-E6E3-4DB2-902F-B9D3E8B50983} = {2F9CAB87-F675-44C3-8782-F3AA5BEB8C5A}
		{62F54FB2-8449-4427-9B9A-477713E311FB} = {2F9CAB87-F675-44C3-8782-F3AA5BEB8C5A}
		{D7908F5B-7BD1-4902-9B71-C4767A8F8244} = {2F9CAB87-F675-44C3-8782-F3AA5BEB8C5A}
		{057F081C-9AA8-477B-85B0-FB121A03524A} = {2F9CAB87-F675-44C3-8782-F3AA5BEB8C5A}
		{47E730A5-EEB7-47C5-8537-6E5962922648} = {2F9CAB87-F675-44C3-8782-F3AA5BEB8C5A}
		{6616B2D9-5A33-4D93-ACC7-649333F1C3BE} = {2F9CAB87-F675-44C3-8782-F3AA5BEB8C5A}
	EndGlobalSection
	GlobalSection(ExtensibilityGlobals) = postSolution
		SolutionGuid = {1E3333A5-9F00-49C1-9B35-DDA8A9FD343B}
	EndGlobalSection
EndGlobal
