<?xml version="1.0" encoding="utf-8"?>
<Project ToolsVersion="4.0" xmlns="http://schemas.microsoft.com/developer/msbuild/2003">
  <ItemGroup>
    <Filter Include="소스 파일">
      <UniqueIdentifier>{4FC737F1-C7A5-4376-A066-2A32D752A2FF}</UniqueIdentifier>
      <Extensions>cpp;c;cc;cxx;c++;cppm;ixx;def;odl;idl;hpj;bat;asm;asmx</Extensions>
    </Filter>
    <Filter Include="헤더 파일">
      <UniqueIdentifier>{93995380-89BD-4b04-88EB-625FBE52EBFB}</UniqueIdentifier>
      <Extensions>h;hh;hpp;hxx;h++;hm;inl;inc;ipp;xsd</Extensions>
    </Filter>
    <Filter Include="리소스 파일">
      <UniqueIdentifier>{67DA6AB6-F800-4c08-8B7A-83BB121AAD01}</UniqueIdentifier>
      <Extensions>rc;ico;cur;bmp;dlg;rc2;rct;bin;rgs;gif;jpg;jpeg;jpe;resx;tiff;tif;png;wav;mfcribbon-ms</Extensions>
    </Filter>
    <Filter Include="Map">
      <UniqueIdentifier>{d8c70467-58b2-45d3-bcaf-7518674c6248}</UniqueIdentifier>
    </Filter>
    <Filter Include="Fbx">
      <UniqueIdentifier>{56fedcd4-dd41-448e-a702-1d3ccc1e76df}</UniqueIdentifier>
    </Filter>
    <Filter Include="Obj">
      <UniqueIdentifier>{54a2b394-b557-4264-9296-dbc5facf358b}</UniqueIdentifier>
    </Filter>
    <Filter Include="dx">
      <UniqueIdentifier>{0e1f8642-ec46-4463-9209-feced222da1b}</UniqueIdentifier>
    </Filter>
    <Filter Include="mgr">
      <UniqueIdentifier>{121f0cd6-38f4-4f56-a1d9-73bf9a93a33f}</UniqueIdentifier>
    </Filter>
    <Filter Include="math">
      <UniqueIdentifier>{48799ed9-63f6-4cd0-87fa-562510d16aea}</UniqueIdentifier>
    </Filter>
  </ItemGroup>
  <ItemGroup>
    <ClCompile Include="TCamera.cpp">
      <Filter>소스 파일</Filter>
    </ClCompile>
    <ClCompile Include="TCollision.cpp">
      <Filter>소스 파일</Filter>
    </ClCompile>
    <ClCompile Include="TCore.cpp">
      <Filter>소스 파일</Filter>
    </ClCompile>
    <ClCompile Include="TDevice.cpp">
      <Filter>소스 파일</Filter>
    </ClCompile>
    <ClCompile Include="TFrustum.cpp">
      <Filter>소스 파일</Filter>
    </ClCompile>
    <ClCompile Include="TInput.cpp">
      <Filter>소스 파일</Filter>
    </ClCompile>
    <ClCompile Include="TTimer.cpp">
      <Filter>소스 파일</Filter>
    </ClCompile>
    <ClCompile Include="TWindow.cpp">
      <Filter>소스 파일</Filter>
    </ClCompile>
    <ClCompile Include="TWorld.cpp">
      <Filter>소스 파일</Filter>
    </ClCompile>
    <ClCompile Include="TWriteFont.cpp">
      <Filter>소스 파일</Filter>
    </ClCompile>
    <ClCompile Include="Sample.cpp">
      <Filter>소스 파일</Filter>
    </ClCompile>
    <ClCompile Include="TQuadtree.cpp">
      <Filter>Map</Filter>
    </ClCompile>
    <ClCompile Include="TNode.cpp">
      <Filter>Map</Filter>
    </ClCompile>
    <ClCompile Include="TMap.cpp">
      <Filter>Map</Filter>
    </ClCompile>
    <ClCompile Include="TFbxImporter.cpp">
      <Filter>Fbx</Filter>
    </ClCompile>
    <ClCompile Include="TFbxModel.cpp">
      <Filter>Fbx</Filter>
    </ClCompile>
    <ClCompile Include="TFbxObj.cpp">
      <Filter>Fbx</Filter>
    </ClCompile>
    <ClCompile Include="TFbxVertexLoader.cpp">
      <Filter>Fbx</Filter>
    </ClCompile>
    <ClCompile Include="TBoxObj.cpp">
      <Filter>Obj</Filter>
    </ClCompile>
    <ClCompile Include="TObject2D.cpp">
      <Filter>Obj</Filter>
    </ClCompile>
    <ClCompile Include="TObject3D.cpp">
      <Filter>Obj</Filter>
    </ClCompile>
    <ClCompile Include="TPlaneObj.cpp">
      <Filter>Obj</Filter>
    </ClCompile>
    <ClCompile Include="TSkyObj.cpp">
      <Filter>Obj</Filter>
    </ClCompile>
    <ClCompile Include="TDxObject.cpp">
      <Filter>dx</Filter>
    </ClCompile>
    <ClCompile Include="TDxState.cpp">
      <Filter>dx</Filter>
    </ClCompile>
    <ClCompile Include="TBaseMgr.cpp">
      <Filter>mgr</Filter>
    </ClCompile>
    <ClCompile Include="TObjectMgr.cpp">
      <Filter>mgr</Filter>
    </ClCompile>
    <ClCompile Include="TShaderMgr.cpp">
      <Filter>mgr</Filter>
    </ClCompile>
    <ClCompile Include="TSoundMgr.cpp">
      <Filter>mgr</Filter>
    </ClCompile>
    <ClCompile Include="TTexturerMgr.cpp">
      <Filter>mgr</Filter>
    </ClCompile>
    <ClCompile Include="TMath.cpp">
      <Filter>math</Filter>
    </ClCompile>
    <ClCompile Include="TMatrix.cpp">
      <Filter>math</Filter>
    </ClCompile>
    <ClCompile Include="TVector3.cpp">
      <Filter>math</Filter>
    </ClCompile>
    <ClCompile Include="TVector2.cpp">
      <Filter>math</Filter>
    </ClCompile>
  </ItemGroup>
  <ItemGroup>
    <ClInclude Include="TCamera.h">
      <Filter>헤더 파일</Filter>
    </ClInclude>
    <ClInclude Include="TCollision.h">
      <Filter>헤더 파일</Filter>
    </ClInclude>
    <ClInclude Include="TCore.h">
      <Filter>헤더 파일</Filter>
    </ClInclude>
    <ClInclude Include="TDevice.h">
      <Filter>헤더 파일</Filter>
    </ClInclude>
    <ClInclude Include="TFrustum.h">
      <Filter>헤더 파일</Filter>
    </ClInclude>
    <ClInclude Include="TInput.h">
      <Filter>헤더 파일</Filter>
    </ClInclude>
    <ClInclude Include="TStd.h">
      <Filter>헤더 파일</Filter>
    </ClInclude>
    <ClInclude Include="TTimer.h">
      <Filter>헤더 파일</Filter>
    </ClInclude>
    <ClInclude Include="TWindow.h">
      <Filter>헤더 파일</Filter>
    </ClInclude>
    <ClInclude Include="TWorld.h">
      <Filter>헤더 파일</Filter>
    </ClInclude>
    <ClInclude Include="TWriteFont.h">
      <Filter>헤더 파일</Filter>
    </ClInclude>
    <ClInclude Include="Sample.h">
      <Filter>헤더 파일</Filter>
    </ClInclude>
    <ClInclude Include="TQuadtree.h">
      <Filter>Map</Filter>
    </ClInclude>
    <ClInclude Include="TMap.h">
      <Filter>Map</Filter>
    </ClInclude>
    <ClInclude Include="TNode.h">
      <Filter>Map</Filter>
    </ClInclude>
    <ClInclude Include="TFbxImporter.h">
      <Filter>Fbx</Filter>
    </ClInclude>
    <ClInclude Include="TFbxObj.h">
      <Filter>Fbx</Filter>
    </ClInclude>
    <ClInclude Include="TBoxObj.h">
      <Filter>Obj</Filter>
    </ClInclude>
    <ClInclude Include="TObject2D.h">
      <Filter>Obj</Filter>
    </ClInclude>
    <ClInclude Include="TObject3D.h">
      <Filter>Obj</Filter>
    </ClInclude>
    <ClInclude Include="TPlaneObj.h">
      <Filter>Obj</Filter>
    </ClInclude>
    <ClInclude Include="TSkyObj.h">
      <Filter>Obj</Filter>
    </ClInclude>
    <ClInclude Include="TDxState.h">
      <Filter>dx</Filter>
    </ClInclude>
    <ClInclude Include="TDxObject.h">
      <Filter>dx</Filter>
    </ClInclude>
    <ClInclude Include="TTextureMgr.h">
      <Filter>mgr</Filter>
    </ClInclude>
    <ClInclude Include="TSoundMgr.h">
      <Filter>mgr</Filter>
    </ClInclude>
    <ClInclude Include="TShaderMgr.h">
      <Filter>mgr</Filter>
    </ClInclude>
    <ClInclude Include="TObjectMgr.h">
      <Filter>mgr</Filter>
    </ClInclude>
    <ClInclude Include="TBaseMgr.h">
      <Filter>mgr</Filter>
    </ClInclude>
    <ClInclude Include="TMatrix.h">
      <Filter>math</Filter>
    </ClInclude>
    <ClInclude Include="TMath.h">
      <Filter>math</Filter>
    </ClInclude>
    <ClInclude Include="TVector2.h">
      <Filter>math</Filter>
    </ClInclude>
    <ClInclude Include="TVector3.h">
      <Filter>math</Filter>
    </ClInclude>
  </ItemGroup>
</Project>