
Microsoft Visual Studio Solution File, Format Version 12.00
# Visual Studio Version 16
VisualStudioVersion = 16.0.31229.75
MinimumVisualStudioVersion = 10.0.40219.1
Project("{8BC9CEB8-8B4A-11D0-8D11-00A0C91BC942}") = "MagicSquare", "MagicSquare.vcxproj", "{D7DBC321-9A33-45C3-BB09-4C37B387C2FF}"
EndProject
Global
	GlobalSection(SolutionConfigurationPlatforms) = preSolution
		Debug|x64 = Debug|x64
		Debug|x86 = Debug|x86
		Release|x64 = Release|x64
		Release|x86 = Release|x86
	EndGlobalSection
	GlobalSection(ProjectConfigurationPlatforms) = postSolution
		{D7DBC321-9A33-45C3-BB09-4C37B387C2FF}.Debug|x64.ActiveCfg = Debug|x64
		{D7DBC321-9A33-45C3-BB09-4C37B387C2FF}.Debug|x64.Build.0 = Debug|x64
		{D7DBC321-9A33-45C3-BB09-4C37B387C2FF}.Debug|x86.ActiveCfg = Debug|Win32
		{D7DBC321-9A33-45C3-BB09-4C37B387C2FF}.Debug|x86.Build.0 = Debug|Win32
		{D7DBC321-9A33-45C3-BB09-4C37B387C2FF}.Release|x64.ActiveCfg = Release|x64
		{D7DBC321-9A33-45C3-BB09-4C37B387C2FF}.Release|x64.Build.0 = Release|x64
		{D7DBC321-9A33-45C3-BB09-4C37B387C2FF}.Release|x86.ActiveCfg = Release|Win32
		{D7DBC321-9A33-45C3-BB09-4C37B387C2FF}.Release|x86.Build.0 = Release|Win32
	EndGlobalSection
	GlobalSection(SolutionProperties) = preSolution
		HideSolutionNode = FALSE
	EndGlobalSection
	GlobalSection(ExtensibilityGlobals) = postSolution
		SolutionGuid = {79E7C954-BD15-430C-A652-75E294D7190B}
	EndGlobalSection
EndGlobal
