
Microsoft Visual Studio Solution File, Format Version 12.00
# Visual Studio Version 16
VisualStudioVersion = 16.0.31229.75
MinimumVisualStudioVersion = 10.0.40219.1
Project("{8BC9CEB8-8B4A-11D0-8D11-00A0C91BC942}") = "MagicSquare", "MagicSquare.vcxproj", "{D7DBC321-9A33-45C3-BB09-4C37B387C2FF}"
EndProject
Project("{8BC9CEB8-8B4A-11D0-8D11-00A0C91BC942}") = "Stack", "..\Stack\Stack.vcxproj", "{540114A5-9D28-4D1B-A320-C29C1BBECEB3}"
EndProject
Project("{2150E333-8FDC-42A3-9474-1A3956D46DE8}") = "Cpp", "Cpp", "{F2B109B8-8B8F-4056-880C-F13481CD3279}"
EndProject
Project("{8BC9CEB8-8B4A-11D0-8D11-00A0C91BC942}") = "Queue", "..\Queue\Queue.vcxproj", "{B0E0C06D-8976-4FC6-9C19-1A355D7C6E6B}"
EndProject
Project("{8BC9CEB8-8B4A-11D0-8D11-00A0C91BC942}") = "LinkedList", "..\LinkedList\LinkedList.vcxproj", "{BB65E842-CD64-4DFF-894A-A6A1312D01A6}"
EndProject
Project("{8BC9CEB8-8B4A-11D0-8D11-00A0C91BC942}") = "TemplateLinkedList", "..\TemplateLinkedList\TemplateLinkedList.vcxproj", "{4B9B8F00-13B1-4E89-977E-716AC49315CF}"
EndProject
Project("{8BC9CEB8-8B4A-11D0-8D11-00A0C91BC942}") = "BST", "..\BST\BST.vcxproj", "{8C5FA785-54C2-4E3E-835F-C7BDF23FCC7E}"
EndProject
Project("{2150E333-8FDC-42A3-9474-1A3956D46DE8}") = "stl", "stl", "{96B8E54C-A9F3-4A6E-9D8A-85ED9EC063CE}"
EndProject
Project("{8BC9CEB8-8B4A-11D0-8D11-00A0C91BC942}") = "Vector", "..\Vector\Vector.vcxproj", "{4C387CAC-D549-46FC-B632-FF90FE8196F9}"
EndProject
Project("{8BC9CEB8-8B4A-11D0-8D11-00A0C91BC942}") = "list", "..\list\list.vcxproj", "{DDEC5CCA-0907-4F8D-B9F7-3D103FDDFD62}"
EndProject
Project("{8BC9CEB8-8B4A-11D0-8D11-00A0C91BC942}") = "map", "..\map\map.vcxproj", "{9A0A0789-7361-4526-B4B5-2652F217E835}"
EndProject
Project("{2150E333-8FDC-42A3-9474-1A3956D46DE8}") = "특강", "특강", "{FF5BE09E-3C0C-41D7-9195-DA297B58ACEF}"
EndProject
Project("{8BC9CEB8-8B4A-11D0-8D11-00A0C91BC942}") = "Class_0", "..\Class_0\Class_0.vcxproj", "{B1B2C48C-E05E-451F-A017-049C81AB762E}"
EndProject
Project("{8BC9CEB8-8B4A-11D0-8D11-00A0C91BC942}") = "string", "..\string\string.vcxproj", "{142B2E1C-DC5B-4554-8F9E-5F6F8CDE3E2D}"
EndProject
Project("{8BC9CEB8-8B4A-11D0-8D11-00A0C91BC942}") = "Quadtree", "..\Quadtree\Quadtree.vcxproj", "{B3BC2C95-3D4A-47EA-A753-2822E8F24A37}"
EndProject
Project("{8BC9CEB8-8B4A-11D0-8D11-00A0C91BC942}") = "Octree", "..\Octree\Octree.vcxproj", "{50C026C3-2094-485B-A4F1-0ED5723831AC}"
EndProject
Project("{2150E333-8FDC-42A3-9474-1A3956D46DE8}") = "Windows", "Windows", "{2BA5FD4D-CEA4-4AF0-A478-2EE281567602}"
EndProject
Project("{8BC9CEB8-8B4A-11D0-8D11-00A0C91BC942}") = "SampleWindow", "..\SampleWindow\SampleWindow.vcxproj", "{CF893972-3CC6-4DFD-8E24-92CA28D23F87}"
EndProject
Project("{8BC9CEB8-8B4A-11D0-8D11-00A0C91BC942}") = "CreateWindow", "..\CreateWindow\CreateWindow.vcxproj", "{F9967FD8-1B18-4F49-A2A8-503901B826B5}"
EndProject
Project("{8BC9CEB8-8B4A-11D0-8D11-00A0C91BC942}") = "WindowSample1", "..\WindowSample1\WindowSample1.vcxproj", "{88444EE6-3157-4FA7-9CF6-45E8275130CB}"
EndProject
Project("{2150E333-8FDC-42A3-9474-1A3956D46DE8}") = "DX", "DX", "{B8EA6385-0371-4EB1-B112-24764A4D9257}"
EndProject
Project("{8BC9CEB8-8B4A-11D0-8D11-00A0C91BC942}") = "CreateTimer", "..\CreateTimer\CreateTimer.vcxproj", "{55C921EF-EA0B-43A2-A328-1DF5E77EA27F}"
EndProject
Project("{8BC9CEB8-8B4A-11D0-8D11-00A0C91BC942}") = "SampleInput", "..\SampleInput\SampleInput.vcxproj", "{D3E9945E-2B38-4F1D-B364-B51D5E798FE5}"
EndProject
Project("{8BC9CEB8-8B4A-11D0-8D11-00A0C91BC942}") = "SampleWrite", "..\SampleWrite\SampleWrite.vcxproj", "{75039EEE-83F9-4D52-A662-9CD281D8AF11}"
EndProject
Project("{8BC9CEB8-8B4A-11D0-8D11-00A0C91BC942}") = "TEngineCore", "..\TEngineCore\TEngineCore.vcxproj", "{5E241D3A-E46A-4FF0-A578-F345E68050B4}"
EndProject
Project("{8BC9CEB8-8B4A-11D0-8D11-00A0C91BC942}") = "SampleLib", "..\SampleLib\SampleLib.vcxproj", "{581BB196-2046-4B6E-B494-C5E6B2F7A210}"
EndProject
Project("{2150E333-8FDC-42A3-9474-1A3956D46DE8}") = "Etc", "Etc", "{07ACC91A-427E-4D96-8352-D48786AD3D28}"
EndProject
Project("{8BC9CEB8-8B4A-11D0-8D11-00A0C91BC942}") = "VertexBuffer", "..\VertexBuffer\VertexBuffer.vcxproj", "{6D171539-D85D-40FF-BFDC-4A8745ABA8E8}"
EndProject
Project("{8BC9CEB8-8B4A-11D0-8D11-00A0C91BC942}") = "VertexBuffer1", "..\VertexBuffer1\VertexBuffer1.vcxproj", "{07EDABCD-29CA-4A37-9316-77B1A11C76A4}"
EndProject
Global
	GlobalSection(SolutionConfigurationPlatforms) = preSolution
		Debug|x64 = Debug|x64
		Debug|x86 = Debug|x86
		Release|x64 = Release|x64
		Release|x86 = Release|x86
	EndGlobalSection
	GlobalSection(ProjectConfigurationPlatforms) = postSolution
		{D7DBC321-9A33-45C3-BB09-4C37B387C2FF}.Debug|x64.ActiveCfg = Debug|x64
		{D7DBC321-9A33-45C3-BB09-4C37B387C2FF}.Debug|x64.Build.0 = Debug|x64
		{D7DBC321-9A33-45C3-BB09-4C37B387C2FF}.Debug|x86.ActiveCfg = Debug|Win32
		{D7DBC321-9A33-45C3-BB09-4C37B387C2FF}.Debug|x86.Build.0 = Debug|Win32
		{D7DBC321-9A33-45C3-BB09-4C37B387C2FF}.Release|x64.ActiveCfg = Release|x64
		{D7DBC321-9A33-45C3-BB09-4C37B387C2FF}.Release|x64.Build.0 = Release|x64
		{D7DBC321-9A33-45C3-BB09-4C37B387C2FF}.Release|x86.ActiveCfg = Release|Win32
		{D7DBC321-9A33-45C3-BB09-4C37B387C2FF}.Release|x86.Build.0 = Release|Win32
		{540114A5-9D28-4D1B-A320-C29C1BBECEB3}.Debug|x64.ActiveCfg = Debug|x64
		{540114A5-9D28-4D1B-A320-C29C1BBECEB3}.Debug|x64.Build.0 = Debug|x64
		{540114A5-9D28-4D1B-A320-C29C1BBECEB3}.Debug|x86.ActiveCfg = Debug|Win32
		{540114A5-9D28-4D1B-A320-C29C1BBECEB3}.Debug|x86.Build.0 = Debug|Win32
		{540114A5-9D28-4D1B-A320-C29C1BBECEB3}.Release|x64.ActiveCfg = Release|x64
		{540114A5-9D28-4D1B-A320-C29C1BBECEB3}.Release|x64.Build.0 = Release|x64
		{540114A5-9D28-4D1B-A320-C29C1BBECEB3}.Release|x86.ActiveCfg = Release|Win32
		{540114A5-9D28-4D1B-A320-C29C1BBECEB3}.Release|x86.Build.0 = Release|Win32
		{B0E0C06D-8976-4FC6-9C19-1A355D7C6E6B}.Debug|x64.ActiveCfg = Debug|x64
		{B0E0C06D-8976-4FC6-9C19-1A355D7C6E6B}.Debug|x64.Build.0 = Debug|x64
		{B0E0C06D-8976-4FC6-9C19-1A355D7C6E6B}.Debug|x86.ActiveCfg = Debug|Win32
		{B0E0C06D-8976-4FC6-9C19-1A355D7C6E6B}.Debug|x86.Build.0 = Debug|Win32
		{B0E0C06D-8976-4FC6-9C19-1A355D7C6E6B}.Release|x64.ActiveCfg = Release|x64
		{B0E0C06D-8976-4FC6-9C19-1A355D7C6E6B}.Release|x64.Build.0 = Release|x64
		{B0E0C06D-8976-4FC6-9C19-1A355D7C6E6B}.Release|x86.ActiveCfg = Release|Win32
		{B0E0C06D-8976-4FC6-9C19-1A355D7C6E6B}.Release|x86.Build.0 = Release|Win32
		{BB65E842-CD64-4DFF-894A-A6A1312D01A6}.Debug|x64.ActiveCfg = Debug|x64
		{BB65E842-CD64-4DFF-894A-A6A1312D01A6}.Debug|x64.Build.0 = Debug|x64
		{BB65E842-CD64-4DFF-894A-A6A1312D01A6}.Debug|x86.ActiveCfg = Debug|Win32
		{BB65E842-CD64-4DFF-894A-A6A1312D01A6}.Debug|x86.Build.0 = Debug|Win32
		{BB65E842-CD64-4DFF-894A-A6A1312D01A6}.Release|x64.ActiveCfg = Release|x64
		{BB65E842-CD64-4DFF-894A-A6A1312D01A6}.Release|x64.Build.0 = Release|x64
		{BB65E842-CD64-4DFF-894A-A6A1312D01A6}.Release|x86.ActiveCfg = Release|Win32
		{BB65E842-CD64-4DFF-894A-A6A1312D01A6}.Release|x86.Build.0 = Release|Win32
		{4B9B8F00-13B1-4E89-977E-716AC49315CF}.Debug|x64.ActiveCfg = Debug|x64
		{4B9B8F00-13B1-4E89-977E-716AC49315CF}.Debug|x64.Build.0 = Debug|x64
		{4B9B8F00-13B1-4E89-977E-716AC49315CF}.Debug|x86.ActiveCfg = Debug|Win32
		{4B9B8F00-13B1-4E89-977E-716AC49315CF}.Debug|x86.Build.0 = Debug|Win32
		{4B9B8F00-13B1-4E89-977E-716AC49315CF}.Release|x64.ActiveCfg = Release|x64
		{4B9B8F00-13B1-4E89-977E-716AC49315CF}.Release|x64.Build.0 = Release|x64
		{4B9B8F00-13B1-4E89-977E-716AC49315CF}.Release|x86.ActiveCfg = Release|Win32
		{4B9B8F00-13B1-4E89-977E-716AC49315CF}.Release|x86.Build.0 = Release|Win32
		{8C5FA785-54C2-4E3E-835F-C7BDF23FCC7E}.Debug|x64.ActiveCfg = Debug|x64
		{8C5FA785-54C2-4E3E-835F-C7BDF23FCC7E}.Debug|x64.Build.0 = Debug|x64
		{8C5FA785-54C2-4E3E-835F-C7BDF23FCC7E}.Debug|x86.ActiveCfg = Debug|Win32
		{8C5FA785-54C2-4E3E-835F-C7BDF23FCC7E}.Debug|x86.Build.0 = Debug|Win32
		{8C5FA785-54C2-4E3E-835F-C7BDF23FCC7E}.Release|x64.ActiveCfg = Release|x64
		{8C5FA785-54C2-4E3E-835F-C7BDF23FCC7E}.Release|x64.Build.0 = Release|x64
		{8C5FA785-54C2-4E3E-835F-C7BDF23FCC7E}.Release|x86.ActiveCfg = Release|Win32
		{8C5FA785-54C2-4E3E-835F-C7BDF23FCC7E}.Release|x86.Build.0 = Release|Win32
		{4C387CAC-D549-46FC-B632-FF90FE8196F9}.Debug|x64.ActiveCfg = Debug|x64
		{4C387CAC-D549-46FC-B632-FF90FE8196F9}.Debug|x64.Build.0 = Debug|x64
		{4C387CAC-D549-46FC-B632-FF90FE8196F9}.Debug|x86.ActiveCfg = Debug|Win32
		{4C387CAC-D549-46FC-B632-FF90FE8196F9}.Debug|x86.Build.0 = Debug|Win32
		{4C387CAC-D549-46FC-B632-FF90FE8196F9}.Release|x64.ActiveCfg = Release|x64
		{4C387CAC-D549-46FC-B632-FF90FE8196F9}.Release|x64.Build.0 = Release|x64
		{4C387CAC-D549-46FC-B632-FF90FE8196F9}.Release|x86.ActiveCfg = Release|Win32
		{4C387CAC-D549-46FC-B632-FF90FE8196F9}.Release|x86.Build.0 = Release|Win32
		{DDEC5CCA-0907-4F8D-B9F7-3D103FDDFD62}.Debug|x64.ActiveCfg = Debug|x64
		{DDEC5CCA-0907-4F8D-B9F7-3D103FDDFD62}.Debug|x64.Build.0 = Debug|x64
		{DDEC5CCA-0907-4F8D-B9F7-3D103FDDFD62}.Debug|x86.ActiveCfg = Debug|Win32
		{DDEC5CCA-0907-4F8D-B9F7-3D103FDDFD62}.Debug|x86.Build.0 = Debug|Win32
		{DDEC5CCA-0907-4F8D-B9F7-3D103FDDFD62}.Release|x64.ActiveCfg = Release|x64
		{DDEC5CCA-0907-4F8D-B9F7-3D103FDDFD62}.Release|x64.Build.0 = Release|x64
		{DDEC5CCA-0907-4F8D-B9F7-3D103FDDFD62}.Release|x86.ActiveCfg = Release|Win32
		{DDEC5CCA-0907-4F8D-B9F7-3D103FDDFD62}.Release|x86.Build.0 = Release|Win32
		{9A0A0789-7361-4526-B4B5-2652F217E835}.Debug|x64.ActiveCfg = Debug|x64
		{9A0A0789-7361-4526-B4B5-2652F217E835}.Debug|x64.Build.0 = Debug|x64
		{9A0A0789-7361-4526-B4B5-2652F217E835}.Debug|x86.ActiveCfg = Debug|Win32
		{9A0A0789-7361-4526-B4B5-2652F217E835}.Debug|x86.Build.0 = Debug|Win32
		{9A0A0789-7361-4526-B4B5-2652F217E835}.Release|x64.ActiveCfg = Release|x64
		{9A0A0789-7361-4526-B4B5-2652F217E835}.Release|x64.Build.0 = Release|x64
		{9A0A0789-7361-4526-B4B5-2652F217E835}.Release|x86.ActiveCfg = Release|Win32
		{9A0A0789-7361-4526-B4B5-2652F217E835}.Release|x86.Build.0 = Release|Win32
		{B1B2C48C-E05E-451F-A017-049C81AB762E}.Debug|x64.ActiveCfg = Debug|x64
		{B1B2C48C-E05E-451F-A017-049C81AB762E}.Debug|x64.Build.0 = Debug|x64
		{B1B2C48C-E05E-451F-A017-049C81AB762E}.Debug|x86.ActiveCfg = Debug|Win32
		{B1B2C48C-E05E-451F-A017-049C81AB762E}.Debug|x86.Build.0 = Debug|Win32
		{B1B2C48C-E05E-451F-A017-049C81AB762E}.Release|x64.ActiveCfg = Release|x64
		{B1B2C48C-E05E-451F-A017-049C81AB762E}.Release|x64.Build.0 = Release|x64
		{B1B2C48C-E05E-451F-A017-049C81AB762E}.Release|x86.ActiveCfg = Release|Win32
		{B1B2C48C-E05E-451F-A017-049C81AB762E}.Release|x86.Build.0 = Release|Win32
		{142B2E1C-DC5B-4554-8F9E-5F6F8CDE3E2D}.Debug|x64.ActiveCfg = Debug|x64
		{142B2E1C-DC5B-4554-8F9E-5F6F8CDE3E2D}.Debug|x64.Build.0 = Debug|x64
		{142B2E1C-DC5B-4554-8F9E-5F6F8CDE3E2D}.Debug|x86.ActiveCfg = Debug|Win32
		{142B2E1C-DC5B-4554-8F9E-5F6F8CDE3E2D}.Debug|x86.Build.0 = Debug|Win32
		{142B2E1C-DC5B-4554-8F9E-5F6F8CDE3E2D}.Release|x64.ActiveCfg = Release|x64
		{142B2E1C-DC5B-4554-8F9E-5F6F8CDE3E2D}.Release|x64.Build.0 = Release|x64
		{142B2E1C-DC5B-4554-8F9E-5F6F8CDE3E2D}.Release|x86.ActiveCfg = Release|Win32
		{142B2E1C-DC5B-4554-8F9E-5F6F8CDE3E2D}.Release|x86.Build.0 = Release|Win32
		{B3BC2C95-3D4A-47EA-A753-2822E8F24A37}.Debug|x64.ActiveCfg = Debug|x64
		{B3BC2C95-3D4A-47EA-A753-2822E8F24A37}.Debug|x64.Build.0 = Debug|x64
		{B3BC2C95-3D4A-47EA-A753-2822E8F24A37}.Debug|x86.ActiveCfg = Debug|Win32
		{B3BC2C95-3D4A-47EA-A753-2822E8F24A37}.Debug|x86.Build.0 = Debug|Win32
		{B3BC2C95-3D4A-47EA-A753-2822E8F24A37}.Release|x64.ActiveCfg = Release|x64
		{B3BC2C95-3D4A-47EA-A753-2822E8F24A37}.Release|x64.Build.0 = Release|x64
		{B3BC2C95-3D4A-47EA-A753-2822E8F24A37}.Release|x86.ActiveCfg = Release|Win32
		{B3BC2C95-3D4A-47EA-A753-2822E8F24A37}.Release|x86.Build.0 = Release|Win32
		{50C026C3-2094-485B-A4F1-0ED5723831AC}.Debug|x64.ActiveCfg = Debug|x64
		{50C026C3-2094-485B-A4F1-0ED5723831AC}.Debug|x64.Build.0 = Debug|x64
		{50C026C3-2094-485B-A4F1-0ED5723831AC}.Debug|x86.ActiveCfg = Debug|Win32
		{50C026C3-2094-485B-A4F1-0ED5723831AC}.Debug|x86.Build.0 = Debug|Win32
		{50C026C3-2094-485B-A4F1-0ED5723831AC}.Release|x64.ActiveCfg = Release|x64
		{50C026C3-2094-485B-A4F1-0ED5723831AC}.Release|x64.Build.0 = Release|x64
		{50C026C3-2094-485B-A4F1-0ED5723831AC}.Release|x86.ActiveCfg = Release|Win32
		{50C026C3-2094-485B-A4F1-0ED5723831AC}.Release|x86.Build.0 = Release|Win32
		{CF893972-3CC6-4DFD-8E24-92CA28D23F87}.Debug|x64.ActiveCfg = Debug|x64
		{CF893972-3CC6-4DFD-8E24-92CA28D23F87}.Debug|x64.Build.0 = Debug|x64
		{CF893972-3CC6-4DFD-8E24-92CA28D23F87}.Debug|x86.ActiveCfg = Debug|Win32
		{CF893972-3CC6-4DFD-8E24-92CA28D23F87}.Debug|x86.Build.0 = Debug|Win32
		{CF893972-3CC6-4DFD-8E24-92CA28D23F87}.Release|x64.ActiveCfg = Release|x64
		{CF893972-3CC6-4DFD-8E24-92CA28D23F87}.Release|x64.Build.0 = Release|x64
		{CF893972-3CC6-4DFD-8E24-92CA28D23F87}.Release|x86.ActiveCfg = Release|Win32
		{CF893972-3CC6-4DFD-8E24-92CA28D23F87}.Release|x86.Build.0 = Release|Win32
		{F9967FD8-1B18-4F49-A2A8-503901B826B5}.Debug|x64.ActiveCfg = Debug|x64
		{F9967FD8-1B18-4F49-A2A8-503901B826B5}.Debug|x64.Build.0 = Debug|x64
		{F9967FD8-1B18-4F49-A2A8-503901B826B5}.Debug|x86.ActiveCfg = Debug|Win32
		{F9967FD8-1B18-4F49-A2A8-503901B826B5}.Debug|x86.Build.0 = Debug|Win32
		{F9967FD8-1B18-4F49-A2A8-503901B826B5}.Release|x64.ActiveCfg = Release|x64
		{F9967FD8-1B18-4F49-A2A8-503901B826B5}.Release|x64.Build.0 = Release|x64
		{F9967FD8-1B18-4F49-A2A8-503901B826B5}.Release|x86.ActiveCfg = Release|Win32
		{F9967FD8-1B18-4F49-A2A8-503901B826B5}.Release|x86.Build.0 = Release|Win32
		{88444EE6-3157-4FA7-9CF6-45E8275130CB}.Debug|x64.ActiveCfg = Debug|x64
		{88444EE6-3157-4FA7-9CF6-45E8275130CB}.Debug|x64.Build.0 = Debug|x64
		{88444EE6-3157-4FA7-9CF6-45E8275130CB}.Debug|x86.ActiveCfg = Debug|Win32
		{88444EE6-3157-4FA7-9CF6-45E8275130CB}.Debug|x86.Build.0 = Debug|Win32
		{88444EE6-3157-4FA7-9CF6-45E8275130CB}.Release|x64.ActiveCfg = Release|x64
		{88444EE6-3157-4FA7-9CF6-45E8275130CB}.Release|x64.Build.0 = Release|x64
		{88444EE6-3157-4FA7-9CF6-45E8275130CB}.Release|x86.ActiveCfg = Release|Win32
		{88444EE6-3157-4FA7-9CF6-45E8275130CB}.Release|x86.Build.0 = Release|Win32
		{55C921EF-EA0B-43A2-A328-1DF5E77EA27F}.Debug|x64.ActiveCfg = Debug|x64
		{55C921EF-EA0B-43A2-A328-1DF5E77EA27F}.Debug|x64.Build.0 = Debug|x64
		{55C921EF-EA0B-43A2-A328-1DF5E77EA27F}.Debug|x86.ActiveCfg = Debug|Win32
		{55C921EF-EA0B-43A2-A328-1DF5E77EA27F}.Debug|x86.Build.0 = Debug|Win32
		{55C921EF-EA0B-43A2-A328-1DF5E77EA27F}.Release|x64.ActiveCfg = Release|x64
		{55C921EF-EA0B-43A2-A328-1DF5E77EA27F}.Release|x64.Build.0 = Release|x64
		{55C921EF-EA0B-43A2-A328-1DF5E77EA27F}.Release|x86.ActiveCfg = Release|Win32
		{55C921EF-EA0B-43A2-A328-1DF5E77EA27F}.Release|x86.Build.0 = Release|Win32
		{D3E9945E-2B38-4F1D-B364-B51D5E798FE5}.Debug|x64.ActiveCfg = Debug|x64
		{D3E9945E-2B38-4F1D-B364-B51D5E798FE5}.Debug|x64.Build.0 = Debug|x64
		{D3E9945E-2B38-4F1D-B364-B51D5E798FE5}.Debug|x86.ActiveCfg = Debug|Win32
		{D3E9945E-2B38-4F1D-B364-B51D5E798FE5}.Debug|x86.Build.0 = Debug|Win32
		{D3E9945E-2B38-4F1D-B364-B51D5E798FE5}.Release|x64.ActiveCfg = Release|x64
		{D3E9945E-2B38-4F1D-B364-B51D5E798FE5}.Release|x64.Build.0 = Release|x64
		{D3E9945E-2B38-4F1D-B364-B51D5E798FE5}.Release|x86.ActiveCfg = Release|Win32
		{D3E9945E-2B38-4F1D-B364-B51D5E798FE5}.Release|x86.Build.0 = Release|Win32
		{75039EEE-83F9-4D52-A662-9CD281D8AF11}.Debug|x64.ActiveCfg = Debug|x64
		{75039EEE-83F9-4D52-A662-9CD281D8AF11}.Debug|x64.Build.0 = Debug|x64
		{75039EEE-83F9-4D52-A662-9CD281D8AF11}.Debug|x86.ActiveCfg = Debug|Win32
		{75039EEE-83F9-4D52-A662-9CD281D8AF11}.Debug|x86.Build.0 = Debug|Win32
		{75039EEE-83F9-4D52-A662-9CD281D8AF11}.Release|x64.ActiveCfg = Release|x64
		{75039EEE-83F9-4D52-A662-9CD281D8AF11}.Release|x64.Build.0 = Release|x64
		{75039EEE-83F9-4D52-A662-9CD281D8AF11}.Release|x86.ActiveCfg = Release|Win32
		{75039EEE-83F9-4D52-A662-9CD281D8AF11}.Release|x86.Build.0 = Release|Win32
		{5E241D3A-E46A-4FF0-A578-F345E68050B4}.Debug|x64.ActiveCfg = Debug|x64
		{5E241D3A-E46A-4FF0-A578-F345E68050B4}.Debug|x64.Build.0 = Debug|x64
		{5E241D3A-E46A-4FF0-A578-F345E68050B4}.Debug|x86.ActiveCfg = Debug|Win32
		{5E241D3A-E46A-4FF0-A578-F345E68050B4}.Debug|x86.Build.0 = Debug|Win32
		{5E241D3A-E46A-4FF0-A578-F345E68050B4}.Release|x64.ActiveCfg = Release|x64
		{5E241D3A-E46A-4FF0-A578-F345E68050B4}.Release|x64.Build.0 = Release|x64
		{5E241D3A-E46A-4FF0-A578-F345E68050B4}.Release|x86.ActiveCfg = Release|Win32
		{5E241D3A-E46A-4FF0-A578-F345E68050B4}.Release|x86.Build.0 = Release|Win32
		{581BB196-2046-4B6E-B494-C5E6B2F7A210}.Debug|x64.ActiveCfg = Debug|x64
		{581BB196-2046-4B6E-B494-C5E6B2F7A210}.Debug|x64.Build.0 = Debug|x64
		{581BB196-2046-4B6E-B494-C5E6B2F7A210}.Debug|x86.ActiveCfg = Debug|Win32
		{581BB196-2046-4B6E-B494-C5E6B2F7A210}.Debug|x86.Build.0 = Debug|Win32
		{581BB196-2046-4B6E-B494-C5E6B2F7A210}.Release|x64.ActiveCfg = Release|x64
		{581BB196-2046-4B6E-B494-C5E6B2F7A210}.Release|x64.Build.0 = Release|x64
		{581BB196-2046-4B6E-B494-C5E6B2F7A210}.Release|x86.ActiveCfg = Release|Win32
		{581BB196-2046-4B6E-B494-C5E6B2F7A210}.Release|x86.Build.0 = Release|Win32
		{6D171539-D85D-40FF-BFDC-4A8745ABA8E8}.Debug|x64.ActiveCfg = Debug|x64
		{6D171539-D85D-40FF-BFDC-4A8745ABA8E8}.Debug|x64.Build.0 = Debug|x64
		{6D171539-D85D-40FF-BFDC-4A8745ABA8E8}.Debug|x86.ActiveCfg = Debug|Win32
		{6D171539-D85D-40FF-BFDC-4A8745ABA8E8}.Debug|x86.Build.0 = Debug|Win32
		{6D171539-D85D-40FF-BFDC-4A8745ABA8E8}.Release|x64.ActiveCfg = Release|x64
		{6D171539-D85D-40FF-BFDC-4A8745ABA8E8}.Release|x64.Build.0 = Release|x64
		{6D171539-D85D-40FF-BFDC-4A8745ABA8E8}.Release|x86.ActiveCfg = Release|Win32
		{6D171539-D85D-40FF-BFDC-4A8745ABA8E8}.Release|x86.Build.0 = Release|Win32
		{07EDABCD-29CA-4A37-9316-77B1A11C76A4}.Debug|x64.ActiveCfg = Debug|x64
		{07EDABCD-29CA-4A37-9316-77B1A11C76A4}.Debug|x64.Build.0 = Debug|x64
		{07EDABCD-29CA-4A37-9316-77B1A11C76A4}.Debug|x86.ActiveCfg = Debug|Win32
		{07EDABCD-29CA-4A37-9316-77B1A11C76A4}.Debug|x86.Build.0 = Debug|Win32
		{07EDABCD-29CA-4A37-9316-77B1A11C76A4}.Release|x64.ActiveCfg = Release|x64
		{07EDABCD-29CA-4A37-9316-77B1A11C76A4}.Release|x64.Build.0 = Release|x64
		{07EDABCD-29CA-4A37-9316-77B1A11C76A4}.Release|x86.ActiveCfg = Release|Win32
		{07EDABCD-29CA-4A37-9316-77B1A11C76A4}.Release|x86.Build.0 = Release|Win32
	EndGlobalSection
	GlobalSection(SolutionProperties) = preSolution
		HideSolutionNode = FALSE
	EndGlobalSection
	GlobalSection(NestedProjects) = preSolution
		{D7DBC321-9A33-45C3-BB09-4C37B387C2FF} = {F2B109B8-8B8F-4056-880C-F13481CD3279}
		{540114A5-9D28-4D1B-A320-C29C1BBECEB3} = {F2B109B8-8B8F-4056-880C-F13481CD3279}
		{F2B109B8-8B8F-4056-880C-F13481CD3279} = {07ACC91A-427E-4D96-8352-D48786AD3D28}
		{B0E0C06D-8976-4FC6-9C19-1A355D7C6E6B} = {F2B109B8-8B8F-4056-880C-F13481CD3279}
		{BB65E842-CD64-4DFF-894A-A6A1312D01A6} = {F2B109B8-8B8F-4056-880C-F13481CD3279}
		{4B9B8F00-13B1-4E89-977E-716AC49315CF} = {F2B109B8-8B8F-4056-880C-F13481CD3279}
		{8C5FA785-54C2-4E3E-835F-C7BDF23FCC7E} = {F2B109B8-8B8F-4056-880C-F13481CD3279}
		{96B8E54C-A9F3-4A6E-9D8A-85ED9EC063CE} = {07ACC91A-427E-4D96-8352-D48786AD3D28}
		{4C387CAC-D549-46FC-B632-FF90FE8196F9} = {96B8E54C-A9F3-4A6E-9D8A-85ED9EC063CE}
		{DDEC5CCA-0907-4F8D-B9F7-3D103FDDFD62} = {96B8E54C-A9F3-4A6E-9D8A-85ED9EC063CE}
		{9A0A0789-7361-4526-B4B5-2652F217E835} = {96B8E54C-A9F3-4A6E-9D8A-85ED9EC063CE}
		{FF5BE09E-3C0C-41D7-9195-DA297B58ACEF} = {07ACC91A-427E-4D96-8352-D48786AD3D28}
		{B1B2C48C-E05E-451F-A017-049C81AB762E} = {FF5BE09E-3C0C-41D7-9195-DA297B58ACEF}
		{142B2E1C-DC5B-4554-8F9E-5F6F8CDE3E2D} = {96B8E54C-A9F3-4A6E-9D8A-85ED9EC063CE}
		{B3BC2C95-3D4A-47EA-A753-2822E8F24A37} = {F2B109B8-8B8F-4056-880C-F13481CD3279}
		{50C026C3-2094-485B-A4F1-0ED5723831AC} = {F2B109B8-8B8F-4056-880C-F13481CD3279}
		{2BA5FD4D-CEA4-4AF0-A478-2EE281567602} = {07ACC91A-427E-4D96-8352-D48786AD3D28}
		{CF893972-3CC6-4DFD-8E24-92CA28D23F87} = {2BA5FD4D-CEA4-4AF0-A478-2EE281567602}
		{F9967FD8-1B18-4F49-A2A8-503901B826B5} = {2BA5FD4D-CEA4-4AF0-A478-2EE281567602}
		{88444EE6-3157-4FA7-9CF6-45E8275130CB} = {2BA5FD4D-CEA4-4AF0-A478-2EE281567602}
		{55C921EF-EA0B-43A2-A328-1DF5E77EA27F} = {B8EA6385-0371-4EB1-B112-24764A4D9257}
		{D3E9945E-2B38-4F1D-B364-B51D5E798FE5} = {B8EA6385-0371-4EB1-B112-24764A4D9257}
		{75039EEE-83F9-4D52-A662-9CD281D8AF11} = {B8EA6385-0371-4EB1-B112-24764A4D9257}
		{581BB196-2046-4B6E-B494-C5E6B2F7A210} = {B8EA6385-0371-4EB1-B112-24764A4D9257}
		{6D171539-D85D-40FF-BFDC-4A8745ABA8E8} = {B8EA6385-0371-4EB1-B112-24764A4D9257}
		{07EDABCD-29CA-4A37-9316-77B1A11C76A4} = {B8EA6385-0371-4EB1-B112-24764A4D9257}
	EndGlobalSection
	GlobalSection(ExtensibilityGlobals) = postSolution
		SolutionGuid = {79E7C954-BD15-430C-A652-75E294D7190B}
	EndGlobalSection
EndGlobal
