<?xml version="1.0" encoding="utf-8"?>
<Project ToolsVersion="4.0" xmlns="http://schemas.microsoft.com/developer/msbuild/2003">
  <ItemGroup>
    <ClCompile Include="Sample.cpp" />
    <ClCompile Include="TIntroWorld.cpp" />
    <ClCompile Include="TLoginWorld.cpp" />
    <ClCompile Include="TObjectNpc2D.cpp" />
    <ClCompile Include="TPlayerObj2D.cpp" />
    <ClCompile Include="TUIObject.cpp" />
    <ClCompile Include="TZoneWorld.cpp" />
    <ClCompile Include="TSprite.cpp">
      <Filter>Sprite</Filter>
    </ClCompile>
    <ClCompile Include="TEffectObj.cpp" />
  </ItemGroup>
  <ItemGroup>
    <ClInclude Include="Sample.h" />
    <ClInclude Include="TIntroWorld.h" />
    <ClInclude Include="TLoginWorld.h" />
    <ClInclude Include="TObjectNpc2D.h" />
    <ClInclude Include="TPlayerObj2D.h" />
    <ClInclude Include="TUIObject.h" />
    <ClInclude Include="TZoneWorld.h" />
    <ClInclude Include="TSprite.h">
      <Filter>Sprite</Filter>
    </ClInclude>
    <ClInclude Include="TEffectObj.h" />
  </ItemGroup>
  <ItemGroup>
    <Text Include="..\..\data\shader\DefaultUI.txt" />
    <Text Include="PixelShader.txt" />
    <Text Include="player.txt" />
    <Text Include="Shader.txt" />
    <Text Include="VertexShader.txt" />
    <Text Include="SpriteData.txt">
      <Filter>Sprite</Filter>
    </Text>
  </ItemGroup>
  <ItemGroup>
    <Filter Include="Sprite">
      <UniqueIdentifier>{d3113b01-6a4c-4875-a08b-378f5c3ac4dd}</UniqueIdentifier>
    </Filter>
  </ItemGroup>
</Project>